// !$*UTF8*$!
{
	archiveVersion = 1;
	classes = {
	};
	objectVersion = 52;
	objects = {

/* Begin PBXBuildFile section */
		F7235F6A255E64E900A8A224 /* CodeScanner in Frameworks */ = {isa = PBXBuildFile; productRef = F7235F69255E64E900A8A224 /* CodeScanner */; };
		F748CEEA25591839001C9BE2 /* HotProspectsApp.swift in Sources */ = {isa = PBXBuildFile; fileRef = F748CEE925591839001C9BE2 /* HotProspectsApp.swift */; };
		F748CEEC25591839001C9BE2 /* ContentView.swift in Sources */ = {isa = PBXBuildFile; fileRef = F748CEEB25591839001C9BE2 /* ContentView.swift */; };
		F748CEEE2559183A001C9BE2 /* Assets.xcassets in Resources */ = {isa = PBXBuildFile; fileRef = F748CEED2559183A001C9BE2 /* Assets.xcassets */; };
		F748CEF12559183A001C9BE2 /* Preview Assets.xcassets in Resources */ = {isa = PBXBuildFile; fileRef = F748CEF02559183A001C9BE2 /* Preview Assets.xcassets */; };
		F748CEFA25591A02001C9BE2 /* EditDisplayView.swift in Sources */ = {isa = PBXBuildFile; fileRef = F748CEF925591A02001C9BE2 /* EditDisplayView.swift */; };
		F774BD25255A63CA00209ECA /* MainTabView.swift in Sources */ = {isa = PBXBuildFile; fileRef = F774BD24255A63CA00209ECA /* MainTabView.swift */; };
		F774BD29255A67DD00209ECA /* DelayedObserverView.swift in Sources */ = {isa = PBXBuildFile; fileRef = F774BD28255A67DD00209ECA /* DelayedObserverView.swift */; };
		F774BD2C255A692A00209ECA /* ImageInterpolationView.swift in Sources */ = {isa = PBXBuildFile; fileRef = F774BD2B255A692A00209ECA /* ImageInterpolationView.swift */; };
		F7E9D487255D08D00013F40D /* MeView.swift in Sources */ = {isa = PBXBuildFile; fileRef = F7E9D486255D08D00013F40D /* MeView.swift */; };
		F7E9D48B255D08D90013F40D /* ProspectsView.swift in Sources */ = {isa = PBXBuildFile; fileRef = F7E9D48A255D08D90013F40D /* ProspectsView.swift */; };
		F7E9D48F255D0A5B0013F40D /* Prospect.swift in Sources */ = {isa = PBXBuildFile; fileRef = F7E9D48E255D0A5B0013F40D /* Prospect.swift */; };
		F7FCD67D255B9CB8005C177A /* ContextMenuView.swift in Sources */ = {isa = PBXBuildFile; fileRef = F7FCD67C255B9CB8005C177A /* ContextMenuView.swift */; };
		F7FCD680255B9E1E005C177A /* NotificationView.swift in Sources */ = {isa = PBXBuildFile; fileRef = F7FCD67F255B9E1E005C177A /* NotificationView.swift */; };
		F7FCD684255B9EDE005C177A /* SamplePackage in Frameworks */ = {isa = PBXBuildFile; productRef = F7FCD683255B9EDE005C177A /* SamplePackage */; };
		F7FCD687255B9F95005C177A /* RandomView.swift in Sources */ = {isa = PBXBuildFile; fileRef = F7FCD686255B9F95005C177A /* RandomView.swift */; };
/* End PBXBuildFile section */

/* Begin PBXFileReference section */
		F748CEE625591839001C9BE2 /* HotProspects.app */ = {isa = PBXFileReference; explicitFileType = wrapper.application; includeInIndex = 0; path = HotProspects.app; sourceTree = BUILT_PRODUCTS_DIR; };
		F748CEE925591839001C9BE2 /* HotProspectsApp.swift */ = {isa = PBXFileReference; lastKnownFileType = sourcecode.swift; path = HotProspectsApp.swift; sourceTree = "<group>"; };
		F748CEEB25591839001C9BE2 /* ContentView.swift */ = {isa = PBXFileReference; lastKnownFileType = sourcecode.swift; path = ContentView.swift; sourceTree = "<group>"; };
		F748CEED2559183A001C9BE2 /* Assets.xcassets */ = {isa = PBXFileReference; lastKnownFileType = folder.assetcatalog; path = Assets.xcassets; sourceTree = "<group>"; };
		F748CEF02559183A001C9BE2 /* Preview Assets.xcassets */ = {isa = PBXFileReference; lastKnownFileType = folder.assetcatalog; path = "Preview Assets.xcassets"; sourceTree = "<group>"; };
		F748CEF22559183A001C9BE2 /* Info.plist */ = {isa = PBXFileReference; lastKnownFileType = text.plist.xml; path = Info.plist; sourceTree = "<group>"; };
		F748CEF925591A02001C9BE2 /* EditDisplayView.swift */ = {isa = PBXFileReference; lastKnownFileType = sourcecode.swift; path = EditDisplayView.swift; sourceTree = "<group>"; };
		F774BD24255A63CA00209ECA /* MainTabView.swift */ = {isa = PBXFileReference; lastKnownFileType = sourcecode.swift; path = MainTabView.swift; sourceTree = "<group>"; };
		F774BD28255A67DD00209ECA /* DelayedObserverView.swift */ = {isa = PBXFileReference; lastKnownFileType = sourcecode.swift; path = DelayedObserverView.swift; sourceTree = "<group>"; };
		F774BD2B255A692A00209ECA /* ImageInterpolationView.swift */ = {isa = PBXFileReference; lastKnownFileType = sourcecode.swift; path = ImageInterpolationView.swift; sourceTree = "<group>"; };
		F7E9D486255D08D00013F40D /* MeView.swift */ = {isa = PBXFileReference; lastKnownFileType = sourcecode.swift; path = MeView.swift; sourceTree = "<group>"; };
		F7E9D48A255D08D90013F40D /* ProspectsView.swift */ = {isa = PBXFileReference; lastKnownFileType = sourcecode.swift; path = ProspectsView.swift; sourceTree = "<group>"; };
		F7E9D48E255D0A5B0013F40D /* Prospect.swift */ = {isa = PBXFileReference; lastKnownFileType = sourcecode.swift; path = Prospect.swift; sourceTree = "<group>"; };
		F7FCD67C255B9CB8005C177A /* ContextMenuView.swift */ = {isa = PBXFileReference; lastKnownFileType = sourcecode.swift; path = ContextMenuView.swift; sourceTree = "<group>"; };
		F7FCD67F255B9E1E005C177A /* NotificationView.swift */ = {isa = PBXFileReference; lastKnownFileType = sourcecode.swift; path = NotificationView.swift; sourceTree = "<group>"; };
		F7FCD686255B9F95005C177A /* RandomView.swift */ = {isa = PBXFileReference; lastKnownFileType = sourcecode.swift; path = RandomView.swift; sourceTree = "<group>"; };
/* End PBXFileReference section */

/* Begin PBXFrameworksBuildPhase section */
		F748CEE325591839001C9BE2 /* Frameworks */ = {
			isa = PBXFrameworksBuildPhase;
			buildActionMask = 2147483647;
			files = (
				F7235F6A255E64E900A8A224 /* CodeScanner in Frameworks */,
				F7FCD684255B9EDE005C177A /* SamplePackage in Frameworks */,
			);
			runOnlyForDeploymentPostprocessing = 0;
		};
/* End PBXFrameworksBuildPhase section */

/* Begin PBXGroup section */
		F748CEDD25591839001C9BE2 = {
			isa = PBXGroup;
			children = (
				F748CEE825591839001C9BE2 /* HotProspects */,
				F748CEE725591839001C9BE2 /* Products */,
			);
			sourceTree = "<group>";
		};
		F748CEE725591839001C9BE2 /* Products */ = {
			isa = PBXGroup;
			children = (
				F748CEE625591839001C9BE2 /* HotProspects.app */,
			);
			name = Products;
			sourceTree = "<group>";
		};
		F748CEE825591839001C9BE2 /* HotProspects */ = {
			isa = PBXGroup;
			children = (
				F748CEE925591839001C9BE2 /* HotProspectsApp.swift */,
				F748CEEB25591839001C9BE2 /* ContentView.swift */,
				F7E9D48E255D0A5B0013F40D /* Prospect.swift */,
				F7E9D486255D08D00013F40D /* MeView.swift */,
				F7E9D48A255D08D90013F40D /* ProspectsView.swift */,
				F7E9D485255D08BE0013F40D /* Views */,
				F748CEED2559183A001C9BE2 /* Assets.xcassets */,
				F748CEF22559183A001C9BE2 /* Info.plist */,
				F748CEEF2559183A001C9BE2 /* Preview Content */,
			);
			path = HotProspects;
			sourceTree = "<group>";
		};
		F748CEEF2559183A001C9BE2 /* Preview Content */ = {
			isa = PBXGroup;
			children = (
				F748CEF02559183A001C9BE2 /* Preview Assets.xcassets */,
			);
			path = "Preview Content";
			sourceTree = "<group>";
		};
		F7E9D485255D08BE0013F40D /* Views */ = {
			isa = PBXGroup;
			children = (
				F7FCD686255B9F95005C177A /* RandomView.swift */,
				F774BD2B255A692A00209ECA /* ImageInterpolationView.swift */,
				F774BD28255A67DD00209ECA /* DelayedObserverView.swift */,
				F748CEF925591A02001C9BE2 /* EditDisplayView.swift */,
				F774BD24255A63CA00209ECA /* MainTabView.swift */,
				F7FCD67C255B9CB8005C177A /* ContextMenuView.swift */,
				F7FCD67F255B9E1E005C177A /* NotificationView.swift */,
			);
			path = Views;
			sourceTree = "<group>";
		};
/* End PBXGroup section */

/* Begin PBXNativeTarget section */
		F748CEE525591839001C9BE2 /* HotProspects */ = {
			isa = PBXNativeTarget;
			buildConfigurationList = F748CEF52559183A001C9BE2 /* Build configuration list for PBXNativeTarget "HotProspects" */;
			buildPhases = (
				F748CEE225591839001C9BE2 /* Sources */,
				F748CEE325591839001C9BE2 /* Frameworks */,
				F748CEE425591839001C9BE2 /* Resources */,
			);
			buildRules = (
			);
			dependencies = (
			);
			name = HotProspects;
			packageProductDependencies = (
				F7FCD683255B9EDE005C177A /* SamplePackage */,
				F7235F69255E64E900A8A224 /* CodeScanner */,
			);
			productName = HotProspects;
			productReference = F748CEE625591839001C9BE2 /* HotProspects.app */;
			productType = "com.apple.product-type.application";
		};
/* End PBXNativeTarget section */

/* Begin PBXProject section */
		F748CEDE25591839001C9BE2 /* Project object */ = {
			isa = PBXProject;
			attributes = {
				LastSwiftUpdateCheck = 1210;
				LastUpgradeCheck = 1210;
				TargetAttributes = {
					F748CEE525591839001C9BE2 = {
						CreatedOnToolsVersion = 12.1;
					};
				};
			};
			buildConfigurationList = F748CEE125591839001C9BE2 /* Build configuration list for PBXProject "HotProspects" */;
			compatibilityVersion = "Xcode 9.3";
			developmentRegion = en;
			hasScannedForEncodings = 0;
			knownRegions = (
				en,
				Base,
			);
			mainGroup = F748CEDD25591839001C9BE2;
			packageReferences = (
				F7FCD682255B9EDE005C177A /* XCRemoteSwiftPackageReference "SamplePackage" */,
				F7235F68255E64E900A8A224 /* XCRemoteSwiftPackageReference "CodeScanner" */,
			);
			productRefGroup = F748CEE725591839001C9BE2 /* Products */;
			projectDirPath = "";
			projectRoot = "";
			targets = (
				F748CEE525591839001C9BE2 /* HotProspects */,
			);
		};
/* End PBXProject section */

/* Begin PBXResourcesBuildPhase section */
		F748CEE425591839001C9BE2 /* Resources */ = {
			isa = PBXResourcesBuildPhase;
			buildActionMask = 2147483647;
			files = (
				F748CEF12559183A001C9BE2 /* Preview Assets.xcassets in Resources */,
				F748CEEE2559183A001C9BE2 /* Assets.xcassets in Resources */,
			);
			runOnlyForDeploymentPostprocessing = 0;
		};
/* End PBXResourcesBuildPhase section */

/* Begin PBXSourcesBuildPhase section */
		F748CEE225591839001C9BE2 /* Sources */ = {
			isa = PBXSourcesBuildPhase;
			buildActionMask = 2147483647;
			files = (
				F7FCD687255B9F95005C177A /* RandomView.swift in Sources */,
				F7E9D48F255D0A5B0013F40D /* Prospect.swift in Sources */,
				F748CEEC25591839001C9BE2 /* ContentView.swift in Sources */,
				F748CEFA25591A02001C9BE2 /* EditDisplayView.swift in Sources */,
				F774BD25255A63CA00209ECA /* MainTabView.swift in Sources */,
				F7E9D487255D08D00013F40D /* MeView.swift in Sources */,
				F7FCD680255B9E1E005C177A /* NotificationView.swift in Sources */,
				F774BD2C255A692A00209ECA /* ImageInterpolationView.swift in Sources */,
				F748CEEA25591839001C9BE2 /* HotProspectsApp.swift in Sources */,
				F774BD29255A67DD00209ECA /* DelayedObserverView.swift in Sources */,
				F7E9D48B255D08D90013F40D /* ProspectsView.swift in Sources */,
				F7FCD67D255B9CB8005C177A /* ContextMenuView.swift in Sources */,
			);
			runOnlyForDeploymentPostprocessing = 0;
		};
/* End PBXSourcesBuildPhase section */

/* Begin XCBuildConfiguration section */
		F748CEF32559183A001C9BE2 /* Debug */ = {
			isa = XCBuildConfiguration;
			buildSettings = {
				ALWAYS_SEARCH_USER_PATHS = NO;
				CLANG_ANALYZER_NONNULL = YES;
				CLANG_ANALYZER_NUMBER_OBJECT_CONVERSION = YES_AGGRESSIVE;
				CLANG_CXX_LANGUAGE_STANDARD = "gnu++14";
				CLANG_CXX_LIBRARY = "libc++";
				CLANG_ENABLE_MODULES = YES;
				CLANG_ENABLE_OBJC_ARC = YES;
				CLANG_ENABLE_OBJC_WEAK = YES;
				CLANG_WARN_BLOCK_CAPTURE_AUTORELEASING = YES;
				CLANG_WARN_BOOL_CONVERSION = YES;
				CLANG_WARN_COMMA = YES;
				CLANG_WARN_CONSTANT_CONVERSION = YES;
				CLANG_WARN_DEPRECATED_OBJC_IMPLEMENTATIONS = YES;
				CLANG_WARN_DIRECT_OBJC_ISA_USAGE = YES_ERROR;
				CLANG_WARN_DOCUMENTATION_COMMENTS = YES;
				CLANG_WARN_EMPTY_BODY = YES;
				CLANG_WARN_ENUM_CONVERSION = YES;
				CLANG_WARN_INFINITE_RECURSION = YES;
				CLANG_WARN_INT_CONVERSION = YES;
				CLANG_WARN_NON_LITERAL_NULL_CONVERSION = YES;
				CLANG_WARN_OBJC_IMPLICIT_RETAIN_SELF = YES;
				CLANG_WARN_OBJC_LITERAL_CONVERSION = YES;
				CLANG_WARN_OBJC_ROOT_CLASS = YES_ERROR;
				CLANG_WARN_QUOTED_INCLUDE_IN_FRAMEWORK_HEADER = YES;
				CLANG_WARN_RANGE_LOOP_ANALYSIS = YES;
				CLANG_WARN_STRICT_PROTOTYPES = YES;
				CLANG_WARN_SUSPICIOUS_MOVE = YES;
				CLANG_WARN_UNGUARDED_AVAILABILITY = YES_AGGRESSIVE;
				CLANG_WARN_UNREACHABLE_CODE = YES;
				CLANG_WARN__DUPLICATE_METHOD_MATCH = YES;
				COPY_PHASE_STRIP = NO;
				DEBUG_INFORMATION_FORMAT = dwarf;
				ENABLE_STRICT_OBJC_MSGSEND = YES;
				ENABLE_TESTABILITY = YES;
				GCC_C_LANGUAGE_STANDARD = gnu11;
				GCC_DYNAMIC_NO_PIC = NO;
				GCC_NO_COMMON_BLOCKS = YES;
				GCC_OPTIMIZATION_LEVEL = 0;
				GCC_PREPROCESSOR_DEFINITIONS = (
					"DEBUG=1",
					"$(inherited)",
				);
				GCC_WARN_64_TO_32_BIT_CONVERSION = YES;
				GCC_WARN_ABOUT_RETURN_TYPE = YES_ERROR;
				GCC_WARN_UNDECLARED_SELECTOR = YES;
				GCC_WARN_UNINITIALIZED_AUTOS = YES_AGGRESSIVE;
				GCC_WARN_UNUSED_FUNCTION = YES;
				GCC_WARN_UNUSED_VARIABLE = YES;
				IPHONEOS_DEPLOYMENT_TARGET = 14.1;
				MTL_ENABLE_DEBUG_INFO = INCLUDE_SOURCE;
				MTL_FAST_MATH = YES;
				ONLY_ACTIVE_ARCH = YES;
				SDKROOT = iphoneos;
				SWIFT_ACTIVE_COMPILATION_CONDITIONS = DEBUG;
				SWIFT_OPTIMIZATION_LEVEL = "-Onone";
			};
			name = Debug;
		};
		F748CEF42559183A001C9BE2 /* Release */ = {
			isa = XCBuildConfiguration;
			buildSettings = {
				ALWAYS_SEARCH_USER_PATHS = NO;
				CLANG_ANALYZER_NONNULL = YES;
				CLANG_ANALYZER_NUMBER_OBJECT_CONVERSION = YES_AGGRESSIVE;
				CLANG_CXX_LANGUAGE_STANDARD = "gnu++14";
				CLANG_CXX_LIBRARY = "libc++";
				CLANG_ENABLE_MODULES = YES;
				CLANG_ENABLE_OBJC_ARC = YES;
				CLANG_ENABLE_OBJC_WEAK = YES;
				CLANG_WARN_BLOCK_CAPTURE_AUTORELEASING = YES;
				CLANG_WARN_BOOL_CONVERSION = YES;
				CLANG_WARN_COMMA = YES;
				CLANG_WARN_CONSTANT_CONVERSION = YES;
				CLANG_WARN_DEPRECATED_OBJC_IMPLEMENTATIONS = YES;
				CLANG_WARN_DIRECT_OBJC_ISA_USAGE = YES_ERROR;
				CLANG_WARN_DOCUMENTATION_COMMENTS = YES;
				CLANG_WARN_EMPTY_BODY = YES;
				CLANG_WARN_ENUM_CONVERSION = YES;
				CLANG_WARN_INFINITE_RECURSION = YES;
				CLANG_WARN_INT_CONVERSION = YES;
				CLANG_WARN_NON_LITERAL_NULL_CONVERSION = YES;
				CLANG_WARN_OBJC_IMPLICIT_RETAIN_SELF = YES;
				CLANG_WARN_OBJC_LITERAL_CONVERSION = YES;
				CLANG_WARN_OBJC_ROOT_CLASS = YES_ERROR;
				CLANG_WARN_QUOTED_INCLUDE_IN_FRAMEWORK_HEADER = YES;
				CLANG_WARN_RANGE_LOOP_ANALYSIS = YES;
				CLANG_WARN_STRICT_PROTOTYPES = YES;
				CLANG_WARN_SUSPICIOUS_MOVE = YES;
				CLANG_WARN_UNGUARDED_AVAILABILITY = YES_AGGRESSIVE;
				CLANG_WARN_UNREACHABLE_CODE = YES;
				CLANG_WARN__DUPLICATE_METHOD_MATCH = YES;
				COPY_PHASE_STRIP = NO;
				DEBUG_INFORMATION_FORMAT = "dwarf-with-dsym";
				ENABLE_NS_ASSERTIONS = NO;
				ENABLE_STRICT_OBJC_MSGSEND = YES;
				GCC_C_LANGUAGE_STANDARD = gnu11;
				GCC_NO_COMMON_BLOCKS = YES;
				GCC_WARN_64_TO_32_BIT_CONVERSION = YES;
				GCC_WARN_ABOUT_RETURN_TYPE = YES_ERROR;
				GCC_WARN_UNDECLARED_SELECTOR = YES;
				GCC_WARN_UNINITIALIZED_AUTOS = YES_AGGRESSIVE;
				GCC_WARN_UNUSED_FUNCTION = YES;
				GCC_WARN_UNUSED_VARIABLE = YES;
				IPHONEOS_DEPLOYMENT_TARGET = 14.1;
				MTL_ENABLE_DEBUG_INFO = NO;
				MTL_FAST_MATH = YES;
				SDKROOT = iphoneos;
				SWIFT_COMPILATION_MODE = wholemodule;
				SWIFT_OPTIMIZATION_LEVEL = "-O";
				VALIDATE_PRODUCT = YES;
			};
			name = Release;
		};
		F748CEF62559183A001C9BE2 /* Debug */ = {
			isa = XCBuildConfiguration;
			buildSettings = {
				ASSETCATALOG_COMPILER_APPICON_NAME = AppIcon;
				ASSETCATALOG_COMPILER_GLOBAL_ACCENT_COLOR_NAME = AccentColor;
				CODE_SIGN_STYLE = Automatic;
				DEVELOPMENT_ASSET_PATHS = "\"HotProspects/Preview Content\"";
				DEVELOPMENT_TEAM = 42L6GB6DU6;
				ENABLE_PREVIEWS = YES;
				INFOPLIST_FILE = HotProspects/Info.plist;
				IPHONEOS_DEPLOYMENT_TARGET = 14.0;
				LD_RUNPATH_SEARCH_PATHS = (
					"$(inherited)",
					"@executable_path/Frameworks",
				);
				PRODUCT_BUNDLE_IDENTIFIER = com.rdan.HotProspects;
				PRODUCT_NAME = "$(TARGET_NAME)";
				SWIFT_VERSION = 5.0;
				TARGETED_DEVICE_FAMILY = "1,2";
			};
			name = Debug;
		};
		F748CEF72559183A001C9BE2 /* Release */ = {
			isa = XCBuildConfiguration;
			buildSettings = {
				ASSETCATALOG_COMPILER_APPICON_NAME = AppIcon;
				ASSETCATALOG_COMPILER_GLOBAL_ACCENT_COLOR_NAME = AccentColor;
				CODE_SIGN_STYLE = Automatic;
				DEVELOPMENT_ASSET_PATHS = "\"HotProspects/Preview Content\"";
				DEVELOPMENT_TEAM = 42L6GB6DU6;
				ENABLE_PREVIEWS = YES;
				INFOPLIST_FILE = HotProspects/Info.plist;
				IPHONEOS_DEPLOYMENT_TARGET = 14.0;
				LD_RUNPATH_SEARCH_PATHS = (
					"$(inherited)",
					"@executable_path/Frameworks",
				);
				PRODUCT_BUNDLE_IDENTIFIER = com.rdan.HotProspects;
				PRODUCT_NAME = "$(TARGET_NAME)";
				SWIFT_VERSION = 5.0;
				TARGETED_DEVICE_FAMILY = "1,2";
			};
			name = Release;
		};
/* End XCBuildConfiguration section */

/* Begin XCConfigurationList section */
		F748CEE125591839001C9BE2 /* Build configuration list for PBXProject "HotProspects" */ = {
			isa = XCConfigurationList;
			buildConfigurations = (
				F748CEF32559183A001C9BE2 /* Debug */,
				F748CEF42559183A001C9BE2 /* Release */,
			);
			defaultConfigurationIsVisible = 0;
			defaultConfigurationName = Release;
		};
		F748CEF52559183A001C9BE2 /* Build configuration list for PBXNativeTarget "HotProspects" */ = {
			isa = XCConfigurationList;
			buildConfigurations = (
				F748CEF62559183A001C9BE2 /* Debug */,
				F748CEF72559183A001C9BE2 /* Release */,
			);
			defaultConfigurationIsVisible = 0;
			defaultConfigurationName = Release;
		};
/* End XCConfigurationList section */

/* Begin XCRemoteSwiftPackageReference section */
		F7235F68255E64E900A8A224 /* XCRemoteSwiftPackageReference "CodeScanner" */ = {
			isa = XCRemoteSwiftPackageReference;
			repositoryURL = "https://github.com/twostraws/CodeScanner";
			requirement = {
				kind = upToNextMajorVersion;
				minimumVersion = 1.0.7;
			};
		};
		F7FCD682255B9EDE005C177A /* XCRemoteSwiftPackageReference "SamplePackage" */ = {
			isa = XCRemoteSwiftPackageReference;
			repositoryURL = "https://github.com/twostraws/SamplePackage";
			requirement = {
				kind = upToNextMajorVersion;
				minimumVersion = 1.0.0;
			};
		};
/* End XCRemoteSwiftPackageReference section */

/* Begin XCSwiftPackageProductDependency section */
		F7235F69255E64E900A8A224 /* CodeScanner */ = {
			isa = XCSwiftPackageProductDependency;
			package = F7235F68255E64E900A8A224 /* XCRemoteSwiftPackageReference "CodeScanner" */;
			productName = CodeScanner;
		};
		F7FCD683255B9EDE005C177A /* SamplePackage */ = {
			isa = XCSwiftPackageProductDependency;
			package = F7FCD682255B9EDE005C177A /* XCRemoteSwiftPackageReference "SamplePackage" */;
			productName = SamplePackage;
		};
/* End XCSwiftPackageProductDependency section */
	};
	rootObject = F748CEDE25591839001C9BE2 /* Project object */;
}
