// !$*UTF8*$!
{
	archiveVersion = 1;
	classes = {
	};
	objectVersion = 50;
	objects = {

/* Begin PBXBuildFile section */
		F744135D24D92F0A00C0A668 /* AppDelegate.swift in Sources */ = {isa = PBXBuildFile; fileRef = F744135C24D92F0A00C0A668 /* AppDelegate.swift */; };
		F744135F24D92F0A00C0A668 /* SceneDelegate.swift in Sources */ = {isa = PBXBuildFile; fileRef = F744135E24D92F0A00C0A668 /* SceneDelegate.swift */; };
		F744136124D92F0A00C0A668 /* ContentView.swift in Sources */ = {isa = PBXBuildFile; fileRef = F744136024D92F0A00C0A668 /* ContentView.swift */; };
		F744136324D92F0B00C0A668 /* Assets.xcassets in Resources */ = {isa = PBXBuildFile; fileRef = F744136224D92F0B00C0A668 /* Assets.xcassets */; };
		F744136624D92F0B00C0A668 /* Preview Assets.xcassets in Resources */ = {isa = PBXBuildFile; fileRef = F744136524D92F0B00C0A668 /* Preview Assets.xcassets */; };
		F744136924D92F0B00C0A668 /* LaunchScreen.storyboard in Resources */ = {isa = PBXBuildFile; fileRef = F744136724D92F0B00C0A668 /* LaunchScreen.storyboard */; };
		F744137124D9301400C0A668 /* Habit.swift in Sources */ = {isa = PBXBuildFile; fileRef = F744137024D9301400C0A668 /* Habit.swift */; };
		F744137324D931CA00C0A668 /* HabitAddView.swift in Sources */ = {isa = PBXBuildFile; fileRef = F744137224D931CA00C0A668 /* HabitAddView.swift */; };
		F744137524D9363B00C0A668 /* HabitDetailView.swift in Sources */ = {isa = PBXBuildFile; fileRef = F744137424D9363B00C0A668 /* HabitDetailView.swift */; };
/* End PBXBuildFile section */

/* Begin PBXFileReference section */
		F744135924D92F0A00C0A668 /* HabitTracker.app */ = {isa = PBXFileReference; explicitFileType = wrapper.application; includeInIndex = 0; path = HabitTracker.app; sourceTree = BUILT_PRODUCTS_DIR; };
		F744135C24D92F0A00C0A668 /* AppDelegate.swift */ = {isa = PBXFileReference; lastKnownFileType = sourcecode.swift; path = AppDelegate.swift; sourceTree = "<group>"; };
		F744135E24D92F0A00C0A668 /* SceneDelegate.swift */ = {isa = PBXFileReference; lastKnownFileType = sourcecode.swift; path = SceneDelegate.swift; sourceTree = "<group>"; };
		F744136024D92F0A00C0A668 /* ContentView.swift */ = {isa = PBXFileReference; lastKnownFileType = sourcecode.swift; path = ContentView.swift; sourceTree = "<group>"; };
		F744136224D92F0B00C0A668 /* Assets.xcassets */ = {isa = PBXFileReference; lastKnownFileType = folder.assetcatalog; path = Assets.xcassets; sourceTree = "<group>"; };
		F744136524D92F0B00C0A668 /* Preview Assets.xcassets */ = {isa = PBXFileReference; lastKnownFileType = folder.assetcatalog; path = "Preview Assets.xcassets"; sourceTree = "<group>"; };
		F744136824D92F0B00C0A668 /* Base */ = {isa = PBXFileReference; lastKnownFileType = file.storyboard; name = Base; path = Base.lproj/LaunchScreen.storyboard; sourceTree = "<group>"; };
		F744136A24D92F0B00C0A668 /* Info.plist */ = {isa = PBXFileReference; lastKnownFileType = text.plist.xml; path = Info.plist; sourceTree = "<group>"; };
		F744137024D9301400C0A668 /* Habit.swift */ = {isa = PBXFileReference; lastKnownFileType = sourcecode.swift; path = Habit.swift; sourceTree = "<group>"; };
		F744137224D931CA00C0A668 /* HabitAddView.swift */ = {isa = PBXFileReference; lastKnownFileType = sourcecode.swift; path = HabitAddView.swift; sourceTree = "<group>"; };
		F744137424D9363B00C0A668 /* HabitDetailView.swift */ = {isa = PBXFileReference; lastKnownFileType = sourcecode.swift; path = HabitDetailView.swift; sourceTree = "<group>"; };
/* End PBXFileReference section */

/* Begin PBXFrameworksBuildPhase section */
		F744135624D92F0A00C0A668 /* Frameworks */ = {
			isa = PBXFrameworksBuildPhase;
			buildActionMask = 2147483647;
			files = (
			);
			runOnlyForDeploymentPostprocessing = 0;
		};
/* End PBXFrameworksBuildPhase section */

/* Begin PBXGroup section */
		F744135024D92F0A00C0A668 = {
			isa = PBXGroup;
			children = (
				F744135B24D92F0A00C0A668 /* HabitTracker */,
				F744135A24D92F0A00C0A668 /* Products */,
			);
			sourceTree = "<group>";
		};
		F744135A24D92F0A00C0A668 /* Products */ = {
			isa = PBXGroup;
			children = (
				F744135924D92F0A00C0A668 /* HabitTracker.app */,
			);
			name = Products;
			sourceTree = "<group>";
		};
		F744135B24D92F0A00C0A668 /* HabitTracker */ = {
			isa = PBXGroup;
			children = (
				F744135C24D92F0A00C0A668 /* AppDelegate.swift */,
				F744135E24D92F0A00C0A668 /* SceneDelegate.swift */,
				F744136024D92F0A00C0A668 /* ContentView.swift */,
				F744137224D931CA00C0A668 /* HabitAddView.swift */,
				F744137424D9363B00C0A668 /* HabitDetailView.swift */,
				F744137024D9301400C0A668 /* Habit.swift */,
				F744136224D92F0B00C0A668 /* Assets.xcassets */,
				F744136724D92F0B00C0A668 /* LaunchScreen.storyboard */,
				F744136A24D92F0B00C0A668 /* Info.plist */,
				F744136424D92F0B00C0A668 /* Preview Content */,
			);
			path = HabitTracker;
			sourceTree = "<group>";
		};
		F744136424D92F0B00C0A668 /* Preview Content */ = {
			isa = PBXGroup;
			children = (
				F744136524D92F0B00C0A668 /* Preview Assets.xcassets */,
			);
			path = "Preview Content";
			sourceTree = "<group>";
		};
/* End PBXGroup section */

/* Begin PBXNativeTarget section */
		F744135824D92F0A00C0A668 /* HabitTracker */ = {
			isa = PBXNativeTarget;
			buildConfigurationList = F744136D24D92F0B00C0A668 /* Build configuration list for PBXNativeTarget "HabitTracker" */;
			buildPhases = (
				F744135524D92F0A00C0A668 /* Sources */,
				F744135624D92F0A00C0A668 /* Frameworks */,
				F744135724D92F0A00C0A668 /* Resources */,
			);
			buildRules = (
			);
			dependencies = (
			);
			name = HabitTracker;
			productName = HabitTracker;
			productReference = F744135924D92F0A00C0A668 /* HabitTracker.app */;
			productType = "com.apple.product-type.application";
		};
/* End PBXNativeTarget section */

/* Begin PBXProject section */
		F744135124D92F0A00C0A668 /* Project object */ = {
			isa = PBXProject;
			attributes = {
				LastSwiftUpdateCheck = 1160;
				LastUpgradeCheck = 1160;
				ORGANIZATIONNAME = "Radu Dan";
				TargetAttributes = {
					F744135824D92F0A00C0A668 = {
						CreatedOnToolsVersion = 11.6;
					};
				};
			};
			buildConfigurationList = F744135424D92F0A00C0A668 /* Build configuration list for PBXProject "HabitTracker" */;
			compatibilityVersion = "Xcode 9.3";
			developmentRegion = en;
			hasScannedForEncodings = 0;
			knownRegions = (
				en,
				Base,
			);
			mainGroup = F744135024D92F0A00C0A668;
			productRefGroup = F744135A24D92F0A00C0A668 /* Products */;
			projectDirPath = "";
			projectRoot = "";
			targets = (
				F744135824D92F0A00C0A668 /* HabitTracker */,
			);
		};
/* End PBXProject section */

/* Begin PBXResourcesBuildPhase section */
		F744135724D92F0A00C0A668 /* Resources */ = {
			isa = PBXResourcesBuildPhase;
			buildActionMask = 2147483647;
			files = (
				F744136924D92F0B00C0A668 /* LaunchScreen.storyboard in Resources */,
				F744136624D92F0B00C0A668 /* Preview Assets.xcassets in Resources */,
				F744136324D92F0B00C0A668 /* Assets.xcassets in Resources */,
			);
			runOnlyForDeploymentPostprocessing = 0;
		};
/* End PBXResourcesBuildPhase section */

/* Begin PBXSourcesBuildPhase section */
		F744135524D92F0A00C0A668 /* Sources */ = {
			isa = PBXSourcesBuildPhase;
			buildActionMask = 2147483647;
			files = (
				F744135D24D92F0A00C0A668 /* AppDelegate.swift in Sources */,
				F744135F24D92F0A00C0A668 /* SceneDelegate.swift in Sources */,
				F744137524D9363B00C0A668 /* HabitDetailView.swift in Sources */,
				F744137124D9301400C0A668 /* Habit.swift in Sources */,
				F744136124D92F0A00C0A668 /* ContentView.swift in Sources */,
				F744137324D931CA00C0A668 /* HabitAddView.swift in Sources */,
			);
			runOnlyForDeploymentPostprocessing = 0;
		};
/* End PBXSourcesBuildPhase section */

/* Begin PBXVariantGroup section */
		F744136724D92F0B00C0A668 /* LaunchScreen.storyboard */ = {
			isa = PBXVariantGroup;
			children = (
				F744136824D92F0B00C0A668 /* Base */,
			);
			name = LaunchScreen.storyboard;
			sourceTree = "<group>";
		};
/* End PBXVariantGroup section */

/* Begin XCBuildConfiguration section */
		F744136B24D92F0B00C0A668 /* Debug */ = {
			isa = XCBuildConfiguration;
			buildSettings = {
				ALWAYS_SEARCH_USER_PATHS = NO;
				CLANG_ANALYZER_NONNULL = YES;
				CLANG_ANALYZER_NUMBER_OBJECT_CONVERSION = YES_AGGRESSIVE;
				CLANG_CXX_LANGUAGE_STANDARD = "gnu++14";
				CLANG_CXX_LIBRARY = "libc++";
				CLANG_ENABLE_MODULES = YES;
				CLANG_ENABLE_OBJC_ARC = YES;
				CLANG_ENABLE_OBJC_WEAK = YES;
				CLANG_WARN_BLOCK_CAPTURE_AUTORELEASING = YES;
				CLANG_WARN_BOOL_CONVERSION = YES;
				CLANG_WARN_COMMA = YES;
				CLANG_WARN_CONSTANT_CONVERSION = YES;
				CLANG_WARN_DEPRECATED_OBJC_IMPLEMENTATIONS = YES;
				CLANG_WARN_DIRECT_OBJC_ISA_USAGE = YES_ERROR;
				CLANG_WARN_DOCUMENTATION_COMMENTS = YES;
				CLANG_WARN_EMPTY_BODY = YES;
				CLANG_WARN_ENUM_CONVERSION = YES;
				CLANG_WARN_INFINITE_RECURSION = YES;
				CLANG_WARN_INT_CONVERSION = YES;
				CLANG_WARN_NON_LITERAL_NULL_CONVERSION = YES;
				CLANG_WARN_OBJC_IMPLICIT_RETAIN_SELF = YES;
				CLANG_WARN_OBJC_LITERAL_CONVERSION = YES;
				CLANG_WARN_OBJC_ROOT_CLASS = YES_ERROR;
				CLANG_WARN_RANGE_LOOP_ANALYSIS = YES;
				CLANG_WARN_STRICT_PROTOTYPES = YES;
				CLANG_WARN_SUSPICIOUS_MOVE = YES;
				CLANG_WARN_UNGUARDED_AVAILABILITY = YES_AGGRESSIVE;
				CLANG_WARN_UNREACHABLE_CODE = YES;
				CLANG_WARN__DUPLICATE_METHOD_MATCH = YES;
				COPY_PHASE_STRIP = NO;
				DEBUG_INFORMATION_FORMAT = dwarf;
				ENABLE_STRICT_OBJC_MSGSEND = YES;
				ENABLE_TESTABILITY = YES;
				GCC_C_LANGUAGE_STANDARD = gnu11;
				GCC_DYNAMIC_NO_PIC = NO;
				GCC_NO_COMMON_BLOCKS = YES;
				GCC_OPTIMIZATION_LEVEL = 0;
				GCC_PREPROCESSOR_DEFINITIONS = (
					"DEBUG=1",
					"$(inherited)",
				);
				GCC_WARN_64_TO_32_BIT_CONVERSION = YES;
				GCC_WARN_ABOUT_RETURN_TYPE = YES_ERROR;
				GCC_WARN_UNDECLARED_SELECTOR = YES;
				GCC_WARN_UNINITIALIZED_AUTOS = YES_AGGRESSIVE;
				GCC_WARN_UNUSED_FUNCTION = YES;
				GCC_WARN_UNUSED_VARIABLE = YES;
				IPHONEOS_DEPLOYMENT_TARGET = 13.6;
				MTL_ENABLE_DEBUG_INFO = INCLUDE_SOURCE;
				MTL_FAST_MATH = YES;
				ONLY_ACTIVE_ARCH = YES;
				SDKROOT = iphoneos;
				SWIFT_ACTIVE_COMPILATION_CONDITIONS = DEBUG;
				SWIFT_OPTIMIZATION_LEVEL = "-Onone";
			};
			name = Debug;
		};
		F744136C24D92F0B00C0A668 /* Release */ = {
			isa = XCBuildConfiguration;
			buildSettings = {
				ALWAYS_SEARCH_USER_PATHS = NO;
				CLANG_ANALYZER_NONNULL = YES;
				CLANG_ANALYZER_NUMBER_OBJECT_CONVERSION = YES_AGGRESSIVE;
				CLANG_CXX_LANGUAGE_STANDARD = "gnu++14";
				CLANG_CXX_LIBRARY = "libc++";
				CLANG_ENABLE_MODULES = YES;
				CLANG_ENABLE_OBJC_ARC = YES;
				CLANG_ENABLE_OBJC_WEAK = YES;
				CLANG_WARN_BLOCK_CAPTURE_AUTORELEASING = YES;
				CLANG_WARN_BOOL_CONVERSION = YES;
				CLANG_WARN_COMMA = YES;
				CLANG_WARN_CONSTANT_CONVERSION = YES;
				CLANG_WARN_DEPRECATED_OBJC_IMPLEMENTATIONS = YES;
				CLANG_WARN_DIRECT_OBJC_ISA_USAGE = YES_ERROR;
				CLANG_WARN_DOCUMENTATION_COMMENTS = YES;
				CLANG_WARN_EMPTY_BODY = YES;
				CLANG_WARN_ENUM_CONVERSION = YES;
				CLANG_WARN_INFINITE_RECURSION = YES;
				CLANG_WARN_INT_CONVERSION = YES;
				CLANG_WARN_NON_LITERAL_NULL_CONVERSION = YES;
				CLANG_WARN_OBJC_IMPLICIT_RETAIN_SELF = YES;
				CLANG_WARN_OBJC_LITERAL_CONVERSION = YES;
				CLANG_WARN_OBJC_ROOT_CLASS = YES_ERROR;
				CLANG_WARN_RANGE_LOOP_ANALYSIS = YES;
				CLANG_WARN_STRICT_PROTOTYPES = YES;
				CLANG_WARN_SUSPICIOUS_MOVE = YES;
				CLANG_WARN_UNGUARDED_AVAILABILITY = YES_AGGRESSIVE;
				CLANG_WARN_UNREACHABLE_CODE = YES;
				CLANG_WARN__DUPLICATE_METHOD_MATCH = YES;
				COPY_PHASE_STRIP = NO;
				DEBUG_INFORMATION_FORMAT = "dwarf-with-dsym";
				ENABLE_NS_ASSERTIONS = NO;
				ENABLE_STRICT_OBJC_MSGSEND = YES;
				GCC_C_LANGUAGE_STANDARD = gnu11;
				GCC_NO_COMMON_BLOCKS = YES;
				GCC_WARN_64_TO_32_BIT_CONVERSION = YES;
				GCC_WARN_ABOUT_RETURN_TYPE = YES_ERROR;
				GCC_WARN_UNDECLARED_SELECTOR = YES;
				GCC_WARN_UNINITIALIZED_AUTOS = YES_AGGRESSIVE;
				GCC_WARN_UNUSED_FUNCTION = YES;
				GCC_WARN_UNUSED_VARIABLE = YES;
				IPHONEOS_DEPLOYMENT_TARGET = 13.6;
				MTL_ENABLE_DEBUG_INFO = NO;
				MTL_FAST_MATH = YES;
				SDKROOT = iphoneos;
				SWIFT_COMPILATION_MODE = wholemodule;
				SWIFT_OPTIMIZATION_LEVEL = "-O";
				VALIDATE_PRODUCT = YES;
			};
			name = Release;
		};
		F744136E24D92F0B00C0A668 /* Debug */ = {
			isa = XCBuildConfiguration;
			buildSettings = {
				ASSETCATALOG_COMPILER_APPICON_NAME = AppIcon;
				CODE_SIGN_STYLE = Automatic;
				DEVELOPMENT_ASSET_PATHS = "\"HabitTracker/Preview Content\"";
				DEVELOPMENT_TEAM = 42L6GB6DU6;
				ENABLE_PREVIEWS = YES;
				INFOPLIST_FILE = HabitTracker/Info.plist;
				LD_RUNPATH_SEARCH_PATHS = (
					"$(inherited)",
					"@executable_path/Frameworks",
				);
				PRODUCT_BUNDLE_IDENTIFIER = com.rdan.HabitTracker;
				PRODUCT_NAME = "$(TARGET_NAME)";
				SWIFT_VERSION = 5.0;
				TARGETED_DEVICE_FAMILY = "1,2";
			};
			name = Debug;
		};
		F744136F24D92F0B00C0A668 /* Release */ = {
			isa = XCBuildConfiguration;
			buildSettings = {
				ASSETCATALOG_COMPILER_APPICON_NAME = AppIcon;
				CODE_SIGN_STYLE = Automatic;
				DEVELOPMENT_ASSET_PATHS = "\"HabitTracker/Preview Content\"";
				DEVELOPMENT_TEAM = 42L6GB6DU6;
				ENABLE_PREVIEWS = YES;
				INFOPLIST_FILE = HabitTracker/Info.plist;
				LD_RUNPATH_SEARCH_PATHS = (
					"$(inherited)",
					"@executable_path/Frameworks",
				);
				PRODUCT_BUNDLE_IDENTIFIER = com.rdan.HabitTracker;
				PRODUCT_NAME = "$(TARGET_NAME)";
				SWIFT_VERSION = 5.0;
				TARGETED_DEVICE_FAMILY = "1,2";
			};
			name = Release;
		};
/* End XCBuildConfiguration section */

/* Begin XCConfigurationList section */
		F744135424D92F0A00C0A668 /* Build configuration list for PBXProject "HabitTracker" */ = {
			isa = XCConfigurationList;
			buildConfigurations = (
				F744136B24D92F0B00C0A668 /* Debug */,
				F744136C24D92F0B00C0A668 /* Release */,
			);
			defaultConfigurationIsVisible = 0;
			defaultConfigurationName = Release;
		};
		F744136D24D92F0B00C0A668 /* Build configuration list for PBXNativeTarget "HabitTracker" */ = {
			isa = XCConfigurationList;
			buildConfigurations = (
				F744136E24D92F0B00C0A668 /* Debug */,
				F744136F24D92F0B00C0A668 /* Release */,
			);
			defaultConfigurationIsVisible = 0;
			defaultConfigurationName = Release;
		};
/* End XCConfigurationList section */
	};
	rootObject = F744135124D92F0A00C0A668 /* Project object */;
}
