// !$*UTF8*$!
{
	archiveVersion = 1;
	classes = {
	};
	objectVersion = 50;
	objects = {

/* Begin PBXBuildFile section */
		F71668BE24C6CCC0009F4404 /* AddView.swift in Sources */ = {isa = PBXBuildFile; fileRef = F71668BD24C6CCC0009F4404 /* AddView.swift */; };
		F72935A024C8020900BDA0F5 /* Expenses.swift in Sources */ = {isa = PBXBuildFile; fileRef = F729359F24C8020900BDA0F5 /* Expenses.swift */; };
		F72935A224C8022100BDA0F5 /* ExpenseStyles.swift in Sources */ = {isa = PBXBuildFile; fileRef = F72935A124C8022100BDA0F5 /* ExpenseStyles.swift */; };
		F7CFB89924C55FE200D5DE38 /* AppDelegate.swift in Sources */ = {isa = PBXBuildFile; fileRef = F7CFB89824C55FE200D5DE38 /* AppDelegate.swift */; };
		F7CFB89B24C55FE200D5DE38 /* SceneDelegate.swift in Sources */ = {isa = PBXBuildFile; fileRef = F7CFB89A24C55FE200D5DE38 /* SceneDelegate.swift */; };
		F7CFB89D24C55FE200D5DE38 /* ContentView.swift in Sources */ = {isa = PBXBuildFile; fileRef = F7CFB89C24C55FE200D5DE38 /* ContentView.swift */; };
		F7CFB89F24C55FE300D5DE38 /* Assets.xcassets in Resources */ = {isa = PBXBuildFile; fileRef = F7CFB89E24C55FE300D5DE38 /* Assets.xcassets */; };
		F7CFB8A224C55FE300D5DE38 /* Preview Assets.xcassets in Resources */ = {isa = PBXBuildFile; fileRef = F7CFB8A124C55FE300D5DE38 /* Preview Assets.xcassets */; };
		F7CFB8A524C55FE300D5DE38 /* LaunchScreen.storyboard in Resources */ = {isa = PBXBuildFile; fileRef = F7CFB8A324C55FE300D5DE38 /* LaunchScreen.storyboard */; };
/* End PBXBuildFile section */

/* Begin PBXFileReference section */
		F71668BD24C6CCC0009F4404 /* AddView.swift */ = {isa = PBXFileReference; lastKnownFileType = sourcecode.swift; path = AddView.swift; sourceTree = "<group>"; };
		F729359F24C8020900BDA0F5 /* Expenses.swift */ = {isa = PBXFileReference; lastKnownFileType = sourcecode.swift; path = Expenses.swift; sourceTree = "<group>"; };
		F72935A124C8022100BDA0F5 /* ExpenseStyles.swift */ = {isa = PBXFileReference; lastKnownFileType = sourcecode.swift; path = ExpenseStyles.swift; sourceTree = "<group>"; };
		F7CFB89524C55FE200D5DE38 /* iExpense.app */ = {isa = PBXFileReference; explicitFileType = wrapper.application; includeInIndex = 0; path = iExpense.app; sourceTree = BUILT_PRODUCTS_DIR; };
		F7CFB89824C55FE200D5DE38 /* AppDelegate.swift */ = {isa = PBXFileReference; lastKnownFileType = sourcecode.swift; path = AppDelegate.swift; sourceTree = "<group>"; };
		F7CFB89A24C55FE200D5DE38 /* SceneDelegate.swift */ = {isa = PBXFileReference; lastKnownFileType = sourcecode.swift; path = SceneDelegate.swift; sourceTree = "<group>"; };
		F7CFB89C24C55FE200D5DE38 /* ContentView.swift */ = {isa = PBXFileReference; lastKnownFileType = sourcecode.swift; path = ContentView.swift; sourceTree = "<group>"; };
		F7CFB89E24C55FE300D5DE38 /* Assets.xcassets */ = {isa = PBXFileReference; lastKnownFileType = folder.assetcatalog; path = Assets.xcassets; sourceTree = "<group>"; };
		F7CFB8A124C55FE300D5DE38 /* Preview Assets.xcassets */ = {isa = PBXFileReference; lastKnownFileType = folder.assetcatalog; path = "Preview Assets.xcassets"; sourceTree = "<group>"; };
		F7CFB8A424C55FE300D5DE38 /* Base */ = {isa = PBXFileReference; lastKnownFileType = file.storyboard; name = Base; path = Base.lproj/LaunchScreen.storyboard; sourceTree = "<group>"; };
		F7CFB8A624C55FE300D5DE38 /* Info.plist */ = {isa = PBXFileReference; lastKnownFileType = text.plist.xml; path = Info.plist; sourceTree = "<group>"; };
/* End PBXFileReference section */

/* Begin PBXFrameworksBuildPhase section */
		F7CFB89224C55FE200D5DE38 /* Frameworks */ = {
			isa = PBXFrameworksBuildPhase;
			buildActionMask = 2147483647;
			files = (
			);
			runOnlyForDeploymentPostprocessing = 0;
		};
/* End PBXFrameworksBuildPhase section */

/* Begin PBXGroup section */
		F7CFB88C24C55FE200D5DE38 = {
			isa = PBXGroup;
			children = (
				F7CFB89724C55FE200D5DE38 /* iExpense */,
				F7CFB89624C55FE200D5DE38 /* Products */,
			);
			sourceTree = "<group>";
		};
		F7CFB89624C55FE200D5DE38 /* Products */ = {
			isa = PBXGroup;
			children = (
				F7CFB89524C55FE200D5DE38 /* iExpense.app */,
			);
			name = Products;
			sourceTree = "<group>";
		};
		F7CFB89724C55FE200D5DE38 /* iExpense */ = {
			isa = PBXGroup;
			children = (
				F7CFB89824C55FE200D5DE38 /* AppDelegate.swift */,
				F7CFB89A24C55FE200D5DE38 /* SceneDelegate.swift */,
				F7CFB89C24C55FE200D5DE38 /* ContentView.swift */,
				F72935A124C8022100BDA0F5 /* ExpenseStyles.swift */,
				F729359F24C8020900BDA0F5 /* Expenses.swift */,
				F71668BD24C6CCC0009F4404 /* AddView.swift */,
				F7CFB89E24C55FE300D5DE38 /* Assets.xcassets */,
				F7CFB8A324C55FE300D5DE38 /* LaunchScreen.storyboard */,
				F7CFB8A624C55FE300D5DE38 /* Info.plist */,
				F7CFB8A024C55FE300D5DE38 /* Preview Content */,
			);
			path = iExpense;
			sourceTree = "<group>";
		};
		F7CFB8A024C55FE300D5DE38 /* Preview Content */ = {
			isa = PBXGroup;
			children = (
				F7CFB8A124C55FE300D5DE38 /* Preview Assets.xcassets */,
			);
			path = "Preview Content";
			sourceTree = "<group>";
		};
/* End PBXGroup section */

/* Begin PBXNativeTarget section */
		F7CFB89424C55FE200D5DE38 /* iExpense */ = {
			isa = PBXNativeTarget;
			buildConfigurationList = F7CFB8A924C55FE300D5DE38 /* Build configuration list for PBXNativeTarget "iExpense" */;
			buildPhases = (
				F7CFB89124C55FE200D5DE38 /* Sources */,
				F7CFB89224C55FE200D5DE38 /* Frameworks */,
				F7CFB89324C55FE200D5DE38 /* Resources */,
			);
			buildRules = (
			);
			dependencies = (
			);
			name = iExpense;
			productName = iExpense;
			productReference = F7CFB89524C55FE200D5DE38 /* iExpense.app */;
			productType = "com.apple.product-type.application";
		};
/* End PBXNativeTarget section */

/* Begin PBXProject section */
		F7CFB88D24C55FE200D5DE38 /* Project object */ = {
			isa = PBXProject;
			attributes = {
				LastSwiftUpdateCheck = 1160;
				LastUpgradeCheck = 1160;
				ORGANIZATIONNAME = "Radu Dan";
				TargetAttributes = {
					F7CFB89424C55FE200D5DE38 = {
						CreatedOnToolsVersion = 11.6;
					};
				};
			};
			buildConfigurationList = F7CFB89024C55FE200D5DE38 /* Build configuration list for PBXProject "iExpense" */;
			compatibilityVersion = "Xcode 9.3";
			developmentRegion = en;
			hasScannedForEncodings = 0;
			knownRegions = (
				en,
				Base,
			);
			mainGroup = F7CFB88C24C55FE200D5DE38;
			productRefGroup = F7CFB89624C55FE200D5DE38 /* Products */;
			projectDirPath = "";
			projectRoot = "";
			targets = (
				F7CFB89424C55FE200D5DE38 /* iExpense */,
			);
		};
/* End PBXProject section */

/* Begin PBXResourcesBuildPhase section */
		F7CFB89324C55FE200D5DE38 /* Resources */ = {
			isa = PBXResourcesBuildPhase;
			buildActionMask = 2147483647;
			files = (
				F7CFB8A524C55FE300D5DE38 /* LaunchScreen.storyboard in Resources */,
				F7CFB8A224C55FE300D5DE38 /* Preview Assets.xcassets in Resources */,
				F7CFB89F24C55FE300D5DE38 /* Assets.xcassets in Resources */,
			);
			runOnlyForDeploymentPostprocessing = 0;
		};
/* End PBXResourcesBuildPhase section */

/* Begin PBXSourcesBuildPhase section */
		F7CFB89124C55FE200D5DE38 /* Sources */ = {
			isa = PBXSourcesBuildPhase;
			buildActionMask = 2147483647;
			files = (
				F72935A224C8022100BDA0F5 /* ExpenseStyles.swift in Sources */,
				F72935A024C8020900BDA0F5 /* Expenses.swift in Sources */,
				F71668BE24C6CCC0009F4404 /* AddView.swift in Sources */,
				F7CFB89924C55FE200D5DE38 /* AppDelegate.swift in Sources */,
				F7CFB89B24C55FE200D5DE38 /* SceneDelegate.swift in Sources */,
				F7CFB89D24C55FE200D5DE38 /* ContentView.swift in Sources */,
			);
			runOnlyForDeploymentPostprocessing = 0;
		};
/* End PBXSourcesBuildPhase section */

/* Begin PBXVariantGroup section */
		F7CFB8A324C55FE300D5DE38 /* LaunchScreen.storyboard */ = {
			isa = PBXVariantGroup;
			children = (
				F7CFB8A424C55FE300D5DE38 /* Base */,
			);
			name = LaunchScreen.storyboard;
			sourceTree = "<group>";
		};
/* End PBXVariantGroup section */

/* Begin XCBuildConfiguration section */
		F7CFB8A724C55FE300D5DE38 /* Debug */ = {
			isa = XCBuildConfiguration;
			buildSettings = {
				ALWAYS_SEARCH_USER_PATHS = NO;
				CLANG_ANALYZER_NONNULL = YES;
				CLANG_ANALYZER_NUMBER_OBJECT_CONVERSION = YES_AGGRESSIVE;
				CLANG_CXX_LANGUAGE_STANDARD = "gnu++14";
				CLANG_CXX_LIBRARY = "libc++";
				CLANG_ENABLE_MODULES = YES;
				CLANG_ENABLE_OBJC_ARC = YES;
				CLANG_ENABLE_OBJC_WEAK = YES;
				CLANG_WARN_BLOCK_CAPTURE_AUTORELEASING = YES;
				CLANG_WARN_BOOL_CONVERSION = YES;
				CLANG_WARN_COMMA = YES;
				CLANG_WARN_CONSTANT_CONVERSION = YES;
				CLANG_WARN_DEPRECATED_OBJC_IMPLEMENTATIONS = YES;
				CLANG_WARN_DIRECT_OBJC_ISA_USAGE = YES_ERROR;
				CLANG_WARN_DOCUMENTATION_COMMENTS = YES;
				CLANG_WARN_EMPTY_BODY = YES;
				CLANG_WARN_ENUM_CONVERSION = YES;
				CLANG_WARN_INFINITE_RECURSION = YES;
				CLANG_WARN_INT_CONVERSION = YES;
				CLANG_WARN_NON_LITERAL_NULL_CONVERSION = YES;
				CLANG_WARN_OBJC_IMPLICIT_RETAIN_SELF = YES;
				CLANG_WARN_OBJC_LITERAL_CONVERSION = YES;
				CLANG_WARN_OBJC_ROOT_CLASS = YES_ERROR;
				CLANG_WARN_RANGE_LOOP_ANALYSIS = YES;
				CLANG_WARN_STRICT_PROTOTYPES = YES;
				CLANG_WARN_SUSPICIOUS_MOVE = YES;
				CLANG_WARN_UNGUARDED_AVAILABILITY = YES_AGGRESSIVE;
				CLANG_WARN_UNREACHABLE_CODE = YES;
				CLANG_WARN__DUPLICATE_METHOD_MATCH = YES;
				COPY_PHASE_STRIP = NO;
				DEBUG_INFORMATION_FORMAT = dwarf;
				ENABLE_STRICT_OBJC_MSGSEND = YES;
				ENABLE_TESTABILITY = YES;
				GCC_C_LANGUAGE_STANDARD = gnu11;
				GCC_DYNAMIC_NO_PIC = NO;
				GCC_NO_COMMON_BLOCKS = YES;
				GCC_OPTIMIZATION_LEVEL = 0;
				GCC_PREPROCESSOR_DEFINITIONS = (
					"DEBUG=1",
					"$(inherited)",
				);
				GCC_WARN_64_TO_32_BIT_CONVERSION = YES;
				GCC_WARN_ABOUT_RETURN_TYPE = YES_ERROR;
				GCC_WARN_UNDECLARED_SELECTOR = YES;
				GCC_WARN_UNINITIALIZED_AUTOS = YES_AGGRESSIVE;
				GCC_WARN_UNUSED_FUNCTION = YES;
				GCC_WARN_UNUSED_VARIABLE = YES;
				IPHONEOS_DEPLOYMENT_TARGET = 13.6;
				MTL_ENABLE_DEBUG_INFO = INCLUDE_SOURCE;
				MTL_FAST_MATH = YES;
				ONLY_ACTIVE_ARCH = YES;
				SDKROOT = iphoneos;
				SWIFT_ACTIVE_COMPILATION_CONDITIONS = DEBUG;
				SWIFT_OPTIMIZATION_LEVEL = "-Onone";
			};
			name = Debug;
		};
		F7CFB8A824C55FE300D5DE38 /* Release */ = {
			isa = XCBuildConfiguration;
			buildSettings = {
				ALWAYS_SEARCH_USER_PATHS = NO;
				CLANG_ANALYZER_NONNULL = YES;
				CLANG_ANALYZER_NUMBER_OBJECT_CONVERSION = YES_AGGRESSIVE;
				CLANG_CXX_LANGUAGE_STANDARD = "gnu++14";
				CLANG_CXX_LIBRARY = "libc++";
				CLANG_ENABLE_MODULES = YES;
				CLANG_ENABLE_OBJC_ARC = YES;
				CLANG_ENABLE_OBJC_WEAK = YES;
				CLANG_WARN_BLOCK_CAPTURE_AUTORELEASING = YES;
				CLANG_WARN_BOOL_CONVERSION = YES;
				CLANG_WARN_COMMA = YES;
				CLANG_WARN_CONSTANT_CONVERSION = YES;
				CLANG_WARN_DEPRECATED_OBJC_IMPLEMENTATIONS = YES;
				CLANG_WARN_DIRECT_OBJC_ISA_USAGE = YES_ERROR;
				CLANG_WARN_DOCUMENTATION_COMMENTS = YES;
				CLANG_WARN_EMPTY_BODY = YES;
				CLANG_WARN_ENUM_CONVERSION = YES;
				CLANG_WARN_INFINITE_RECURSION = YES;
				CLANG_WARN_INT_CONVERSION = YES;
				CLANG_WARN_NON_LITERAL_NULL_CONVERSION = YES;
				CLANG_WARN_OBJC_IMPLICIT_RETAIN_SELF = YES;
				CLANG_WARN_OBJC_LITERAL_CONVERSION = YES;
				CLANG_WARN_OBJC_ROOT_CLASS = YES_ERROR;
				CLANG_WARN_RANGE_LOOP_ANALYSIS = YES;
				CLANG_WARN_STRICT_PROTOTYPES = YES;
				CLANG_WARN_SUSPICIOUS_MOVE = YES;
				CLANG_WARN_UNGUARDED_AVAILABILITY = YES_AGGRESSIVE;
				CLANG_WARN_UNREACHABLE_CODE = YES;
				CLANG_WARN__DUPLICATE_METHOD_MATCH = YES;
				COPY_PHASE_STRIP = NO;
				DEBUG_INFORMATION_FORMAT = "dwarf-with-dsym";
				ENABLE_NS_ASSERTIONS = NO;
				ENABLE_STRICT_OBJC_MSGSEND = YES;
				GCC_C_LANGUAGE_STANDARD = gnu11;
				GCC_NO_COMMON_BLOCKS = YES;
				GCC_WARN_64_TO_32_BIT_CONVERSION = YES;
				GCC_WARN_ABOUT_RETURN_TYPE = YES_ERROR;
				GCC_WARN_UNDECLARED_SELECTOR = YES;
				GCC_WARN_UNINITIALIZED_AUTOS = YES_AGGRESSIVE;
				GCC_WARN_UNUSED_FUNCTION = YES;
				GCC_WARN_UNUSED_VARIABLE = YES;
				IPHONEOS_DEPLOYMENT_TARGET = 13.6;
				MTL_ENABLE_DEBUG_INFO = NO;
				MTL_FAST_MATH = YES;
				SDKROOT = iphoneos;
				SWIFT_COMPILATION_MODE = wholemodule;
				SWIFT_OPTIMIZATION_LEVEL = "-O";
				VALIDATE_PRODUCT = YES;
			};
			name = Release;
		};
		F7CFB8AA24C55FE300D5DE38 /* Debug */ = {
			isa = XCBuildConfiguration;
			buildSettings = {
				ASSETCATALOG_COMPILER_APPICON_NAME = AppIcon;
				CODE_SIGN_STYLE = Automatic;
				DEVELOPMENT_ASSET_PATHS = "\"iExpense/Preview Content\"";
				DEVELOPMENT_TEAM = 42L6GB6DU6;
				ENABLE_PREVIEWS = YES;
				INFOPLIST_FILE = iExpense/Info.plist;
				LD_RUNPATH_SEARCH_PATHS = (
					"$(inherited)",
					"@executable_path/Frameworks",
				);
				PRODUCT_BUNDLE_IDENTIFIER = com.rdan.iExpense;
				PRODUCT_NAME = "$(TARGET_NAME)";
				SWIFT_VERSION = 5.0;
				TARGETED_DEVICE_FAMILY = "1,2";
			};
			name = Debug;
		};
		F7CFB8AB24C55FE300D5DE38 /* Release */ = {
			isa = XCBuildConfiguration;
			buildSettings = {
				ASSETCATALOG_COMPILER_APPICON_NAME = AppIcon;
				CODE_SIGN_STYLE = Automatic;
				DEVELOPMENT_ASSET_PATHS = "\"iExpense/Preview Content\"";
				DEVELOPMENT_TEAM = 42L6GB6DU6;
				ENABLE_PREVIEWS = YES;
				INFOPLIST_FILE = iExpense/Info.plist;
				LD_RUNPATH_SEARCH_PATHS = (
					"$(inherited)",
					"@executable_path/Frameworks",
				);
				PRODUCT_BUNDLE_IDENTIFIER = com.rdan.iExpense;
				PRODUCT_NAME = "$(TARGET_NAME)";
				SWIFT_VERSION = 5.0;
				TARGETED_DEVICE_FAMILY = "1,2";
			};
			name = Release;
		};
/* End XCBuildConfiguration section */

/* Begin XCConfigurationList section */
		F7CFB89024C55FE200D5DE38 /* Build configuration list for PBXProject "iExpense" */ = {
			isa = XCConfigurationList;
			buildConfigurations = (
				F7CFB8A724C55FE300D5DE38 /* Debug */,
				F7CFB8A824C55FE300D5DE38 /* Release */,
			);
			defaultConfigurationIsVisible = 0;
			defaultConfigurationName = Release;
		};
		F7CFB8A924C55FE300D5DE38 /* Build configuration list for PBXNativeTarget "iExpense" */ = {
			isa = XCConfigurationList;
			buildConfigurations = (
				F7CFB8AA24C55FE300D5DE38 /* Debug */,
				F7CFB8AB24C55FE300D5DE38 /* Release */,
			);
			defaultConfigurationIsVisible = 0;
			defaultConfigurationName = Release;
		};
/* End XCConfigurationList section */
	};
	rootObject = F7CFB88D24C55FE200D5DE38 /* Project object */;
}
