// !$*UTF8*$!
{
	archiveVersion = 1;
	classes = {
	};
	objectVersion = 50;
	objects = {

/* Begin PBXBuildFile section */
		F705F34024F76EDA00DB17A4 /* AppDelegate.swift in Sources */ = {isa = PBXBuildFile; fileRef = F705F33F24F76EDA00DB17A4 /* AppDelegate.swift */; };
		F705F34224F76EDA00DB17A4 /* SceneDelegate.swift in Sources */ = {isa = PBXBuildFile; fileRef = F705F34124F76EDA00DB17A4 /* SceneDelegate.swift */; };
		F705F34524F76EDA00DB17A4 /* CoreDataProject.xcdatamodeld in Sources */ = {isa = PBXBuildFile; fileRef = F705F34324F76EDA00DB17A4 /* CoreDataProject.xcdatamodeld */; };
		F705F34724F76EDA00DB17A4 /* ContentView.swift in Sources */ = {isa = PBXBuildFile; fileRef = F705F34624F76EDA00DB17A4 /* ContentView.swift */; };
		F705F34924F76EDB00DB17A4 /* Assets.xcassets in Resources */ = {isa = PBXBuildFile; fileRef = F705F34824F76EDB00DB17A4 /* Assets.xcassets */; };
		F705F34C24F76EDB00DB17A4 /* Preview Assets.xcassets in Resources */ = {isa = PBXBuildFile; fileRef = F705F34B24F76EDB00DB17A4 /* Preview Assets.xcassets */; };
		F705F34F24F76EDB00DB17A4 /* LaunchScreen.storyboard in Resources */ = {isa = PBXBuildFile; fileRef = F705F34D24F76EDB00DB17A4 /* LaunchScreen.storyboard */; };
		F705F35824F7710500DB17A4 /* Movie+CoreDataClass.swift in Sources */ = {isa = PBXBuildFile; fileRef = F705F35624F7710500DB17A4 /* Movie+CoreDataClass.swift */; };
		F705F35924F7710500DB17A4 /* Movie+CoreDataProperties.swift in Sources */ = {isa = PBXBuildFile; fileRef = F705F35724F7710500DB17A4 /* Movie+CoreDataProperties.swift */; };
		F7859C3E24FCBABC000F5FFA /* FilteredList.swift in Sources */ = {isa = PBXBuildFile; fileRef = F7859C3D24FCBABC000F5FFA /* FilteredList.swift */; };
/* End PBXBuildFile section */

/* Begin PBXFileReference section */
		F705F33C24F76EDA00DB17A4 /* CoreDataProject.app */ = {isa = PBXFileReference; explicitFileType = wrapper.application; includeInIndex = 0; path = CoreDataProject.app; sourceTree = BUILT_PRODUCTS_DIR; };
		F705F33F24F76EDA00DB17A4 /* AppDelegate.swift */ = {isa = PBXFileReference; lastKnownFileType = sourcecode.swift; path = AppDelegate.swift; sourceTree = "<group>"; };
		F705F34124F76EDA00DB17A4 /* SceneDelegate.swift */ = {isa = PBXFileReference; lastKnownFileType = sourcecode.swift; path = SceneDelegate.swift; sourceTree = "<group>"; };
		F705F34424F76EDA00DB17A4 /* CoreDataProject.xcdatamodel */ = {isa = PBXFileReference; lastKnownFileType = wrapper.xcdatamodel; path = CoreDataProject.xcdatamodel; sourceTree = "<group>"; };
		F705F34624F76EDA00DB17A4 /* ContentView.swift */ = {isa = PBXFileReference; lastKnownFileType = sourcecode.swift; path = ContentView.swift; sourceTree = "<group>"; };
		F705F34824F76EDB00DB17A4 /* Assets.xcassets */ = {isa = PBXFileReference; lastKnownFileType = folder.assetcatalog; path = Assets.xcassets; sourceTree = "<group>"; };
		F705F34B24F76EDB00DB17A4 /* Preview Assets.xcassets */ = {isa = PBXFileReference; lastKnownFileType = folder.assetcatalog; path = "Preview Assets.xcassets"; sourceTree = "<group>"; };
		F705F34E24F76EDB00DB17A4 /* Base */ = {isa = PBXFileReference; lastKnownFileType = file.storyboard; name = Base; path = Base.lproj/LaunchScreen.storyboard; sourceTree = "<group>"; };
		F705F35024F76EDB00DB17A4 /* Info.plist */ = {isa = PBXFileReference; lastKnownFileType = text.plist.xml; path = Info.plist; sourceTree = "<group>"; };
		F705F35624F7710500DB17A4 /* Movie+CoreDataClass.swift */ = {isa = PBXFileReference; lastKnownFileType = sourcecode.swift; path = "Movie+CoreDataClass.swift"; sourceTree = "<group>"; };
		F705F35724F7710500DB17A4 /* Movie+CoreDataProperties.swift */ = {isa = PBXFileReference; lastKnownFileType = sourcecode.swift; path = "Movie+CoreDataProperties.swift"; sourceTree = "<group>"; };
		F7859C3D24FCBABC000F5FFA /* FilteredList.swift */ = {isa = PBXFileReference; lastKnownFileType = sourcecode.swift; path = FilteredList.swift; sourceTree = "<group>"; };
/* End PBXFileReference section */

/* Begin PBXFrameworksBuildPhase section */
		F705F33924F76EDA00DB17A4 /* Frameworks */ = {
			isa = PBXFrameworksBuildPhase;
			buildActionMask = 2147483647;
			files = (
			);
			runOnlyForDeploymentPostprocessing = 0;
		};
/* End PBXFrameworksBuildPhase section */

/* Begin PBXGroup section */
		F705F33324F76ED900DB17A4 = {
			isa = PBXGroup;
			children = (
				F705F33E24F76EDA00DB17A4 /* CoreDataProject */,
				F705F33D24F76EDA00DB17A4 /* Products */,
			);
			sourceTree = "<group>";
		};
		F705F33D24F76EDA00DB17A4 /* Products */ = {
			isa = PBXGroup;
			children = (
				F705F33C24F76EDA00DB17A4 /* CoreDataProject.app */,
			);
			name = Products;
			sourceTree = "<group>";
		};
		F705F33E24F76EDA00DB17A4 /* CoreDataProject */ = {
			isa = PBXGroup;
			children = (
				F705F35624F7710500DB17A4 /* Movie+CoreDataClass.swift */,
				F705F35724F7710500DB17A4 /* Movie+CoreDataProperties.swift */,
				F705F33F24F76EDA00DB17A4 /* AppDelegate.swift */,
				F705F34124F76EDA00DB17A4 /* SceneDelegate.swift */,
				F705F34624F76EDA00DB17A4 /* ContentView.swift */,
				F7859C3D24FCBABC000F5FFA /* FilteredList.swift */,
				F705F34824F76EDB00DB17A4 /* Assets.xcassets */,
				F705F34D24F76EDB00DB17A4 /* LaunchScreen.storyboard */,
				F705F35024F76EDB00DB17A4 /* Info.plist */,
				F705F34324F76EDA00DB17A4 /* CoreDataProject.xcdatamodeld */,
				F705F34A24F76EDB00DB17A4 /* Preview Content */,
			);
			path = CoreDataProject;
			sourceTree = "<group>";
		};
		F705F34A24F76EDB00DB17A4 /* Preview Content */ = {
			isa = PBXGroup;
			children = (
				F705F34B24F76EDB00DB17A4 /* Preview Assets.xcassets */,
			);
			path = "Preview Content";
			sourceTree = "<group>";
		};
/* End PBXGroup section */

/* Begin PBXNativeTarget section */
		F705F33B24F76EDA00DB17A4 /* CoreDataProject */ = {
			isa = PBXNativeTarget;
			buildConfigurationList = F705F35324F76EDB00DB17A4 /* Build configuration list for PBXNativeTarget "CoreDataProject" */;
			buildPhases = (
				F705F33824F76EDA00DB17A4 /* Sources */,
				F705F33924F76EDA00DB17A4 /* Frameworks */,
				F705F33A24F76EDA00DB17A4 /* Resources */,
			);
			buildRules = (
			);
			dependencies = (
			);
			name = CoreDataProject;
			productName = CoreDataProject;
			productReference = F705F33C24F76EDA00DB17A4 /* CoreDataProject.app */;
			productType = "com.apple.product-type.application";
		};
/* End PBXNativeTarget section */

/* Begin PBXProject section */
		F705F33424F76ED900DB17A4 /* Project object */ = {
			isa = PBXProject;
			attributes = {
				LastSwiftUpdateCheck = 1160;
				LastUpgradeCheck = 1160;
				ORGANIZATIONNAME = "Radu Dan";
				TargetAttributes = {
					F705F33B24F76EDA00DB17A4 = {
						CreatedOnToolsVersion = 11.6;
					};
				};
			};
			buildConfigurationList = F705F33724F76ED900DB17A4 /* Build configuration list for PBXProject "CoreDataProject" */;
			compatibilityVersion = "Xcode 9.3";
			developmentRegion = en;
			hasScannedForEncodings = 0;
			knownRegions = (
				en,
				Base,
			);
			mainGroup = F705F33324F76ED900DB17A4;
			productRefGroup = F705F33D24F76EDA00DB17A4 /* Products */;
			projectDirPath = "";
			projectRoot = "";
			targets = (
				F705F33B24F76EDA00DB17A4 /* CoreDataProject */,
			);
		};
/* End PBXProject section */

/* Begin PBXResourcesBuildPhase section */
		F705F33A24F76EDA00DB17A4 /* Resources */ = {
			isa = PBXResourcesBuildPhase;
			buildActionMask = 2147483647;
			files = (
				F705F34F24F76EDB00DB17A4 /* LaunchScreen.storyboard in Resources */,
				F705F34C24F76EDB00DB17A4 /* Preview Assets.xcassets in Resources */,
				F705F34924F76EDB00DB17A4 /* Assets.xcassets in Resources */,
			);
			runOnlyForDeploymentPostprocessing = 0;
		};
/* End PBXResourcesBuildPhase section */

/* Begin PBXSourcesBuildPhase section */
		F705F33824F76EDA00DB17A4 /* Sources */ = {
			isa = PBXSourcesBuildPhase;
			buildActionMask = 2147483647;
			files = (
				F705F34024F76EDA00DB17A4 /* AppDelegate.swift in Sources */,
				F705F34224F76EDA00DB17A4 /* SceneDelegate.swift in Sources */,
				F705F34724F76EDA00DB17A4 /* ContentView.swift in Sources */,
				F705F35824F7710500DB17A4 /* Movie+CoreDataClass.swift in Sources */,
				F705F35924F7710500DB17A4 /* Movie+CoreDataProperties.swift in Sources */,
				F705F34524F76EDA00DB17A4 /* CoreDataProject.xcdatamodeld in Sources */,
				F7859C3E24FCBABC000F5FFA /* FilteredList.swift in Sources */,
			);
			runOnlyForDeploymentPostprocessing = 0;
		};
/* End PBXSourcesBuildPhase section */

/* Begin PBXVariantGroup section */
		F705F34D24F76EDB00DB17A4 /* LaunchScreen.storyboard */ = {
			isa = PBXVariantGroup;
			children = (
				F705F34E24F76EDB00DB17A4 /* Base */,
			);
			name = LaunchScreen.storyboard;
			sourceTree = "<group>";
		};
/* End PBXVariantGroup section */

/* Begin XCBuildConfiguration section */
		F705F35124F76EDB00DB17A4 /* Debug */ = {
			isa = XCBuildConfiguration;
			buildSettings = {
				ALWAYS_SEARCH_USER_PATHS = NO;
				CLANG_ANALYZER_NONNULL = YES;
				CLANG_ANALYZER_NUMBER_OBJECT_CONVERSION = YES_AGGRESSIVE;
				CLANG_CXX_LANGUAGE_STANDARD = "gnu++14";
				CLANG_CXX_LIBRARY = "libc++";
				CLANG_ENABLE_MODULES = YES;
				CLANG_ENABLE_OBJC_ARC = YES;
				CLANG_ENABLE_OBJC_WEAK = YES;
				CLANG_WARN_BLOCK_CAPTURE_AUTORELEASING = YES;
				CLANG_WARN_BOOL_CONVERSION = YES;
				CLANG_WARN_COMMA = YES;
				CLANG_WARN_CONSTANT_CONVERSION = YES;
				CLANG_WARN_DEPRECATED_OBJC_IMPLEMENTATIONS = YES;
				CLANG_WARN_DIRECT_OBJC_ISA_USAGE = YES_ERROR;
				CLANG_WARN_DOCUMENTATION_COMMENTS = YES;
				CLANG_WARN_EMPTY_BODY = YES;
				CLANG_WARN_ENUM_CONVERSION = YES;
				CLANG_WARN_INFINITE_RECURSION = YES;
				CLANG_WARN_INT_CONVERSION = YES;
				CLANG_WARN_NON_LITERAL_NULL_CONVERSION = YES;
				CLANG_WARN_OBJC_IMPLICIT_RETAIN_SELF = YES;
				CLANG_WARN_OBJC_LITERAL_CONVERSION = YES;
				CLANG_WARN_OBJC_ROOT_CLASS = YES_ERROR;
				CLANG_WARN_RANGE_LOOP_ANALYSIS = YES;
				CLANG_WARN_STRICT_PROTOTYPES = YES;
				CLANG_WARN_SUSPICIOUS_MOVE = YES;
				CLANG_WARN_UNGUARDED_AVAILABILITY = YES_AGGRESSIVE;
				CLANG_WARN_UNREACHABLE_CODE = YES;
				CLANG_WARN__DUPLICATE_METHOD_MATCH = YES;
				COPY_PHASE_STRIP = NO;
				DEBUG_INFORMATION_FORMAT = dwarf;
				ENABLE_STRICT_OBJC_MSGSEND = YES;
				ENABLE_TESTABILITY = YES;
				GCC_C_LANGUAGE_STANDARD = gnu11;
				GCC_DYNAMIC_NO_PIC = NO;
				GCC_NO_COMMON_BLOCKS = YES;
				GCC_OPTIMIZATION_LEVEL = 0;
				GCC_PREPROCESSOR_DEFINITIONS = (
					"DEBUG=1",
					"$(inherited)",
				);
				GCC_WARN_64_TO_32_BIT_CONVERSION = YES;
				GCC_WARN_ABOUT_RETURN_TYPE = YES_ERROR;
				GCC_WARN_UNDECLARED_SELECTOR = YES;
				GCC_WARN_UNINITIALIZED_AUTOS = YES_AGGRESSIVE;
				GCC_WARN_UNUSED_FUNCTION = YES;
				GCC_WARN_UNUSED_VARIABLE = YES;
				IPHONEOS_DEPLOYMENT_TARGET = 13.6;
				MTL_ENABLE_DEBUG_INFO = INCLUDE_SOURCE;
				MTL_FAST_MATH = YES;
				ONLY_ACTIVE_ARCH = YES;
				SDKROOT = iphoneos;
				SWIFT_ACTIVE_COMPILATION_CONDITIONS = DEBUG;
				SWIFT_OPTIMIZATION_LEVEL = "-Onone";
			};
			name = Debug;
		};
		F705F35224F76EDB00DB17A4 /* Release */ = {
			isa = XCBuildConfiguration;
			buildSettings = {
				ALWAYS_SEARCH_USER_PATHS = NO;
				CLANG_ANALYZER_NONNULL = YES;
				CLANG_ANALYZER_NUMBER_OBJECT_CONVERSION = YES_AGGRESSIVE;
				CLANG_CXX_LANGUAGE_STANDARD = "gnu++14";
				CLANG_CXX_LIBRARY = "libc++";
				CLANG_ENABLE_MODULES = YES;
				CLANG_ENABLE_OBJC_ARC = YES;
				CLANG_ENABLE_OBJC_WEAK = YES;
				CLANG_WARN_BLOCK_CAPTURE_AUTORELEASING = YES;
				CLANG_WARN_BOOL_CONVERSION = YES;
				CLANG_WARN_COMMA = YES;
				CLANG_WARN_CONSTANT_CONVERSION = YES;
				CLANG_WARN_DEPRECATED_OBJC_IMPLEMENTATIONS = YES;
				CLANG_WARN_DIRECT_OBJC_ISA_USAGE = YES_ERROR;
				CLANG_WARN_DOCUMENTATION_COMMENTS = YES;
				CLANG_WARN_EMPTY_BODY = YES;
				CLANG_WARN_ENUM_CONVERSION = YES;
				CLANG_WARN_INFINITE_RECURSION = YES;
				CLANG_WARN_INT_CONVERSION = YES;
				CLANG_WARN_NON_LITERAL_NULL_CONVERSION = YES;
				CLANG_WARN_OBJC_IMPLICIT_RETAIN_SELF = YES;
				CLANG_WARN_OBJC_LITERAL_CONVERSION = YES;
				CLANG_WARN_OBJC_ROOT_CLASS = YES_ERROR;
				CLANG_WARN_RANGE_LOOP_ANALYSIS = YES;
				CLANG_WARN_STRICT_PROTOTYPES = YES;
				CLANG_WARN_SUSPICIOUS_MOVE = YES;
				CLANG_WARN_UNGUARDED_AVAILABILITY = YES_AGGRESSIVE;
				CLANG_WARN_UNREACHABLE_CODE = YES;
				CLANG_WARN__DUPLICATE_METHOD_MATCH = YES;
				COPY_PHASE_STRIP = NO;
				DEBUG_INFORMATION_FORMAT = "dwarf-with-dsym";
				ENABLE_NS_ASSERTIONS = NO;
				ENABLE_STRICT_OBJC_MSGSEND = YES;
				GCC_C_LANGUAGE_STANDARD = gnu11;
				GCC_NO_COMMON_BLOCKS = YES;
				GCC_WARN_64_TO_32_BIT_CONVERSION = YES;
				GCC_WARN_ABOUT_RETURN_TYPE = YES_ERROR;
				GCC_WARN_UNDECLARED_SELECTOR = YES;
				GCC_WARN_UNINITIALIZED_AUTOS = YES_AGGRESSIVE;
				GCC_WARN_UNUSED_FUNCTION = YES;
				GCC_WARN_UNUSED_VARIABLE = YES;
				IPHONEOS_DEPLOYMENT_TARGET = 13.6;
				MTL_ENABLE_DEBUG_INFO = NO;
				MTL_FAST_MATH = YES;
				SDKROOT = iphoneos;
				SWIFT_COMPILATION_MODE = wholemodule;
				SWIFT_OPTIMIZATION_LEVEL = "-O";
				VALIDATE_PRODUCT = YES;
			};
			name = Release;
		};
		F705F35424F76EDB00DB17A4 /* Debug */ = {
			isa = XCBuildConfiguration;
			buildSettings = {
				ASSETCATALOG_COMPILER_APPICON_NAME = AppIcon;
				CODE_SIGN_STYLE = Automatic;
				DEVELOPMENT_ASSET_PATHS = "\"CoreDataProject/Preview Content\"";
				DEVELOPMENT_TEAM = 42L6GB6DU6;
				ENABLE_PREVIEWS = YES;
				INFOPLIST_FILE = CoreDataProject/Info.plist;
				LD_RUNPATH_SEARCH_PATHS = (
					"$(inherited)",
					"@executable_path/Frameworks",
				);
				PRODUCT_BUNDLE_IDENTIFIER = com.rdan.CoreDataProject;
				PRODUCT_NAME = "$(TARGET_NAME)";
				SWIFT_VERSION = 5.0;
				TARGETED_DEVICE_FAMILY = "1,2";
			};
			name = Debug;
		};
		F705F35524F76EDB00DB17A4 /* Release */ = {
			isa = XCBuildConfiguration;
			buildSettings = {
				ASSETCATALOG_COMPILER_APPICON_NAME = AppIcon;
				CODE_SIGN_STYLE = Automatic;
				DEVELOPMENT_ASSET_PATHS = "\"CoreDataProject/Preview Content\"";
				DEVELOPMENT_TEAM = 42L6GB6DU6;
				ENABLE_PREVIEWS = YES;
				INFOPLIST_FILE = CoreDataProject/Info.plist;
				LD_RUNPATH_SEARCH_PATHS = (
					"$(inherited)",
					"@executable_path/Frameworks",
				);
				PRODUCT_BUNDLE_IDENTIFIER = com.rdan.CoreDataProject;
				PRODUCT_NAME = "$(TARGET_NAME)";
				SWIFT_VERSION = 5.0;
				TARGETED_DEVICE_FAMILY = "1,2";
			};
			name = Release;
		};
/* End XCBuildConfiguration section */

/* Begin XCConfigurationList section */
		F705F33724F76ED900DB17A4 /* Build configuration list for PBXProject "CoreDataProject" */ = {
			isa = XCConfigurationList;
			buildConfigurations = (
				F705F35124F76EDB00DB17A4 /* Debug */,
				F705F35224F76EDB00DB17A4 /* Release */,
			);
			defaultConfigurationIsVisible = 0;
			defaultConfigurationName = Release;
		};
		F705F35324F76EDB00DB17A4 /* Build configuration list for PBXNativeTarget "CoreDataProject" */ = {
			isa = XCConfigurationList;
			buildConfigurations = (
				F705F35424F76EDB00DB17A4 /* Debug */,
				F705F35524F76EDB00DB17A4 /* Release */,
			);
			defaultConfigurationIsVisible = 0;
			defaultConfigurationName = Release;
		};
/* End XCConfigurationList section */

/* Begin XCVersionGroup section */
		F705F34324F76EDA00DB17A4 /* CoreDataProject.xcdatamodeld */ = {
			isa = XCVersionGroup;
			children = (
				F705F34424F76EDA00DB17A4 /* CoreDataProject.xcdatamodel */,
			);
			currentVersion = F705F34424F76EDA00DB17A4 /* CoreDataProject.xcdatamodel */;
			path = CoreDataProject.xcdatamodeld;
			sourceTree = "<group>";
			versionGroupType = wrapper.xcdatamodel;
		};
/* End XCVersionGroup section */
	};
	rootObject = F705F33424F76ED900DB17A4 /* Project object */;
}
