// !$*UTF8*$!
{
	archiveVersion = 1;
	classes = {
	};
	objectVersion = 50;
	objects = {

/* Begin PBXBuildFile section */
		F7B9AF6024D7ED9A00D736CA /* AppDelegate.swift in Sources */ = {isa = PBXBuildFile; fileRef = F7B9AF5F24D7ED9A00D736CA /* AppDelegate.swift */; };
		F7B9AF6224D7ED9A00D736CA /* SceneDelegate.swift in Sources */ = {isa = PBXBuildFile; fileRef = F7B9AF6124D7ED9A00D736CA /* SceneDelegate.swift */; };
		F7B9AF6424D7ED9A00D736CA /* ContentView.swift in Sources */ = {isa = PBXBuildFile; fileRef = F7B9AF6324D7ED9A00D736CA /* ContentView.swift */; };
		F7B9AF6624D7ED9B00D736CA /* Assets.xcassets in Resources */ = {isa = PBXBuildFile; fileRef = F7B9AF6524D7ED9B00D736CA /* Assets.xcassets */; };
		F7B9AF6924D7ED9B00D736CA /* Preview Assets.xcassets in Resources */ = {isa = PBXBuildFile; fileRef = F7B9AF6824D7ED9B00D736CA /* Preview Assets.xcassets */; };
		F7B9AF6C24D7ED9B00D736CA /* LaunchScreen.storyboard in Resources */ = {isa = PBXBuildFile; fileRef = F7B9AF6A24D7ED9B00D736CA /* LaunchScreen.storyboard */; };
		F7B9AF7424D7F2DC00D736CA /* ColorCyclingCircle.swift in Sources */ = {isa = PBXBuildFile; fileRef = F7B9AF7324D7F2DC00D736CA /* ColorCyclingCircle.swift */; };
		F7B9AF7624D7F5D200D736CA /* ColorCyclingRect.swift in Sources */ = {isa = PBXBuildFile; fileRef = F7B9AF7524D7F5D200D736CA /* ColorCyclingRect.swift */; };
/* End PBXBuildFile section */

/* Begin PBXFileReference section */
		F7B9AF5C24D7ED9A00D736CA /* ArrowChallenge.app */ = {isa = PBXFileReference; explicitFileType = wrapper.application; includeInIndex = 0; path = ArrowChallenge.app; sourceTree = BUILT_PRODUCTS_DIR; };
		F7B9AF5F24D7ED9A00D736CA /* AppDelegate.swift */ = {isa = PBXFileReference; lastKnownFileType = sourcecode.swift; path = AppDelegate.swift; sourceTree = "<group>"; };
		F7B9AF6124D7ED9A00D736CA /* SceneDelegate.swift */ = {isa = PBXFileReference; lastKnownFileType = sourcecode.swift; path = SceneDelegate.swift; sourceTree = "<group>"; };
		F7B9AF6324D7ED9A00D736CA /* ContentView.swift */ = {isa = PBXFileReference; lastKnownFileType = sourcecode.swift; path = ContentView.swift; sourceTree = "<group>"; };
		F7B9AF6524D7ED9B00D736CA /* Assets.xcassets */ = {isa = PBXFileReference; lastKnownFileType = folder.assetcatalog; path = Assets.xcassets; sourceTree = "<group>"; };
		F7B9AF6824D7ED9B00D736CA /* Preview Assets.xcassets */ = {isa = PBXFileReference; lastKnownFileType = folder.assetcatalog; path = "Preview Assets.xcassets"; sourceTree = "<group>"; };
		F7B9AF6B24D7ED9B00D736CA /* Base */ = {isa = PBXFileReference; lastKnownFileType = file.storyboard; name = Base; path = Base.lproj/LaunchScreen.storyboard; sourceTree = "<group>"; };
		F7B9AF6D24D7ED9B00D736CA /* Info.plist */ = {isa = PBXFileReference; lastKnownFileType = text.plist.xml; path = Info.plist; sourceTree = "<group>"; };
		F7B9AF7324D7F2DC00D736CA /* ColorCyclingCircle.swift */ = {isa = PBXFileReference; lastKnownFileType = sourcecode.swift; path = ColorCyclingCircle.swift; sourceTree = "<group>"; };
		F7B9AF7524D7F5D200D736CA /* ColorCyclingRect.swift */ = {isa = PBXFileReference; lastKnownFileType = sourcecode.swift; path = ColorCyclingRect.swift; sourceTree = "<group>"; };
/* End PBXFileReference section */

/* Begin PBXFrameworksBuildPhase section */
		F7B9AF5924D7ED9A00D736CA /* Frameworks */ = {
			isa = PBXFrameworksBuildPhase;
			buildActionMask = 2147483647;
			files = (
			);
			runOnlyForDeploymentPostprocessing = 0;
		};
/* End PBXFrameworksBuildPhase section */

/* Begin PBXGroup section */
		F7B9AF5324D7ED9A00D736CA = {
			isa = PBXGroup;
			children = (
				F7B9AF5E24D7ED9A00D736CA /* ArrowChallenge */,
				F7B9AF5D24D7ED9A00D736CA /* Products */,
			);
			sourceTree = "<group>";
		};
		F7B9AF5D24D7ED9A00D736CA /* Products */ = {
			isa = PBXGroup;
			children = (
				F7B9AF5C24D7ED9A00D736CA /* ArrowChallenge.app */,
			);
			name = Products;
			sourceTree = "<group>";
		};
		F7B9AF5E24D7ED9A00D736CA /* ArrowChallenge */ = {
			isa = PBXGroup;
			children = (
				F7B9AF5F24D7ED9A00D736CA /* AppDelegate.swift */,
				F7B9AF6124D7ED9A00D736CA /* SceneDelegate.swift */,
				F7B9AF6324D7ED9A00D736CA /* ContentView.swift */,
				F7B9AF7324D7F2DC00D736CA /* ColorCyclingCircle.swift */,
				F7B9AF7524D7F5D200D736CA /* ColorCyclingRect.swift */,
				F7B9AF6524D7ED9B00D736CA /* Assets.xcassets */,
				F7B9AF6A24D7ED9B00D736CA /* LaunchScreen.storyboard */,
				F7B9AF6D24D7ED9B00D736CA /* Info.plist */,
				F7B9AF6724D7ED9B00D736CA /* Preview Content */,
			);
			path = ArrowChallenge;
			sourceTree = "<group>";
		};
		F7B9AF6724D7ED9B00D736CA /* Preview Content */ = {
			isa = PBXGroup;
			children = (
				F7B9AF6824D7ED9B00D736CA /* Preview Assets.xcassets */,
			);
			path = "Preview Content";
			sourceTree = "<group>";
		};
/* End PBXGroup section */

/* Begin PBXNativeTarget section */
		F7B9AF5B24D7ED9A00D736CA /* ArrowChallenge */ = {
			isa = PBXNativeTarget;
			buildConfigurationList = F7B9AF7024D7ED9B00D736CA /* Build configuration list for PBXNativeTarget "ArrowChallenge" */;
			buildPhases = (
				F7B9AF5824D7ED9A00D736CA /* Sources */,
				F7B9AF5924D7ED9A00D736CA /* Frameworks */,
				F7B9AF5A24D7ED9A00D736CA /* Resources */,
			);
			buildRules = (
			);
			dependencies = (
			);
			name = ArrowChallenge;
			productName = ArrowChallenge;
			productReference = F7B9AF5C24D7ED9A00D736CA /* ArrowChallenge.app */;
			productType = "com.apple.product-type.application";
		};
/* End PBXNativeTarget section */

/* Begin PBXProject section */
		F7B9AF5424D7ED9A00D736CA /* Project object */ = {
			isa = PBXProject;
			attributes = {
				LastSwiftUpdateCheck = 1160;
				LastUpgradeCheck = 1160;
				ORGANIZATIONNAME = "Radu Dan";
				TargetAttributes = {
					F7B9AF5B24D7ED9A00D736CA = {
						CreatedOnToolsVersion = 11.6;
					};
				};
			};
			buildConfigurationList = F7B9AF5724D7ED9A00D736CA /* Build configuration list for PBXProject "ArrowChallenge" */;
			compatibilityVersion = "Xcode 9.3";
			developmentRegion = en;
			hasScannedForEncodings = 0;
			knownRegions = (
				en,
				Base,
			);
			mainGroup = F7B9AF5324D7ED9A00D736CA;
			productRefGroup = F7B9AF5D24D7ED9A00D736CA /* Products */;
			projectDirPath = "";
			projectRoot = "";
			targets = (
				F7B9AF5B24D7ED9A00D736CA /* ArrowChallenge */,
			);
		};
/* End PBXProject section */

/* Begin PBXResourcesBuildPhase section */
		F7B9AF5A24D7ED9A00D736CA /* Resources */ = {
			isa = PBXResourcesBuildPhase;
			buildActionMask = 2147483647;
			files = (
				F7B9AF6C24D7ED9B00D736CA /* LaunchScreen.storyboard in Resources */,
				F7B9AF6924D7ED9B00D736CA /* Preview Assets.xcassets in Resources */,
				F7B9AF6624D7ED9B00D736CA /* Assets.xcassets in Resources */,
			);
			runOnlyForDeploymentPostprocessing = 0;
		};
/* End PBXResourcesBuildPhase section */

/* Begin PBXSourcesBuildPhase section */
		F7B9AF5824D7ED9A00D736CA /* Sources */ = {
			isa = PBXSourcesBuildPhase;
			buildActionMask = 2147483647;
			files = (
				F7B9AF6024D7ED9A00D736CA /* AppDelegate.swift in Sources */,
				F7B9AF7624D7F5D200D736CA /* ColorCyclingRect.swift in Sources */,
				F7B9AF7424D7F2DC00D736CA /* ColorCyclingCircle.swift in Sources */,
				F7B9AF6224D7ED9A00D736CA /* SceneDelegate.swift in Sources */,
				F7B9AF6424D7ED9A00D736CA /* ContentView.swift in Sources */,
			);
			runOnlyForDeploymentPostprocessing = 0;
		};
/* End PBXSourcesBuildPhase section */

/* Begin PBXVariantGroup section */
		F7B9AF6A24D7ED9B00D736CA /* LaunchScreen.storyboard */ = {
			isa = PBXVariantGroup;
			children = (
				F7B9AF6B24D7ED9B00D736CA /* Base */,
			);
			name = LaunchScreen.storyboard;
			sourceTree = "<group>";
		};
/* End PBXVariantGroup section */

/* Begin XCBuildConfiguration section */
		F7B9AF6E24D7ED9B00D736CA /* Debug */ = {
			isa = XCBuildConfiguration;
			buildSettings = {
				ALWAYS_SEARCH_USER_PATHS = NO;
				CLANG_ANALYZER_NONNULL = YES;
				CLANG_ANALYZER_NUMBER_OBJECT_CONVERSION = YES_AGGRESSIVE;
				CLANG_CXX_LANGUAGE_STANDARD = "gnu++14";
				CLANG_CXX_LIBRARY = "libc++";
				CLANG_ENABLE_MODULES = YES;
				CLANG_ENABLE_OBJC_ARC = YES;
				CLANG_ENABLE_OBJC_WEAK = YES;
				CLANG_WARN_BLOCK_CAPTURE_AUTORELEASING = YES;
				CLANG_WARN_BOOL_CONVERSION = YES;
				CLANG_WARN_COMMA = YES;
				CLANG_WARN_CONSTANT_CONVERSION = YES;
				CLANG_WARN_DEPRECATED_OBJC_IMPLEMENTATIONS = YES;
				CLANG_WARN_DIRECT_OBJC_ISA_USAGE = YES_ERROR;
				CLANG_WARN_DOCUMENTATION_COMMENTS = YES;
				CLANG_WARN_EMPTY_BODY = YES;
				CLANG_WARN_ENUM_CONVERSION = YES;
				CLANG_WARN_INFINITE_RECURSION = YES;
				CLANG_WARN_INT_CONVERSION = YES;
				CLANG_WARN_NON_LITERAL_NULL_CONVERSION = YES;
				CLANG_WARN_OBJC_IMPLICIT_RETAIN_SELF = YES;
				CLANG_WARN_OBJC_LITERAL_CONVERSION = YES;
				CLANG_WARN_OBJC_ROOT_CLASS = YES_ERROR;
				CLANG_WARN_RANGE_LOOP_ANALYSIS = YES;
				CLANG_WARN_STRICT_PROTOTYPES = YES;
				CLANG_WARN_SUSPICIOUS_MOVE = YES;
				CLANG_WARN_UNGUARDED_AVAILABILITY = YES_AGGRESSIVE;
				CLANG_WARN_UNREACHABLE_CODE = YES;
				CLANG_WARN__DUPLICATE_METHOD_MATCH = YES;
				COPY_PHASE_STRIP = NO;
				DEBUG_INFORMATION_FORMAT = dwarf;
				ENABLE_STRICT_OBJC_MSGSEND = YES;
				ENABLE_TESTABILITY = YES;
				GCC_C_LANGUAGE_STANDARD = gnu11;
				GCC_DYNAMIC_NO_PIC = NO;
				GCC_NO_COMMON_BLOCKS = YES;
				GCC_OPTIMIZATION_LEVEL = 0;
				GCC_PREPROCESSOR_DEFINITIONS = (
					"DEBUG=1",
					"$(inherited)",
				);
				GCC_WARN_64_TO_32_BIT_CONVERSION = YES;
				GCC_WARN_ABOUT_RETURN_TYPE = YES_ERROR;
				GCC_WARN_UNDECLARED_SELECTOR = YES;
				GCC_WARN_UNINITIALIZED_AUTOS = YES_AGGRESSIVE;
				GCC_WARN_UNUSED_FUNCTION = YES;
				GCC_WARN_UNUSED_VARIABLE = YES;
				IPHONEOS_DEPLOYMENT_TARGET = 13.6;
				MTL_ENABLE_DEBUG_INFO = INCLUDE_SOURCE;
				MTL_FAST_MATH = YES;
				ONLY_ACTIVE_ARCH = YES;
				SDKROOT = iphoneos;
				SWIFT_ACTIVE_COMPILATION_CONDITIONS = DEBUG;
				SWIFT_OPTIMIZATION_LEVEL = "-Onone";
			};
			name = Debug;
		};
		F7B9AF6F24D7ED9B00D736CA /* Release */ = {
			isa = XCBuildConfiguration;
			buildSettings = {
				ALWAYS_SEARCH_USER_PATHS = NO;
				CLANG_ANALYZER_NONNULL = YES;
				CLANG_ANALYZER_NUMBER_OBJECT_CONVERSION = YES_AGGRESSIVE;
				CLANG_CXX_LANGUAGE_STANDARD = "gnu++14";
				CLANG_CXX_LIBRARY = "libc++";
				CLANG_ENABLE_MODULES = YES;
				CLANG_ENABLE_OBJC_ARC = YES;
				CLANG_ENABLE_OBJC_WEAK = YES;
				CLANG_WARN_BLOCK_CAPTURE_AUTORELEASING = YES;
				CLANG_WARN_BOOL_CONVERSION = YES;
				CLANG_WARN_COMMA = YES;
				CLANG_WARN_CONSTANT_CONVERSION = YES;
				CLANG_WARN_DEPRECATED_OBJC_IMPLEMENTATIONS = YES;
				CLANG_WARN_DIRECT_OBJC_ISA_USAGE = YES_ERROR;
				CLANG_WARN_DOCUMENTATION_COMMENTS = YES;
				CLANG_WARN_EMPTY_BODY = YES;
				CLANG_WARN_ENUM_CONVERSION = YES;
				CLANG_WARN_INFINITE_RECURSION = YES;
				CLANG_WARN_INT_CONVERSION = YES;
				CLANG_WARN_NON_LITERAL_NULL_CONVERSION = YES;
				CLANG_WARN_OBJC_IMPLICIT_RETAIN_SELF = YES;
				CLANG_WARN_OBJC_LITERAL_CONVERSION = YES;
				CLANG_WARN_OBJC_ROOT_CLASS = YES_ERROR;
				CLANG_WARN_RANGE_LOOP_ANALYSIS = YES;
				CLANG_WARN_STRICT_PROTOTYPES = YES;
				CLANG_WARN_SUSPICIOUS_MOVE = YES;
				CLANG_WARN_UNGUARDED_AVAILABILITY = YES_AGGRESSIVE;
				CLANG_WARN_UNREACHABLE_CODE = YES;
				CLANG_WARN__DUPLICATE_METHOD_MATCH = YES;
				COPY_PHASE_STRIP = NO;
				DEBUG_INFORMATION_FORMAT = "dwarf-with-dsym";
				ENABLE_NS_ASSERTIONS = NO;
				ENABLE_STRICT_OBJC_MSGSEND = YES;
				GCC_C_LANGUAGE_STANDARD = gnu11;
				GCC_NO_COMMON_BLOCKS = YES;
				GCC_WARN_64_TO_32_BIT_CONVERSION = YES;
				GCC_WARN_ABOUT_RETURN_TYPE = YES_ERROR;
				GCC_WARN_UNDECLARED_SELECTOR = YES;
				GCC_WARN_UNINITIALIZED_AUTOS = YES_AGGRESSIVE;
				GCC_WARN_UNUSED_FUNCTION = YES;
				GCC_WARN_UNUSED_VARIABLE = YES;
				IPHONEOS_DEPLOYMENT_TARGET = 13.6;
				MTL_ENABLE_DEBUG_INFO = NO;
				MTL_FAST_MATH = YES;
				SDKROOT = iphoneos;
				SWIFT_COMPILATION_MODE = wholemodule;
				SWIFT_OPTIMIZATION_LEVEL = "-O";
				VALIDATE_PRODUCT = YES;
			};
			name = Release;
		};
		F7B9AF7124D7ED9B00D736CA /* Debug */ = {
			isa = XCBuildConfiguration;
			buildSettings = {
				ASSETCATALOG_COMPILER_APPICON_NAME = AppIcon;
				CODE_SIGN_STYLE = Automatic;
				DEVELOPMENT_ASSET_PATHS = "\"ArrowChallenge/Preview Content\"";
				DEVELOPMENT_TEAM = 42L6GB6DU6;
				ENABLE_PREVIEWS = YES;
				INFOPLIST_FILE = ArrowChallenge/Info.plist;
				LD_RUNPATH_SEARCH_PATHS = (
					"$(inherited)",
					"@executable_path/Frameworks",
				);
				PRODUCT_BUNDLE_IDENTIFIER = com.rdan.ArrowChallenge;
				PRODUCT_NAME = "$(TARGET_NAME)";
				SWIFT_VERSION = 5.0;
				TARGETED_DEVICE_FAMILY = "1,2";
			};
			name = Debug;
		};
		F7B9AF7224D7ED9B00D736CA /* Release */ = {
			isa = XCBuildConfiguration;
			buildSettings = {
				ASSETCATALOG_COMPILER_APPICON_NAME = AppIcon;
				CODE_SIGN_STYLE = Automatic;
				DEVELOPMENT_ASSET_PATHS = "\"ArrowChallenge/Preview Content\"";
				DEVELOPMENT_TEAM = 42L6GB6DU6;
				ENABLE_PREVIEWS = YES;
				INFOPLIST_FILE = ArrowChallenge/Info.plist;
				LD_RUNPATH_SEARCH_PATHS = (
					"$(inherited)",
					"@executable_path/Frameworks",
				);
				PRODUCT_BUNDLE_IDENTIFIER = com.rdan.ArrowChallenge;
				PRODUCT_NAME = "$(TARGET_NAME)";
				SWIFT_VERSION = 5.0;
				TARGETED_DEVICE_FAMILY = "1,2";
			};
			name = Release;
		};
/* End XCBuildConfiguration section */

/* Begin XCConfigurationList section */
		F7B9AF5724D7ED9A00D736CA /* Build configuration list for PBXProject "ArrowChallenge" */ = {
			isa = XCConfigurationList;
			buildConfigurations = (
				F7B9AF6E24D7ED9B00D736CA /* Debug */,
				F7B9AF6F24D7ED9B00D736CA /* Release */,
			);
			defaultConfigurationIsVisible = 0;
			defaultConfigurationName = Release;
		};
		F7B9AF7024D7ED9B00D736CA /* Build configuration list for PBXNativeTarget "ArrowChallenge" */ = {
			isa = XCConfigurationList;
			buildConfigurations = (
				F7B9AF7124D7ED9B00D736CA /* Debug */,
				F7B9AF7224D7ED9B00D736CA /* Release */,
			);
			defaultConfigurationIsVisible = 0;
			defaultConfigurationName = Release;
		};
/* End XCConfigurationList section */
	};
	rootObject = F7B9AF5424D7ED9A00D736CA /* Project object */;
}
