// !$*UTF8*$!
{
	archiveVersion = 1;
	classes = {
	};
	objectVersion = 50;
	objects = {

/* Begin PBXBuildFile section */
		F7BDD79625356E3C00D29B0D /* SwiftUI63CoreImageApp.swift in Sources */ = {isa = PBXBuildFile; fileRef = F7BDD79525356E3C00D29B0D /* SwiftUI63CoreImageApp.swift */; };
		F7BDD79825356E3C00D29B0D /* ContentView.swift in Sources */ = {isa = PBXBuildFile; fileRef = F7BDD79725356E3C00D29B0D /* ContentView.swift */; };
		F7BDD79A25356E3D00D29B0D /* Assets.xcassets in Resources */ = {isa = PBXBuildFile; fileRef = F7BDD79925356E3D00D29B0D /* Assets.xcassets */; };
		F7BDD79D25356E3D00D29B0D /* Preview Assets.xcassets in Resources */ = {isa = PBXBuildFile; fileRef = F7BDD79C25356E3D00D29B0D /* Preview Assets.xcassets */; };
		F7BDD7A6253571A500D29B0D /* FilterImageView.swift in Sources */ = {isa = PBXBuildFile; fileRef = F7BDD7A5253571A500D29B0D /* FilterImageView.swift */; };
		F7BDD7A9253571DE00D29B0D /* ImagePicker.swift in Sources */ = {isa = PBXBuildFile; fileRef = F7BDD7A8253571DE00D29B0D /* ImagePicker.swift */; };
/* End PBXBuildFile section */

/* Begin PBXFileReference section */
		F7BDD79225356E3C00D29B0D /* SwiftUI63CoreImage.app */ = {isa = PBXFileReference; explicitFileType = wrapper.application; includeInIndex = 0; path = SwiftUI63CoreImage.app; sourceTree = BUILT_PRODUCTS_DIR; };
		F7BDD79525356E3C00D29B0D /* SwiftUI63CoreImageApp.swift */ = {isa = PBXFileReference; lastKnownFileType = sourcecode.swift; path = SwiftUI63CoreImageApp.swift; sourceTree = "<group>"; };
		F7BDD79725356E3C00D29B0D /* ContentView.swift */ = {isa = PBXFileReference; lastKnownFileType = sourcecode.swift; path = ContentView.swift; sourceTree = "<group>"; };
		F7BDD79925356E3D00D29B0D /* Assets.xcassets */ = {isa = PBXFileReference; lastKnownFileType = folder.assetcatalog; path = Assets.xcassets; sourceTree = "<group>"; };
		F7BDD79C25356E3D00D29B0D /* Preview Assets.xcassets */ = {isa = PBXFileReference; lastKnownFileType = folder.assetcatalog; path = "Preview Assets.xcassets"; sourceTree = "<group>"; };
		F7BDD79E25356E3D00D29B0D /* Info.plist */ = {isa = PBXFileReference; lastKnownFileType = text.plist.xml; path = Info.plist; sourceTree = "<group>"; };
		F7BDD7A5253571A500D29B0D /* FilterImageView.swift */ = {isa = PBXFileReference; lastKnownFileType = sourcecode.swift; path = FilterImageView.swift; sourceTree = "<group>"; };
		F7BDD7A8253571DE00D29B0D /* ImagePicker.swift */ = {isa = PBXFileReference; lastKnownFileType = sourcecode.swift; path = ImagePicker.swift; sourceTree = "<group>"; };
/* End PBXFileReference section */

/* Begin PBXFrameworksBuildPhase section */
		F7BDD78F25356E3C00D29B0D /* Frameworks */ = {
			isa = PBXFrameworksBuildPhase;
			buildActionMask = 2147483647;
			files = (
			);
			runOnlyForDeploymentPostprocessing = 0;
		};
/* End PBXFrameworksBuildPhase section */

/* Begin PBXGroup section */
		F7BDD78925356E3C00D29B0D = {
			isa = PBXGroup;
			children = (
				F7BDD79425356E3C00D29B0D /* SwiftUI63CoreImage */,
				F7BDD79325356E3C00D29B0D /* Products */,
			);
			sourceTree = "<group>";
		};
		F7BDD79325356E3C00D29B0D /* Products */ = {
			isa = PBXGroup;
			children = (
				F7BDD79225356E3C00D29B0D /* SwiftUI63CoreImage.app */,
			);
			name = Products;
			sourceTree = "<group>";
		};
		F7BDD79425356E3C00D29B0D /* SwiftUI63CoreImage */ = {
			isa = PBXGroup;
			children = (
				F7BDD79525356E3C00D29B0D /* SwiftUI63CoreImageApp.swift */,
				F7BDD79725356E3C00D29B0D /* ContentView.swift */,
				F7BDD7A8253571DE00D29B0D /* ImagePicker.swift */,
				F7BDD7A5253571A500D29B0D /* FilterImageView.swift */,
				F7BDD79925356E3D00D29B0D /* Assets.xcassets */,
				F7BDD79E25356E3D00D29B0D /* Info.plist */,
				F7BDD79B25356E3D00D29B0D /* Preview Content */,
			);
			path = SwiftUI63CoreImage;
			sourceTree = "<group>";
		};
		F7BDD79B25356E3D00D29B0D /* Preview Content */ = {
			isa = PBXGroup;
			children = (
				F7BDD79C25356E3D00D29B0D /* Preview Assets.xcassets */,
			);
			path = "Preview Content";
			sourceTree = "<group>";
		};
/* End PBXGroup section */

/* Begin PBXNativeTarget section */
		F7BDD79125356E3C00D29B0D /* SwiftUI63CoreImage */ = {
			isa = PBXNativeTarget;
			buildConfigurationList = F7BDD7A125356E3D00D29B0D /* Build configuration list for PBXNativeTarget "SwiftUI63CoreImage" */;
			buildPhases = (
				F7BDD78E25356E3C00D29B0D /* Sources */,
				F7BDD78F25356E3C00D29B0D /* Frameworks */,
				F7BDD79025356E3C00D29B0D /* Resources */,
			);
			buildRules = (
			);
			dependencies = (
			);
			name = SwiftUI63CoreImage;
			productName = SwiftUI63CoreImage;
			productReference = F7BDD79225356E3C00D29B0D /* SwiftUI63CoreImage.app */;
			productType = "com.apple.product-type.application";
		};
/* End PBXNativeTarget section */

/* Begin PBXProject section */
		F7BDD78A25356E3C00D29B0D /* Project object */ = {
			isa = PBXProject;
			attributes = {
				LastSwiftUpdateCheck = 1200;
				LastUpgradeCheck = 1200;
				TargetAttributes = {
					F7BDD79125356E3C00D29B0D = {
						CreatedOnToolsVersion = 12.0.1;
					};
				};
			};
			buildConfigurationList = F7BDD78D25356E3C00D29B0D /* Build configuration list for PBXProject "SwiftUI63CoreImage" */;
			compatibilityVersion = "Xcode 9.3";
			developmentRegion = en;
			hasScannedForEncodings = 0;
			knownRegions = (
				en,
				Base,
			);
			mainGroup = F7BDD78925356E3C00D29B0D;
			productRefGroup = F7BDD79325356E3C00D29B0D /* Products */;
			projectDirPath = "";
			projectRoot = "";
			targets = (
				F7BDD79125356E3C00D29B0D /* SwiftUI63CoreImage */,
			);
		};
/* End PBXProject section */

/* Begin PBXResourcesBuildPhase section */
		F7BDD79025356E3C00D29B0D /* Resources */ = {
			isa = PBXResourcesBuildPhase;
			buildActionMask = 2147483647;
			files = (
				F7BDD79D25356E3D00D29B0D /* Preview Assets.xcassets in Resources */,
				F7BDD79A25356E3D00D29B0D /* Assets.xcassets in Resources */,
			);
			runOnlyForDeploymentPostprocessing = 0;
		};
/* End PBXResourcesBuildPhase section */

/* Begin PBXSourcesBuildPhase section */
		F7BDD78E25356E3C00D29B0D /* Sources */ = {
			isa = PBXSourcesBuildPhase;
			buildActionMask = 2147483647;
			files = (
				F7BDD79825356E3C00D29B0D /* ContentView.swift in Sources */,
				F7BDD7A9253571DE00D29B0D /* ImagePicker.swift in Sources */,
				F7BDD79625356E3C00D29B0D /* SwiftUI63CoreImageApp.swift in Sources */,
				F7BDD7A6253571A500D29B0D /* FilterImageView.swift in Sources */,
			);
			runOnlyForDeploymentPostprocessing = 0;
		};
/* End PBXSourcesBuildPhase section */

/* Begin XCBuildConfiguration section */
		F7BDD79F25356E3D00D29B0D /* Debug */ = {
			isa = XCBuildConfiguration;
			buildSettings = {
				ALWAYS_SEARCH_USER_PATHS = NO;
				CLANG_ANALYZER_NONNULL = YES;
				CLANG_ANALYZER_NUMBER_OBJECT_CONVERSION = YES_AGGRESSIVE;
				CLANG_CXX_LANGUAGE_STANDARD = "gnu++14";
				CLANG_CXX_LIBRARY = "libc++";
				CLANG_ENABLE_MODULES = YES;
				CLANG_ENABLE_OBJC_ARC = YES;
				CLANG_ENABLE_OBJC_WEAK = YES;
				CLANG_WARN_BLOCK_CAPTURE_AUTORELEASING = YES;
				CLANG_WARN_BOOL_CONVERSION = YES;
				CLANG_WARN_COMMA = YES;
				CLANG_WARN_CONSTANT_CONVERSION = YES;
				CLANG_WARN_DEPRECATED_OBJC_IMPLEMENTATIONS = YES;
				CLANG_WARN_DIRECT_OBJC_ISA_USAGE = YES_ERROR;
				CLANG_WARN_DOCUMENTATION_COMMENTS = YES;
				CLANG_WARN_EMPTY_BODY = YES;
				CLANG_WARN_ENUM_CONVERSION = YES;
				CLANG_WARN_INFINITE_RECURSION = YES;
				CLANG_WARN_INT_CONVERSION = YES;
				CLANG_WARN_NON_LITERAL_NULL_CONVERSION = YES;
				CLANG_WARN_OBJC_IMPLICIT_RETAIN_SELF = YES;
				CLANG_WARN_OBJC_LITERAL_CONVERSION = YES;
				CLANG_WARN_OBJC_ROOT_CLASS = YES_ERROR;
				CLANG_WARN_QUOTED_INCLUDE_IN_FRAMEWORK_HEADER = YES;
				CLANG_WARN_RANGE_LOOP_ANALYSIS = YES;
				CLANG_WARN_STRICT_PROTOTYPES = YES;
				CLANG_WARN_SUSPICIOUS_MOVE = YES;
				CLANG_WARN_UNGUARDED_AVAILABILITY = YES_AGGRESSIVE;
				CLANG_WARN_UNREACHABLE_CODE = YES;
				CLANG_WARN__DUPLICATE_METHOD_MATCH = YES;
				COPY_PHASE_STRIP = NO;
				DEBUG_INFORMATION_FORMAT = dwarf;
				ENABLE_STRICT_OBJC_MSGSEND = YES;
				ENABLE_TESTABILITY = YES;
				GCC_C_LANGUAGE_STANDARD = gnu11;
				GCC_DYNAMIC_NO_PIC = NO;
				GCC_NO_COMMON_BLOCKS = YES;
				GCC_OPTIMIZATION_LEVEL = 0;
				GCC_PREPROCESSOR_DEFINITIONS = (
					"DEBUG=1",
					"$(inherited)",
				);
				GCC_WARN_64_TO_32_BIT_CONVERSION = YES;
				GCC_WARN_ABOUT_RETURN_TYPE = YES_ERROR;
				GCC_WARN_UNDECLARED_SELECTOR = YES;
				GCC_WARN_UNINITIALIZED_AUTOS = YES_AGGRESSIVE;
				GCC_WARN_UNUSED_FUNCTION = YES;
				GCC_WARN_UNUSED_VARIABLE = YES;
				IPHONEOS_DEPLOYMENT_TARGET = 14.0;
				MTL_ENABLE_DEBUG_INFO = INCLUDE_SOURCE;
				MTL_FAST_MATH = YES;
				ONLY_ACTIVE_ARCH = YES;
				SDKROOT = iphoneos;
				SWIFT_ACTIVE_COMPILATION_CONDITIONS = DEBUG;
				SWIFT_OPTIMIZATION_LEVEL = "-Onone";
			};
			name = Debug;
		};
		F7BDD7A025356E3D00D29B0D /* Release */ = {
			isa = XCBuildConfiguration;
			buildSettings = {
				ALWAYS_SEARCH_USER_PATHS = NO;
				CLANG_ANALYZER_NONNULL = YES;
				CLANG_ANALYZER_NUMBER_OBJECT_CONVERSION = YES_AGGRESSIVE;
				CLANG_CXX_LANGUAGE_STANDARD = "gnu++14";
				CLANG_CXX_LIBRARY = "libc++";
				CLANG_ENABLE_MODULES = YES;
				CLANG_ENABLE_OBJC_ARC = YES;
				CLANG_ENABLE_OBJC_WEAK = YES;
				CLANG_WARN_BLOCK_CAPTURE_AUTORELEASING = YES;
				CLANG_WARN_BOOL_CONVERSION = YES;
				CLANG_WARN_COMMA = YES;
				CLANG_WARN_CONSTANT_CONVERSION = YES;
				CLANG_WARN_DEPRECATED_OBJC_IMPLEMENTATIONS = YES;
				CLANG_WARN_DIRECT_OBJC_ISA_USAGE = YES_ERROR;
				CLANG_WARN_DOCUMENTATION_COMMENTS = YES;
				CLANG_WARN_EMPTY_BODY = YES;
				CLANG_WARN_ENUM_CONVERSION = YES;
				CLANG_WARN_INFINITE_RECURSION = YES;
				CLANG_WARN_INT_CONVERSION = YES;
				CLANG_WARN_NON_LITERAL_NULL_CONVERSION = YES;
				CLANG_WARN_OBJC_IMPLICIT_RETAIN_SELF = YES;
				CLANG_WARN_OBJC_LITERAL_CONVERSION = YES;
				CLANG_WARN_OBJC_ROOT_CLASS = YES_ERROR;
				CLANG_WARN_QUOTED_INCLUDE_IN_FRAMEWORK_HEADER = YES;
				CLANG_WARN_RANGE_LOOP_ANALYSIS = YES;
				CLANG_WARN_STRICT_PROTOTYPES = YES;
				CLANG_WARN_SUSPICIOUS_MOVE = YES;
				CLANG_WARN_UNGUARDED_AVAILABILITY = YES_AGGRESSIVE;
				CLANG_WARN_UNREACHABLE_CODE = YES;
				CLANG_WARN__DUPLICATE_METHOD_MATCH = YES;
				COPY_PHASE_STRIP = NO;
				DEBUG_INFORMATION_FORMAT = "dwarf-with-dsym";
				ENABLE_NS_ASSERTIONS = NO;
				ENABLE_STRICT_OBJC_MSGSEND = YES;
				GCC_C_LANGUAGE_STANDARD = gnu11;
				GCC_NO_COMMON_BLOCKS = YES;
				GCC_WARN_64_TO_32_BIT_CONVERSION = YES;
				GCC_WARN_ABOUT_RETURN_TYPE = YES_ERROR;
				GCC_WARN_UNDECLARED_SELECTOR = YES;
				GCC_WARN_UNINITIALIZED_AUTOS = YES_AGGRESSIVE;
				GCC_WARN_UNUSED_FUNCTION = YES;
				GCC_WARN_UNUSED_VARIABLE = YES;
				IPHONEOS_DEPLOYMENT_TARGET = 14.0;
				MTL_ENABLE_DEBUG_INFO = NO;
				MTL_FAST_MATH = YES;
				SDKROOT = iphoneos;
				SWIFT_COMPILATION_MODE = wholemodule;
				SWIFT_OPTIMIZATION_LEVEL = "-O";
				VALIDATE_PRODUCT = YES;
			};
			name = Release;
		};
		F7BDD7A225356E3D00D29B0D /* Debug */ = {
			isa = XCBuildConfiguration;
			buildSettings = {
				ASSETCATALOG_COMPILER_APPICON_NAME = AppIcon;
				ASSETCATALOG_COMPILER_GLOBAL_ACCENT_COLOR_NAME = AccentColor;
				CODE_SIGN_STYLE = Automatic;
				DEVELOPMENT_ASSET_PATHS = "\"SwiftUI63CoreImage/Preview Content\"";
				DEVELOPMENT_TEAM = 42L6GB6DU6;
				ENABLE_PREVIEWS = YES;
				INFOPLIST_FILE = SwiftUI63CoreImage/Info.plist;
				IPHONEOS_DEPLOYMENT_TARGET = 14.0;
				LD_RUNPATH_SEARCH_PATHS = (
					"$(inherited)",
					"@executable_path/Frameworks",
				);
				PRODUCT_BUNDLE_IDENTIFIER = com.rdan.SwiftUI63CoreImage;
				PRODUCT_NAME = "$(TARGET_NAME)";
				SWIFT_VERSION = 5.0;
				TARGETED_DEVICE_FAMILY = "1,2";
			};
			name = Debug;
		};
		F7BDD7A325356E3D00D29B0D /* Release */ = {
			isa = XCBuildConfiguration;
			buildSettings = {
				ASSETCATALOG_COMPILER_APPICON_NAME = AppIcon;
				ASSETCATALOG_COMPILER_GLOBAL_ACCENT_COLOR_NAME = AccentColor;
				CODE_SIGN_STYLE = Automatic;
				DEVELOPMENT_ASSET_PATHS = "\"SwiftUI63CoreImage/Preview Content\"";
				DEVELOPMENT_TEAM = 42L6GB6DU6;
				ENABLE_PREVIEWS = YES;
				INFOPLIST_FILE = SwiftUI63CoreImage/Info.plist;
				IPHONEOS_DEPLOYMENT_TARGET = 14.0;
				LD_RUNPATH_SEARCH_PATHS = (
					"$(inherited)",
					"@executable_path/Frameworks",
				);
				PRODUCT_BUNDLE_IDENTIFIER = com.rdan.SwiftUI63CoreImage;
				PRODUCT_NAME = "$(TARGET_NAME)";
				SWIFT_VERSION = 5.0;
				TARGETED_DEVICE_FAMILY = "1,2";
			};
			name = Release;
		};
/* End XCBuildConfiguration section */

/* Begin XCConfigurationList section */
		F7BDD78D25356E3C00D29B0D /* Build configuration list for PBXProject "SwiftUI63CoreImage" */ = {
			isa = XCConfigurationList;
			buildConfigurations = (
				F7BDD79F25356E3D00D29B0D /* Debug */,
				F7BDD7A025356E3D00D29B0D /* Release */,
			);
			defaultConfigurationIsVisible = 0;
			defaultConfigurationName = Release;
		};
		F7BDD7A125356E3D00D29B0D /* Build configuration list for PBXNativeTarget "SwiftUI63CoreImage" */ = {
			isa = XCConfigurationList;
			buildConfigurations = (
				F7BDD7A225356E3D00D29B0D /* Debug */,
				F7BDD7A325356E3D00D29B0D /* Release */,
			);
			defaultConfigurationIsVisible = 0;
			defaultConfigurationName = Release;
		};
/* End XCConfigurationList section */
	};
	rootObject = F7BDD78A25356E3C00D29B0D /* Project object */;
}
