// !$*UTF8*$!
{
	archiveVersion = 1;
	classes = {
	};
	objectVersion = 50;
	objects = {

/* Begin PBXBuildFile section */
		F745E3CF24FE0F3200E8F338 /* AppDelegate.swift in Sources */ = {isa = PBXBuildFile; fileRef = F745E3CE24FE0F3200E8F338 /* AppDelegate.swift */; };
		F745E3D124FE0F3200E8F338 /* SceneDelegate.swift in Sources */ = {isa = PBXBuildFile; fileRef = F745E3D024FE0F3200E8F338 /* SceneDelegate.swift */; };
		F745E3D424FE0F3200E8F338 /* FriendFace.xcdatamodeld in Sources */ = {isa = PBXBuildFile; fileRef = F745E3D224FE0F3200E8F338 /* FriendFace.xcdatamodeld */; };
		F745E3D624FE0F3200E8F338 /* ContentView.swift in Sources */ = {isa = PBXBuildFile; fileRef = F745E3D524FE0F3200E8F338 /* ContentView.swift */; };
		F745E3D824FE0F3300E8F338 /* Assets.xcassets in Resources */ = {isa = PBXBuildFile; fileRef = F745E3D724FE0F3300E8F338 /* Assets.xcassets */; };
		F745E3DB24FE0F3300E8F338 /* Preview Assets.xcassets in Resources */ = {isa = PBXBuildFile; fileRef = F745E3DA24FE0F3300E8F338 /* Preview Assets.xcassets */; };
		F745E3DE24FE0F3300E8F338 /* LaunchScreen.storyboard in Resources */ = {isa = PBXBuildFile; fileRef = F745E3DC24FE0F3300E8F338 /* LaunchScreen.storyboard */; };
		F745E3E624FE133000E8F338 /* DataLoader.swift in Sources */ = {isa = PBXBuildFile; fileRef = F745E3E524FE133000E8F338 /* DataLoader.swift */; };
		F745E3E824FE147400E8F338 /* User.swift in Sources */ = {isa = PBXBuildFile; fileRef = F745E3E724FE147300E8F338 /* User.swift */; };
		F76D274924FF54C50033FE2C /* UserDetailView.swift in Sources */ = {isa = PBXBuildFile; fileRef = F76D274824FF54C50033FE2C /* UserDetailView.swift */; };
/* End PBXBuildFile section */

/* Begin PBXFileReference section */
		F745E3CB24FE0F3200E8F338 /* FriendFace.app */ = {isa = PBXFileReference; explicitFileType = wrapper.application; includeInIndex = 0; path = FriendFace.app; sourceTree = BUILT_PRODUCTS_DIR; };
		F745E3CE24FE0F3200E8F338 /* AppDelegate.swift */ = {isa = PBXFileReference; lastKnownFileType = sourcecode.swift; path = AppDelegate.swift; sourceTree = "<group>"; };
		F745E3D024FE0F3200E8F338 /* SceneDelegate.swift */ = {isa = PBXFileReference; lastKnownFileType = sourcecode.swift; path = SceneDelegate.swift; sourceTree = "<group>"; };
		F745E3D324FE0F3200E8F338 /* FriendFace.xcdatamodel */ = {isa = PBXFileReference; lastKnownFileType = wrapper.xcdatamodel; path = FriendFace.xcdatamodel; sourceTree = "<group>"; };
		F745E3D524FE0F3200E8F338 /* ContentView.swift */ = {isa = PBXFileReference; lastKnownFileType = sourcecode.swift; path = ContentView.swift; sourceTree = "<group>"; };
		F745E3D724FE0F3300E8F338 /* Assets.xcassets */ = {isa = PBXFileReference; lastKnownFileType = folder.assetcatalog; path = Assets.xcassets; sourceTree = "<group>"; };
		F745E3DA24FE0F3300E8F338 /* Preview Assets.xcassets */ = {isa = PBXFileReference; lastKnownFileType = folder.assetcatalog; path = "Preview Assets.xcassets"; sourceTree = "<group>"; };
		F745E3DD24FE0F3300E8F338 /* Base */ = {isa = PBXFileReference; lastKnownFileType = file.storyboard; name = Base; path = Base.lproj/LaunchScreen.storyboard; sourceTree = "<group>"; };
		F745E3DF24FE0F3300E8F338 /* Info.plist */ = {isa = PBXFileReference; lastKnownFileType = text.plist.xml; path = Info.plist; sourceTree = "<group>"; };
		F745E3E524FE133000E8F338 /* DataLoader.swift */ = {isa = PBXFileReference; lastKnownFileType = sourcecode.swift; path = DataLoader.swift; sourceTree = "<group>"; };
		F745E3E724FE147300E8F338 /* User.swift */ = {isa = PBXFileReference; lastKnownFileType = sourcecode.swift; path = User.swift; sourceTree = "<group>"; };
		F76D274824FF54C50033FE2C /* UserDetailView.swift */ = {isa = PBXFileReference; lastKnownFileType = sourcecode.swift; path = UserDetailView.swift; sourceTree = "<group>"; };
/* End PBXFileReference section */

/* Begin PBXFrameworksBuildPhase section */
		F745E3C824FE0F3200E8F338 /* Frameworks */ = {
			isa = PBXFrameworksBuildPhase;
			buildActionMask = 2147483647;
			files = (
			);
			runOnlyForDeploymentPostprocessing = 0;
		};
/* End PBXFrameworksBuildPhase section */

/* Begin PBXGroup section */
		F745E3C224FE0F3200E8F338 = {
			isa = PBXGroup;
			children = (
				F745E3CD24FE0F3200E8F338 /* FriendFace */,
				F745E3CC24FE0F3200E8F338 /* Products */,
			);
			sourceTree = "<group>";
		};
		F745E3CC24FE0F3200E8F338 /* Products */ = {
			isa = PBXGroup;
			children = (
				F745E3CB24FE0F3200E8F338 /* FriendFace.app */,
			);
			name = Products;
			sourceTree = "<group>";
		};
		F745E3CD24FE0F3200E8F338 /* FriendFace */ = {
			isa = PBXGroup;
			children = (
				F745E3CE24FE0F3200E8F338 /* AppDelegate.swift */,
				F745E3D024FE0F3200E8F338 /* SceneDelegate.swift */,
				F745E3D524FE0F3200E8F338 /* ContentView.swift */,
				F76D274824FF54C50033FE2C /* UserDetailView.swift */,
				F745E3E524FE133000E8F338 /* DataLoader.swift */,
				F745E3E724FE147300E8F338 /* User.swift */,
				F745E3D724FE0F3300E8F338 /* Assets.xcassets */,
				F745E3DC24FE0F3300E8F338 /* LaunchScreen.storyboard */,
				F745E3DF24FE0F3300E8F338 /* Info.plist */,
				F745E3D224FE0F3200E8F338 /* FriendFace.xcdatamodeld */,
				F745E3D924FE0F3300E8F338 /* Preview Content */,
			);
			path = FriendFace;
			sourceTree = "<group>";
		};
		F745E3D924FE0F3300E8F338 /* Preview Content */ = {
			isa = PBXGroup;
			children = (
				F745E3DA24FE0F3300E8F338 /* Preview Assets.xcassets */,
			);
			path = "Preview Content";
			sourceTree = "<group>";
		};
/* End PBXGroup section */

/* Begin PBXNativeTarget section */
		F745E3CA24FE0F3200E8F338 /* FriendFace */ = {
			isa = PBXNativeTarget;
			buildConfigurationList = F745E3E224FE0F3300E8F338 /* Build configuration list for PBXNativeTarget "FriendFace" */;
			buildPhases = (
				F745E3C724FE0F3200E8F338 /* Sources */,
				F745E3C824FE0F3200E8F338 /* Frameworks */,
				F745E3C924FE0F3200E8F338 /* Resources */,
			);
			buildRules = (
			);
			dependencies = (
			);
			name = FriendFace;
			productName = FriendFace;
			productReference = F745E3CB24FE0F3200E8F338 /* FriendFace.app */;
			productType = "com.apple.product-type.application";
		};
/* End PBXNativeTarget section */

/* Begin PBXProject section */
		F745E3C324FE0F3200E8F338 /* Project object */ = {
			isa = PBXProject;
			attributes = {
				LastSwiftUpdateCheck = 1160;
				LastUpgradeCheck = 1160;
				ORGANIZATIONNAME = "Radu Dan";
				TargetAttributes = {
					F745E3CA24FE0F3200E8F338 = {
						CreatedOnToolsVersion = 11.6;
					};
				};
			};
			buildConfigurationList = F745E3C624FE0F3200E8F338 /* Build configuration list for PBXProject "FriendFace" */;
			compatibilityVersion = "Xcode 9.3";
			developmentRegion = en;
			hasScannedForEncodings = 0;
			knownRegions = (
				en,
				Base,
			);
			mainGroup = F745E3C224FE0F3200E8F338;
			productRefGroup = F745E3CC24FE0F3200E8F338 /* Products */;
			projectDirPath = "";
			projectRoot = "";
			targets = (
				F745E3CA24FE0F3200E8F338 /* FriendFace */,
			);
		};
/* End PBXProject section */

/* Begin PBXResourcesBuildPhase section */
		F745E3C924FE0F3200E8F338 /* Resources */ = {
			isa = PBXResourcesBuildPhase;
			buildActionMask = 2147483647;
			files = (
				F745E3DE24FE0F3300E8F338 /* LaunchScreen.storyboard in Resources */,
				F745E3DB24FE0F3300E8F338 /* Preview Assets.xcassets in Resources */,
				F745E3D824FE0F3300E8F338 /* Assets.xcassets in Resources */,
			);
			runOnlyForDeploymentPostprocessing = 0;
		};
/* End PBXResourcesBuildPhase section */

/* Begin PBXSourcesBuildPhase section */
		F745E3C724FE0F3200E8F338 /* Sources */ = {
			isa = PBXSourcesBuildPhase;
			buildActionMask = 2147483647;
			files = (
				F745E3E624FE133000E8F338 /* DataLoader.swift in Sources */,
				F745E3D424FE0F3200E8F338 /* FriendFace.xcdatamodeld in Sources */,
				F745E3E824FE147400E8F338 /* User.swift in Sources */,
				F76D274924FF54C50033FE2C /* UserDetailView.swift in Sources */,
				F745E3CF24FE0F3200E8F338 /* AppDelegate.swift in Sources */,
				F745E3D624FE0F3200E8F338 /* ContentView.swift in Sources */,
				F745E3D124FE0F3200E8F338 /* SceneDelegate.swift in Sources */,
			);
			runOnlyForDeploymentPostprocessing = 0;
		};
/* End PBXSourcesBuildPhase section */

/* Begin PBXVariantGroup section */
		F745E3DC24FE0F3300E8F338 /* LaunchScreen.storyboard */ = {
			isa = PBXVariantGroup;
			children = (
				F745E3DD24FE0F3300E8F338 /* Base */,
			);
			name = LaunchScreen.storyboard;
			sourceTree = "<group>";
		};
/* End PBXVariantGroup section */

/* Begin XCBuildConfiguration section */
		F745E3E024FE0F3300E8F338 /* Debug */ = {
			isa = XCBuildConfiguration;
			buildSettings = {
				ALWAYS_SEARCH_USER_PATHS = NO;
				CLANG_ANALYZER_NONNULL = YES;
				CLANG_ANALYZER_NUMBER_OBJECT_CONVERSION = YES_AGGRESSIVE;
				CLANG_CXX_LANGUAGE_STANDARD = "gnu++14";
				CLANG_CXX_LIBRARY = "libc++";
				CLANG_ENABLE_MODULES = YES;
				CLANG_ENABLE_OBJC_ARC = YES;
				CLANG_ENABLE_OBJC_WEAK = YES;
				CLANG_WARN_BLOCK_CAPTURE_AUTORELEASING = YES;
				CLANG_WARN_BOOL_CONVERSION = YES;
				CLANG_WARN_COMMA = YES;
				CLANG_WARN_CONSTANT_CONVERSION = YES;
				CLANG_WARN_DEPRECATED_OBJC_IMPLEMENTATIONS = YES;
				CLANG_WARN_DIRECT_OBJC_ISA_USAGE = YES_ERROR;
				CLANG_WARN_DOCUMENTATION_COMMENTS = YES;
				CLANG_WARN_EMPTY_BODY = YES;
				CLANG_WARN_ENUM_CONVERSION = YES;
				CLANG_WARN_INFINITE_RECURSION = YES;
				CLANG_WARN_INT_CONVERSION = YES;
				CLANG_WARN_NON_LITERAL_NULL_CONVERSION = YES;
				CLANG_WARN_OBJC_IMPLICIT_RETAIN_SELF = YES;
				CLANG_WARN_OBJC_LITERAL_CONVERSION = YES;
				CLANG_WARN_OBJC_ROOT_CLASS = YES_ERROR;
				CLANG_WARN_RANGE_LOOP_ANALYSIS = YES;
				CLANG_WARN_STRICT_PROTOTYPES = YES;
				CLANG_WARN_SUSPICIOUS_MOVE = YES;
				CLANG_WARN_UNGUARDED_AVAILABILITY = YES_AGGRESSIVE;
				CLANG_WARN_UNREACHABLE_CODE = YES;
				CLANG_WARN__DUPLICATE_METHOD_MATCH = YES;
				COPY_PHASE_STRIP = NO;
				DEBUG_INFORMATION_FORMAT = dwarf;
				ENABLE_STRICT_OBJC_MSGSEND = YES;
				ENABLE_TESTABILITY = YES;
				GCC_C_LANGUAGE_STANDARD = gnu11;
				GCC_DYNAMIC_NO_PIC = NO;
				GCC_NO_COMMON_BLOCKS = YES;
				GCC_OPTIMIZATION_LEVEL = 0;
				GCC_PREPROCESSOR_DEFINITIONS = (
					"DEBUG=1",
					"$(inherited)",
				);
				GCC_WARN_64_TO_32_BIT_CONVERSION = YES;
				GCC_WARN_ABOUT_RETURN_TYPE = YES_ERROR;
				GCC_WARN_UNDECLARED_SELECTOR = YES;
				GCC_WARN_UNINITIALIZED_AUTOS = YES_AGGRESSIVE;
				GCC_WARN_UNUSED_FUNCTION = YES;
				GCC_WARN_UNUSED_VARIABLE = YES;
				IPHONEOS_DEPLOYMENT_TARGET = 13.6;
				MTL_ENABLE_DEBUG_INFO = INCLUDE_SOURCE;
				MTL_FAST_MATH = YES;
				ONLY_ACTIVE_ARCH = YES;
				SDKROOT = iphoneos;
				SWIFT_ACTIVE_COMPILATION_CONDITIONS = DEBUG;
				SWIFT_OPTIMIZATION_LEVEL = "-Onone";
			};
			name = Debug;
		};
		F745E3E124FE0F3300E8F338 /* Release */ = {
			isa = XCBuildConfiguration;
			buildSettings = {
				ALWAYS_SEARCH_USER_PATHS = NO;
				CLANG_ANALYZER_NONNULL = YES;
				CLANG_ANALYZER_NUMBER_OBJECT_CONVERSION = YES_AGGRESSIVE;
				CLANG_CXX_LANGUAGE_STANDARD = "gnu++14";
				CLANG_CXX_LIBRARY = "libc++";
				CLANG_ENABLE_MODULES = YES;
				CLANG_ENABLE_OBJC_ARC = YES;
				CLANG_ENABLE_OBJC_WEAK = YES;
				CLANG_WARN_BLOCK_CAPTURE_AUTORELEASING = YES;
				CLANG_WARN_BOOL_CONVERSION = YES;
				CLANG_WARN_COMMA = YES;
				CLANG_WARN_CONSTANT_CONVERSION = YES;
				CLANG_WARN_DEPRECATED_OBJC_IMPLEMENTATIONS = YES;
				CLANG_WARN_DIRECT_OBJC_ISA_USAGE = YES_ERROR;
				CLANG_WARN_DOCUMENTATION_COMMENTS = YES;
				CLANG_WARN_EMPTY_BODY = YES;
				CLANG_WARN_ENUM_CONVERSION = YES;
				CLANG_WARN_INFINITE_RECURSION = YES;
				CLANG_WARN_INT_CONVERSION = YES;
				CLANG_WARN_NON_LITERAL_NULL_CONVERSION = YES;
				CLANG_WARN_OBJC_IMPLICIT_RETAIN_SELF = YES;
				CLANG_WARN_OBJC_LITERAL_CONVERSION = YES;
				CLANG_WARN_OBJC_ROOT_CLASS = YES_ERROR;
				CLANG_WARN_RANGE_LOOP_ANALYSIS = YES;
				CLANG_WARN_STRICT_PROTOTYPES = YES;
				CLANG_WARN_SUSPICIOUS_MOVE = YES;
				CLANG_WARN_UNGUARDED_AVAILABILITY = YES_AGGRESSIVE;
				CLANG_WARN_UNREACHABLE_CODE = YES;
				CLANG_WARN__DUPLICATE_METHOD_MATCH = YES;
				COPY_PHASE_STRIP = NO;
				DEBUG_INFORMATION_FORMAT = "dwarf-with-dsym";
				ENABLE_NS_ASSERTIONS = NO;
				ENABLE_STRICT_OBJC_MSGSEND = YES;
				GCC_C_LANGUAGE_STANDARD = gnu11;
				GCC_NO_COMMON_BLOCKS = YES;
				GCC_WARN_64_TO_32_BIT_CONVERSION = YES;
				GCC_WARN_ABOUT_RETURN_TYPE = YES_ERROR;
				GCC_WARN_UNDECLARED_SELECTOR = YES;
				GCC_WARN_UNINITIALIZED_AUTOS = YES_AGGRESSIVE;
				GCC_WARN_UNUSED_FUNCTION = YES;
				GCC_WARN_UNUSED_VARIABLE = YES;
				IPHONEOS_DEPLOYMENT_TARGET = 13.6;
				MTL_ENABLE_DEBUG_INFO = NO;
				MTL_FAST_MATH = YES;
				SDKROOT = iphoneos;
				SWIFT_COMPILATION_MODE = wholemodule;
				SWIFT_OPTIMIZATION_LEVEL = "-O";
				VALIDATE_PRODUCT = YES;
			};
			name = Release;
		};
		F745E3E324FE0F3300E8F338 /* Debug */ = {
			isa = XCBuildConfiguration;
			buildSettings = {
				ASSETCATALOG_COMPILER_APPICON_NAME = AppIcon;
				CODE_SIGN_STYLE = Automatic;
				DEVELOPMENT_ASSET_PATHS = "\"FriendFace/Preview Content\"";
				DEVELOPMENT_TEAM = 42L6GB6DU6;
				ENABLE_PREVIEWS = YES;
				INFOPLIST_FILE = FriendFace/Info.plist;
				LD_RUNPATH_SEARCH_PATHS = (
					"$(inherited)",
					"@executable_path/Frameworks",
				);
				PRODUCT_BUNDLE_IDENTIFIER = com.rdan.FriendFace;
				PRODUCT_NAME = "$(TARGET_NAME)";
				SWIFT_VERSION = 5.0;
				TARGETED_DEVICE_FAMILY = "1,2";
			};
			name = Debug;
		};
		F745E3E424FE0F3300E8F338 /* Release */ = {
			isa = XCBuildConfiguration;
			buildSettings = {
				ASSETCATALOG_COMPILER_APPICON_NAME = AppIcon;
				CODE_SIGN_STYLE = Automatic;
				DEVELOPMENT_ASSET_PATHS = "\"FriendFace/Preview Content\"";
				DEVELOPMENT_TEAM = 42L6GB6DU6;
				ENABLE_PREVIEWS = YES;
				INFOPLIST_FILE = FriendFace/Info.plist;
				LD_RUNPATH_SEARCH_PATHS = (
					"$(inherited)",
					"@executable_path/Frameworks",
				);
				PRODUCT_BUNDLE_IDENTIFIER = com.rdan.FriendFace;
				PRODUCT_NAME = "$(TARGET_NAME)";
				SWIFT_VERSION = 5.0;
				TARGETED_DEVICE_FAMILY = "1,2";
			};
			name = Release;
		};
/* End XCBuildConfiguration section */

/* Begin XCConfigurationList section */
		F745E3C624FE0F3200E8F338 /* Build configuration list for PBXProject "FriendFace" */ = {
			isa = XCConfigurationList;
			buildConfigurations = (
				F745E3E024FE0F3300E8F338 /* Debug */,
				F745E3E124FE0F3300E8F338 /* Release */,
			);
			defaultConfigurationIsVisible = 0;
			defaultConfigurationName = Release;
		};
		F745E3E224FE0F3300E8F338 /* Build configuration list for PBXNativeTarget "FriendFace" */ = {
			isa = XCConfigurationList;
			buildConfigurations = (
				F745E3E324FE0F3300E8F338 /* Debug */,
				F745E3E424FE0F3300E8F338 /* Release */,
			);
			defaultConfigurationIsVisible = 0;
			defaultConfigurationName = Release;
		};
/* End XCConfigurationList section */

/* Begin XCVersionGroup section */
		F745E3D224FE0F3200E8F338 /* FriendFace.xcdatamodeld */ = {
			isa = XCVersionGroup;
			children = (
				F745E3D324FE0F3200E8F338 /* FriendFace.xcdatamodel */,
			);
			currentVersion = F745E3D324FE0F3200E8F338 /* FriendFace.xcdatamodel */;
			path = FriendFace.xcdatamodeld;
			sourceTree = "<group>";
			versionGroupType = wrapper.xcdatamodel;
		};
/* End XCVersionGroup section */
	};
	rootObject = F745E3C324FE0F3200E8F338 /* Project object */;
}
