// !$*UTF8*$!
{
	archiveVersion = 1;
	classes = {
	};
	objectVersion = 50;
	objects = {

/* Begin PBXBuildFile section */
		F7D8190B25725196003241C1 /* RollDiceApp.swift in Sources */ = {isa = PBXBuildFile; fileRef = F7D8190A25725196003241C1 /* RollDiceApp.swift */; };
		F7D8190D25725196003241C1 /* ContentView.swift in Sources */ = {isa = PBXBuildFile; fileRef = F7D8190C25725196003241C1 /* ContentView.swift */; };
		F7D8190F25725197003241C1 /* Assets.xcassets in Resources */ = {isa = PBXBuildFile; fileRef = F7D8190E25725197003241C1 /* Assets.xcassets */; };
		F7D8191225725197003241C1 /* Preview Assets.xcassets in Resources */ = {isa = PBXBuildFile; fileRef = F7D8191125725197003241C1 /* Preview Assets.xcassets */; };
		F7D8191E257252F0003241C1 /* RollDiceView.swift in Sources */ = {isa = PBXBuildFile; fileRef = F7D8191D257252F0003241C1 /* RollDiceView.swift */; };
		F7D8192225725824003241C1 /* HistoryView.swift in Sources */ = {isa = PBXBuildFile; fileRef = F7D8192125725824003241C1 /* HistoryView.swift */; };
		F7D8192525725C7F003241C1 /* SettingsView.swift in Sources */ = {isa = PBXBuildFile; fileRef = F7D8192425725C7F003241C1 /* SettingsView.swift */; };
		F7D81929257262BF003241C1 /* UserSettings.swift in Sources */ = {isa = PBXBuildFile; fileRef = F7D81928257262BF003241C1 /* UserSettings.swift */; };
		F7D8192C257273D4003241C1 /* RolledEntry.swift in Sources */ = {isa = PBXBuildFile; fileRef = F7D8192B257273D4003241C1 /* RolledEntry.swift */; };
/* End PBXBuildFile section */

/* Begin PBXFileReference section */
		F7D8190725725196003241C1 /* RollDice.app */ = {isa = PBXFileReference; explicitFileType = wrapper.application; includeInIndex = 0; path = RollDice.app; sourceTree = BUILT_PRODUCTS_DIR; };
		F7D8190A25725196003241C1 /* RollDiceApp.swift */ = {isa = PBXFileReference; lastKnownFileType = sourcecode.swift; path = RollDiceApp.swift; sourceTree = "<group>"; };
		F7D8190C25725196003241C1 /* ContentView.swift */ = {isa = PBXFileReference; lastKnownFileType = sourcecode.swift; path = ContentView.swift; sourceTree = "<group>"; };
		F7D8190E25725197003241C1 /* Assets.xcassets */ = {isa = PBXFileReference; lastKnownFileType = folder.assetcatalog; path = Assets.xcassets; sourceTree = "<group>"; };
		F7D8191125725197003241C1 /* Preview Assets.xcassets */ = {isa = PBXFileReference; lastKnownFileType = folder.assetcatalog; path = "Preview Assets.xcassets"; sourceTree = "<group>"; };
		F7D8191325725197003241C1 /* Info.plist */ = {isa = PBXFileReference; lastKnownFileType = text.plist.xml; path = Info.plist; sourceTree = "<group>"; };
		F7D8191D257252F0003241C1 /* RollDiceView.swift */ = {isa = PBXFileReference; lastKnownFileType = sourcecode.swift; path = RollDiceView.swift; sourceTree = "<group>"; };
		F7D8192125725824003241C1 /* HistoryView.swift */ = {isa = PBXFileReference; lastKnownFileType = sourcecode.swift; path = HistoryView.swift; sourceTree = "<group>"; };
		F7D8192425725C7F003241C1 /* SettingsView.swift */ = {isa = PBXFileReference; lastKnownFileType = sourcecode.swift; path = SettingsView.swift; sourceTree = "<group>"; };
		F7D81928257262BF003241C1 /* UserSettings.swift */ = {isa = PBXFileReference; lastKnownFileType = sourcecode.swift; path = UserSettings.swift; sourceTree = "<group>"; };
		F7D8192B257273D4003241C1 /* RolledEntry.swift */ = {isa = PBXFileReference; lastKnownFileType = sourcecode.swift; path = RolledEntry.swift; sourceTree = "<group>"; };
/* End PBXFileReference section */

/* Begin PBXFrameworksBuildPhase section */
		F7D8190425725196003241C1 /* Frameworks */ = {
			isa = PBXFrameworksBuildPhase;
			buildActionMask = 2147483647;
			files = (
			);
			runOnlyForDeploymentPostprocessing = 0;
		};
/* End PBXFrameworksBuildPhase section */

/* Begin PBXGroup section */
		F7D818FE25725196003241C1 = {
			isa = PBXGroup;
			children = (
				F7D8190925725196003241C1 /* RollDice */,
				F7D8190825725196003241C1 /* Products */,
			);
			sourceTree = "<group>";
		};
		F7D8190825725196003241C1 /* Products */ = {
			isa = PBXGroup;
			children = (
				F7D8190725725196003241C1 /* RollDice.app */,
			);
			name = Products;
			sourceTree = "<group>";
		};
		F7D8190925725196003241C1 /* RollDice */ = {
			isa = PBXGroup;
			children = (
				F7D8190A25725196003241C1 /* RollDiceApp.swift */,
				F7D8190C25725196003241C1 /* ContentView.swift */,
				F7D8191D257252F0003241C1 /* RollDiceView.swift */,
				F7D8192125725824003241C1 /* HistoryView.swift */,
				F7D8192425725C7F003241C1 /* SettingsView.swift */,
				F7D81928257262BF003241C1 /* UserSettings.swift */,
				F7D8192B257273D4003241C1 /* RolledEntry.swift */,
				F7D8190E25725197003241C1 /* Assets.xcassets */,
				F7D8191325725197003241C1 /* Info.plist */,
				F7D8191025725197003241C1 /* Preview Content */,
			);
			path = RollDice;
			sourceTree = "<group>";
		};
		F7D8191025725197003241C1 /* Preview Content */ = {
			isa = PBXGroup;
			children = (
				F7D8191125725197003241C1 /* Preview Assets.xcassets */,
			);
			path = "Preview Content";
			sourceTree = "<group>";
		};
/* End PBXGroup section */

/* Begin PBXNativeTarget section */
		F7D8190625725196003241C1 /* RollDice */ = {
			isa = PBXNativeTarget;
			buildConfigurationList = F7D8191625725197003241C1 /* Build configuration list for PBXNativeTarget "RollDice" */;
			buildPhases = (
				F7D8190325725196003241C1 /* Sources */,
				F7D8190425725196003241C1 /* Frameworks */,
				F7D8190525725196003241C1 /* Resources */,
			);
			buildRules = (
			);
			dependencies = (
			);
			name = RollDice;
			productName = RollDice;
			productReference = F7D8190725725196003241C1 /* RollDice.app */;
			productType = "com.apple.product-type.application";
		};
/* End PBXNativeTarget section */

/* Begin PBXProject section */
		F7D818FF25725196003241C1 /* Project object */ = {
			isa = PBXProject;
			attributes = {
				LastSwiftUpdateCheck = 1220;
				LastUpgradeCheck = 1220;
				TargetAttributes = {
					F7D8190625725196003241C1 = {
						CreatedOnToolsVersion = 12.2;
					};
				};
			};
			buildConfigurationList = F7D8190225725196003241C1 /* Build configuration list for PBXProject "RollDice" */;
			compatibilityVersion = "Xcode 9.3";
			developmentRegion = en;
			hasScannedForEncodings = 0;
			knownRegions = (
				en,
				Base,
			);
			mainGroup = F7D818FE25725196003241C1;
			productRefGroup = F7D8190825725196003241C1 /* Products */;
			projectDirPath = "";
			projectRoot = "";
			targets = (
				F7D8190625725196003241C1 /* RollDice */,
			);
		};
/* End PBXProject section */

/* Begin PBXResourcesBuildPhase section */
		F7D8190525725196003241C1 /* Resources */ = {
			isa = PBXResourcesBuildPhase;
			buildActionMask = 2147483647;
			files = (
				F7D8191225725197003241C1 /* Preview Assets.xcassets in Resources */,
				F7D8190F25725197003241C1 /* Assets.xcassets in Resources */,
			);
			runOnlyForDeploymentPostprocessing = 0;
		};
/* End PBXResourcesBuildPhase section */

/* Begin PBXSourcesBuildPhase section */
		F7D8190325725196003241C1 /* Sources */ = {
			isa = PBXSourcesBuildPhase;
			buildActionMask = 2147483647;
			files = (
				F7D8192525725C7F003241C1 /* SettingsView.swift in Sources */,
				F7D8192C257273D4003241C1 /* RolledEntry.swift in Sources */,
				F7D81929257262BF003241C1 /* UserSettings.swift in Sources */,
				F7D8191E257252F0003241C1 /* RollDiceView.swift in Sources */,
				F7D8192225725824003241C1 /* HistoryView.swift in Sources */,
				F7D8190D25725196003241C1 /* ContentView.swift in Sources */,
				F7D8190B25725196003241C1 /* RollDiceApp.swift in Sources */,
			);
			runOnlyForDeploymentPostprocessing = 0;
		};
/* End PBXSourcesBuildPhase section */

/* Begin XCBuildConfiguration section */
		F7D8191425725197003241C1 /* Debug */ = {
			isa = XCBuildConfiguration;
			buildSettings = {
				ALWAYS_SEARCH_USER_PATHS = NO;
				CLANG_ANALYZER_NONNULL = YES;
				CLANG_ANALYZER_NUMBER_OBJECT_CONVERSION = YES_AGGRESSIVE;
				CLANG_CXX_LANGUAGE_STANDARD = "gnu++14";
				CLANG_CXX_LIBRARY = "libc++";
				CLANG_ENABLE_MODULES = YES;
				CLANG_ENABLE_OBJC_ARC = YES;
				CLANG_ENABLE_OBJC_WEAK = YES;
				CLANG_WARN_BLOCK_CAPTURE_AUTORELEASING = YES;
				CLANG_WARN_BOOL_CONVERSION = YES;
				CLANG_WARN_COMMA = YES;
				CLANG_WARN_CONSTANT_CONVERSION = YES;
				CLANG_WARN_DEPRECATED_OBJC_IMPLEMENTATIONS = YES;
				CLANG_WARN_DIRECT_OBJC_ISA_USAGE = YES_ERROR;
				CLANG_WARN_DOCUMENTATION_COMMENTS = YES;
				CLANG_WARN_EMPTY_BODY = YES;
				CLANG_WARN_ENUM_CONVERSION = YES;
				CLANG_WARN_INFINITE_RECURSION = YES;
				CLANG_WARN_INT_CONVERSION = YES;
				CLANG_WARN_NON_LITERAL_NULL_CONVERSION = YES;
				CLANG_WARN_OBJC_IMPLICIT_RETAIN_SELF = YES;
				CLANG_WARN_OBJC_LITERAL_CONVERSION = YES;
				CLANG_WARN_OBJC_ROOT_CLASS = YES_ERROR;
				CLANG_WARN_QUOTED_INCLUDE_IN_FRAMEWORK_HEADER = YES;
				CLANG_WARN_RANGE_LOOP_ANALYSIS = YES;
				CLANG_WARN_STRICT_PROTOTYPES = YES;
				CLANG_WARN_SUSPICIOUS_MOVE = YES;
				CLANG_WARN_UNGUARDED_AVAILABILITY = YES_AGGRESSIVE;
				CLANG_WARN_UNREACHABLE_CODE = YES;
				CLANG_WARN__DUPLICATE_METHOD_MATCH = YES;
				COPY_PHASE_STRIP = NO;
				DEBUG_INFORMATION_FORMAT = dwarf;
				ENABLE_STRICT_OBJC_MSGSEND = YES;
				ENABLE_TESTABILITY = YES;
				GCC_C_LANGUAGE_STANDARD = gnu11;
				GCC_DYNAMIC_NO_PIC = NO;
				GCC_NO_COMMON_BLOCKS = YES;
				GCC_OPTIMIZATION_LEVEL = 0;
				GCC_PREPROCESSOR_DEFINITIONS = (
					"DEBUG=1",
					"$(inherited)",
				);
				GCC_WARN_64_TO_32_BIT_CONVERSION = YES;
				GCC_WARN_ABOUT_RETURN_TYPE = YES_ERROR;
				GCC_WARN_UNDECLARED_SELECTOR = YES;
				GCC_WARN_UNINITIALIZED_AUTOS = YES_AGGRESSIVE;
				GCC_WARN_UNUSED_FUNCTION = YES;
				GCC_WARN_UNUSED_VARIABLE = YES;
				IPHONEOS_DEPLOYMENT_TARGET = 14.2;
				MTL_ENABLE_DEBUG_INFO = INCLUDE_SOURCE;
				MTL_FAST_MATH = YES;
				ONLY_ACTIVE_ARCH = YES;
				SDKROOT = iphoneos;
				SWIFT_ACTIVE_COMPILATION_CONDITIONS = DEBUG;
				SWIFT_OPTIMIZATION_LEVEL = "-Onone";
			};
			name = Debug;
		};
		F7D8191525725197003241C1 /* Release */ = {
			isa = XCBuildConfiguration;
			buildSettings = {
				ALWAYS_SEARCH_USER_PATHS = NO;
				CLANG_ANALYZER_NONNULL = YES;
				CLANG_ANALYZER_NUMBER_OBJECT_CONVERSION = YES_AGGRESSIVE;
				CLANG_CXX_LANGUAGE_STANDARD = "gnu++14";
				CLANG_CXX_LIBRARY = "libc++";
				CLANG_ENABLE_MODULES = YES;
				CLANG_ENABLE_OBJC_ARC = YES;
				CLANG_ENABLE_OBJC_WEAK = YES;
				CLANG_WARN_BLOCK_CAPTURE_AUTORELEASING = YES;
				CLANG_WARN_BOOL_CONVERSION = YES;
				CLANG_WARN_COMMA = YES;
				CLANG_WARN_CONSTANT_CONVERSION = YES;
				CLANG_WARN_DEPRECATED_OBJC_IMPLEMENTATIONS = YES;
				CLANG_WARN_DIRECT_OBJC_ISA_USAGE = YES_ERROR;
				CLANG_WARN_DOCUMENTATION_COMMENTS = YES;
				CLANG_WARN_EMPTY_BODY = YES;
				CLANG_WARN_ENUM_CONVERSION = YES;
				CLANG_WARN_INFINITE_RECURSION = YES;
				CLANG_WARN_INT_CONVERSION = YES;
				CLANG_WARN_NON_LITERAL_NULL_CONVERSION = YES;
				CLANG_WARN_OBJC_IMPLICIT_RETAIN_SELF = YES;
				CLANG_WARN_OBJC_LITERAL_CONVERSION = YES;
				CLANG_WARN_OBJC_ROOT_CLASS = YES_ERROR;
				CLANG_WARN_QUOTED_INCLUDE_IN_FRAMEWORK_HEADER = YES;
				CLANG_WARN_RANGE_LOOP_ANALYSIS = YES;
				CLANG_WARN_STRICT_PROTOTYPES = YES;
				CLANG_WARN_SUSPICIOUS_MOVE = YES;
				CLANG_WARN_UNGUARDED_AVAILABILITY = YES_AGGRESSIVE;
				CLANG_WARN_UNREACHABLE_CODE = YES;
				CLANG_WARN__DUPLICATE_METHOD_MATCH = YES;
				COPY_PHASE_STRIP = NO;
				DEBUG_INFORMATION_FORMAT = "dwarf-with-dsym";
				ENABLE_NS_ASSERTIONS = NO;
				ENABLE_STRICT_OBJC_MSGSEND = YES;
				GCC_C_LANGUAGE_STANDARD = gnu11;
				GCC_NO_COMMON_BLOCKS = YES;
				GCC_WARN_64_TO_32_BIT_CONVERSION = YES;
				GCC_WARN_ABOUT_RETURN_TYPE = YES_ERROR;
				GCC_WARN_UNDECLARED_SELECTOR = YES;
				GCC_WARN_UNINITIALIZED_AUTOS = YES_AGGRESSIVE;
				GCC_WARN_UNUSED_FUNCTION = YES;
				GCC_WARN_UNUSED_VARIABLE = YES;
				IPHONEOS_DEPLOYMENT_TARGET = 14.2;
				MTL_ENABLE_DEBUG_INFO = NO;
				MTL_FAST_MATH = YES;
				SDKROOT = iphoneos;
				SWIFT_COMPILATION_MODE = wholemodule;
				SWIFT_OPTIMIZATION_LEVEL = "-O";
				VALIDATE_PRODUCT = YES;
			};
			name = Release;
		};
		F7D8191725725197003241C1 /* Debug */ = {
			isa = XCBuildConfiguration;
			buildSettings = {
				ASSETCATALOG_COMPILER_APPICON_NAME = AppIcon;
				ASSETCATALOG_COMPILER_GLOBAL_ACCENT_COLOR_NAME = AccentColor;
				CODE_SIGN_STYLE = Automatic;
				DEVELOPMENT_ASSET_PATHS = "\"RollDice/Preview Content\"";
				DEVELOPMENT_TEAM = 42L6GB6DU6;
				ENABLE_PREVIEWS = YES;
				INFOPLIST_FILE = RollDice/Info.plist;
				IPHONEOS_DEPLOYMENT_TARGET = 14.0;
				LD_RUNPATH_SEARCH_PATHS = (
					"$(inherited)",
					"@executable_path/Frameworks",
				);
				PRODUCT_BUNDLE_IDENTIFIER = com.rdan.RollDice;
				PRODUCT_NAME = "$(TARGET_NAME)";
				SWIFT_VERSION = 5.0;
				TARGETED_DEVICE_FAMILY = "1,2";
			};
			name = Debug;
		};
		F7D8191825725197003241C1 /* Release */ = {
			isa = XCBuildConfiguration;
			buildSettings = {
				ASSETCATALOG_COMPILER_APPICON_NAME = AppIcon;
				ASSETCATALOG_COMPILER_GLOBAL_ACCENT_COLOR_NAME = AccentColor;
				CODE_SIGN_STYLE = Automatic;
				DEVELOPMENT_ASSET_PATHS = "\"RollDice/Preview Content\"";
				DEVELOPMENT_TEAM = 42L6GB6DU6;
				ENABLE_PREVIEWS = YES;
				INFOPLIST_FILE = RollDice/Info.plist;
				IPHONEOS_DEPLOYMENT_TARGET = 14.0;
				LD_RUNPATH_SEARCH_PATHS = (
					"$(inherited)",
					"@executable_path/Frameworks",
				);
				PRODUCT_BUNDLE_IDENTIFIER = com.rdan.RollDice;
				PRODUCT_NAME = "$(TARGET_NAME)";
				SWIFT_VERSION = 5.0;
				TARGETED_DEVICE_FAMILY = "1,2";
			};
			name = Release;
		};
/* End XCBuildConfiguration section */

/* Begin XCConfigurationList section */
		F7D8190225725196003241C1 /* Build configuration list for PBXProject "RollDice" */ = {
			isa = XCConfigurationList;
			buildConfigurations = (
				F7D8191425725197003241C1 /* Debug */,
				F7D8191525725197003241C1 /* Release */,
			);
			defaultConfigurationIsVisible = 0;
			defaultConfigurationName = Release;
		};
		F7D8191625725197003241C1 /* Build configuration list for PBXNativeTarget "RollDice" */ = {
			isa = XCConfigurationList;
			buildConfigurations = (
				F7D8191725725197003241C1 /* Debug */,
				F7D8191825725197003241C1 /* Release */,
			);
			defaultConfigurationIsVisible = 0;
			defaultConfigurationName = Release;
		};
/* End XCConfigurationList section */
	};
	rootObject = F7D818FF25725196003241C1 /* Project object */;
}
