// !$*UTF8*$!
{
	archiveVersion = 1;
	classes = {
	};
	objectVersion = 50;
	objects = {

/* Begin PBXBuildFile section */
		F76B211224DBC70A000AC984 /* AppDelegate.swift in Sources */ = {isa = PBXBuildFile; fileRef = F76B211124DBC70A000AC984 /* AppDelegate.swift */; };
		F76B211424DBC70A000AC984 /* SceneDelegate.swift in Sources */ = {isa = PBXBuildFile; fileRef = F76B211324DBC70A000AC984 /* SceneDelegate.swift */; };
		F76B211624DBC70A000AC984 /* ContentView.swift in Sources */ = {isa = PBXBuildFile; fileRef = F76B211524DBC70A000AC984 /* ContentView.swift */; };
		F76B211824DBC70C000AC984 /* Assets.xcassets in Resources */ = {isa = PBXBuildFile; fileRef = F76B211724DBC70C000AC984 /* Assets.xcassets */; };
		F76B211B24DBC70C000AC984 /* Preview Assets.xcassets in Resources */ = {isa = PBXBuildFile; fileRef = F76B211A24DBC70C000AC984 /* Preview Assets.xcassets */; };
		F76B211E24DBC70C000AC984 /* LaunchScreen.storyboard in Resources */ = {isa = PBXBuildFile; fileRef = F76B211C24DBC70C000AC984 /* LaunchScreen.storyboard */; };
		F76B212624DBD14D000AC984 /* ValidateView.swift in Sources */ = {isa = PBXBuildFile; fileRef = F76B212524DBD14D000AC984 /* ValidateView.swift */; };
		F76B212824DBD155000AC984 /* TaylorSwiftView.swift in Sources */ = {isa = PBXBuildFile; fileRef = F76B212724DBD155000AC984 /* TaylorSwiftView.swift */; };
		F76B212A24DBD168000AC984 /* User.swift in Sources */ = {isa = PBXBuildFile; fileRef = F76B212924DBD168000AC984 /* User.swift */; };
		F77207ED24E2820B00833E14 /* CheckoutSummary.swift in Sources */ = {isa = PBXBuildFile; fileRef = F77207EC24E2820B00833E14 /* CheckoutSummary.swift */; };
		F7D66D7B24DD21130091E8E0 /* Order.swift in Sources */ = {isa = PBXBuildFile; fileRef = F7D66D7A24DD21130091E8E0 /* Order.swift */; };
		F7D66D7D24DD23890091E8E0 /* AddressView.swift in Sources */ = {isa = PBXBuildFile; fileRef = F7D66D7C24DD23890091E8E0 /* AddressView.swift */; };
		F7D66D7F24DD24640091E8E0 /* CheckoutView.swift in Sources */ = {isa = PBXBuildFile; fileRef = F7D66D7E24DD24640091E8E0 /* CheckoutView.swift */; };
/* End PBXBuildFile section */

/* Begin PBXFileReference section */
		F76B210E24DBC70A000AC984 /* CupcakeCorner.app */ = {isa = PBXFileReference; explicitFileType = wrapper.application; includeInIndex = 0; path = CupcakeCorner.app; sourceTree = BUILT_PRODUCTS_DIR; };
		F76B211124DBC70A000AC984 /* AppDelegate.swift */ = {isa = PBXFileReference; lastKnownFileType = sourcecode.swift; path = AppDelegate.swift; sourceTree = "<group>"; };
		F76B211324DBC70A000AC984 /* SceneDelegate.swift */ = {isa = PBXFileReference; lastKnownFileType = sourcecode.swift; path = SceneDelegate.swift; sourceTree = "<group>"; };
		F76B211524DBC70A000AC984 /* ContentView.swift */ = {isa = PBXFileReference; lastKnownFileType = sourcecode.swift; path = ContentView.swift; sourceTree = "<group>"; };
		F76B211724DBC70C000AC984 /* Assets.xcassets */ = {isa = PBXFileReference; lastKnownFileType = folder.assetcatalog; path = Assets.xcassets; sourceTree = "<group>"; };
		F76B211A24DBC70C000AC984 /* Preview Assets.xcassets */ = {isa = PBXFileReference; lastKnownFileType = folder.assetcatalog; path = "Preview Assets.xcassets"; sourceTree = "<group>"; };
		F76B211D24DBC70C000AC984 /* Base */ = {isa = PBXFileReference; lastKnownFileType = file.storyboard; name = Base; path = Base.lproj/LaunchScreen.storyboard; sourceTree = "<group>"; };
		F76B211F24DBC70C000AC984 /* Info.plist */ = {isa = PBXFileReference; lastKnownFileType = text.plist.xml; path = Info.plist; sourceTree = "<group>"; };
		F76B212524DBD14D000AC984 /* ValidateView.swift */ = {isa = PBXFileReference; lastKnownFileType = sourcecode.swift; path = ValidateView.swift; sourceTree = "<group>"; };
		F76B212724DBD155000AC984 /* TaylorSwiftView.swift */ = {isa = PBXFileReference; lastKnownFileType = sourcecode.swift; path = TaylorSwiftView.swift; sourceTree = "<group>"; };
		F76B212924DBD168000AC984 /* User.swift */ = {isa = PBXFileReference; lastKnownFileType = sourcecode.swift; path = User.swift; sourceTree = "<group>"; };
		F77207EC24E2820B00833E14 /* CheckoutSummary.swift */ = {isa = PBXFileReference; lastKnownFileType = sourcecode.swift; path = CheckoutSummary.swift; sourceTree = "<group>"; };
		F7D66D7A24DD21130091E8E0 /* Order.swift */ = {isa = PBXFileReference; lastKnownFileType = sourcecode.swift; path = Order.swift; sourceTree = "<group>"; };
		F7D66D7C24DD23890091E8E0 /* AddressView.swift */ = {isa = PBXFileReference; lastKnownFileType = sourcecode.swift; path = AddressView.swift; sourceTree = "<group>"; };
		F7D66D7E24DD24640091E8E0 /* CheckoutView.swift */ = {isa = PBXFileReference; lastKnownFileType = sourcecode.swift; path = CheckoutView.swift; sourceTree = "<group>"; };
/* End PBXFileReference section */

/* Begin PBXFrameworksBuildPhase section */
		F76B210B24DBC70A000AC984 /* Frameworks */ = {
			isa = PBXFrameworksBuildPhase;
			buildActionMask = 2147483647;
			files = (
			);
			runOnlyForDeploymentPostprocessing = 0;
		};
/* End PBXFrameworksBuildPhase section */

/* Begin PBXGroup section */
		F76B210524DBC70A000AC984 = {
			isa = PBXGroup;
			children = (
				F76B211024DBC70A000AC984 /* CupcakeCorner */,
				F76B210F24DBC70A000AC984 /* Products */,
			);
			sourceTree = "<group>";
		};
		F76B210F24DBC70A000AC984 /* Products */ = {
			isa = PBXGroup;
			children = (
				F76B210E24DBC70A000AC984 /* CupcakeCorner.app */,
			);
			name = Products;
			sourceTree = "<group>";
		};
		F76B211024DBC70A000AC984 /* CupcakeCorner */ = {
			isa = PBXGroup;
			children = (
				F76B211124DBC70A000AC984 /* AppDelegate.swift */,
				F76B211324DBC70A000AC984 /* SceneDelegate.swift */,
				F76B212924DBD168000AC984 /* User.swift */,
				F76B212524DBD14D000AC984 /* ValidateView.swift */,
				F76B212724DBD155000AC984 /* TaylorSwiftView.swift */,
				F76B211524DBC70A000AC984 /* ContentView.swift */,
				F7D66D7C24DD23890091E8E0 /* AddressView.swift */,
				F7D66D7E24DD24640091E8E0 /* CheckoutView.swift */,
				F7D66D7A24DD21130091E8E0 /* Order.swift */,
				F77207EC24E2820B00833E14 /* CheckoutSummary.swift */,
				F76B211724DBC70C000AC984 /* Assets.xcassets */,
				F76B211C24DBC70C000AC984 /* LaunchScreen.storyboard */,
				F76B211F24DBC70C000AC984 /* Info.plist */,
				F76B211924DBC70C000AC984 /* Preview Content */,
			);
			path = CupcakeCorner;
			sourceTree = "<group>";
		};
		F76B211924DBC70C000AC984 /* Preview Content */ = {
			isa = PBXGroup;
			children = (
				F76B211A24DBC70C000AC984 /* Preview Assets.xcassets */,
			);
			path = "Preview Content";
			sourceTree = "<group>";
		};
/* End PBXGroup section */

/* Begin PBXNativeTarget section */
		F76B210D24DBC70A000AC984 /* CupcakeCorner */ = {
			isa = PBXNativeTarget;
			buildConfigurationList = F76B212224DBC70C000AC984 /* Build configuration list for PBXNativeTarget "CupcakeCorner" */;
			buildPhases = (
				F76B210A24DBC70A000AC984 /* Sources */,
				F76B210B24DBC70A000AC984 /* Frameworks */,
				F76B210C24DBC70A000AC984 /* Resources */,
			);
			buildRules = (
			);
			dependencies = (
			);
			name = CupcakeCorner;
			productName = CupcakeCorner;
			productReference = F76B210E24DBC70A000AC984 /* CupcakeCorner.app */;
			productType = "com.apple.product-type.application";
		};
/* End PBXNativeTarget section */

/* Begin PBXProject section */
		F76B210624DBC70A000AC984 /* Project object */ = {
			isa = PBXProject;
			attributes = {
				LastSwiftUpdateCheck = 1160;
				LastUpgradeCheck = 1160;
				ORGANIZATIONNAME = "Radu Dan";
				TargetAttributes = {
					F76B210D24DBC70A000AC984 = {
						CreatedOnToolsVersion = 11.6;
					};
				};
			};
			buildConfigurationList = F76B210924DBC70A000AC984 /* Build configuration list for PBXProject "CupcakeCorner" */;
			compatibilityVersion = "Xcode 9.3";
			developmentRegion = en;
			hasScannedForEncodings = 0;
			knownRegions = (
				en,
				Base,
			);
			mainGroup = F76B210524DBC70A000AC984;
			productRefGroup = F76B210F24DBC70A000AC984 /* Products */;
			projectDirPath = "";
			projectRoot = "";
			targets = (
				F76B210D24DBC70A000AC984 /* CupcakeCorner */,
			);
		};
/* End PBXProject section */

/* Begin PBXResourcesBuildPhase section */
		F76B210C24DBC70A000AC984 /* Resources */ = {
			isa = PBXResourcesBuildPhase;
			buildActionMask = 2147483647;
			files = (
				F76B211E24DBC70C000AC984 /* LaunchScreen.storyboard in Resources */,
				F76B211B24DBC70C000AC984 /* Preview Assets.xcassets in Resources */,
				F76B211824DBC70C000AC984 /* Assets.xcassets in Resources */,
			);
			runOnlyForDeploymentPostprocessing = 0;
		};
/* End PBXResourcesBuildPhase section */

/* Begin PBXSourcesBuildPhase section */
		F76B210A24DBC70A000AC984 /* Sources */ = {
			isa = PBXSourcesBuildPhase;
			buildActionMask = 2147483647;
			files = (
				F76B211224DBC70A000AC984 /* AppDelegate.swift in Sources */,
				F76B211424DBC70A000AC984 /* SceneDelegate.swift in Sources */,
				F77207ED24E2820B00833E14 /* CheckoutSummary.swift in Sources */,
				F76B212A24DBD168000AC984 /* User.swift in Sources */,
				F76B212624DBD14D000AC984 /* ValidateView.swift in Sources */,
				F76B211624DBC70A000AC984 /* ContentView.swift in Sources */,
				F7D66D7D24DD23890091E8E0 /* AddressView.swift in Sources */,
				F76B212824DBD155000AC984 /* TaylorSwiftView.swift in Sources */,
				F7D66D7B24DD21130091E8E0 /* Order.swift in Sources */,
				F7D66D7F24DD24640091E8E0 /* CheckoutView.swift in Sources */,
			);
			runOnlyForDeploymentPostprocessing = 0;
		};
/* End PBXSourcesBuildPhase section */

/* Begin PBXVariantGroup section */
		F76B211C24DBC70C000AC984 /* LaunchScreen.storyboard */ = {
			isa = PBXVariantGroup;
			children = (
				F76B211D24DBC70C000AC984 /* Base */,
			);
			name = LaunchScreen.storyboard;
			sourceTree = "<group>";
		};
/* End PBXVariantGroup section */

/* Begin XCBuildConfiguration section */
		F76B212024DBC70C000AC984 /* Debug */ = {
			isa = XCBuildConfiguration;
			buildSettings = {
				ALWAYS_SEARCH_USER_PATHS = NO;
				CLANG_ANALYZER_NONNULL = YES;
				CLANG_ANALYZER_NUMBER_OBJECT_CONVERSION = YES_AGGRESSIVE;
				CLANG_CXX_LANGUAGE_STANDARD = "gnu++14";
				CLANG_CXX_LIBRARY = "libc++";
				CLANG_ENABLE_MODULES = YES;
				CLANG_ENABLE_OBJC_ARC = YES;
				CLANG_ENABLE_OBJC_WEAK = YES;
				CLANG_WARN_BLOCK_CAPTURE_AUTORELEASING = YES;
				CLANG_WARN_BOOL_CONVERSION = YES;
				CLANG_WARN_COMMA = YES;
				CLANG_WARN_CONSTANT_CONVERSION = YES;
				CLANG_WARN_DEPRECATED_OBJC_IMPLEMENTATIONS = YES;
				CLANG_WARN_DIRECT_OBJC_ISA_USAGE = YES_ERROR;
				CLANG_WARN_DOCUMENTATION_COMMENTS = YES;
				CLANG_WARN_EMPTY_BODY = YES;
				CLANG_WARN_ENUM_CONVERSION = YES;
				CLANG_WARN_INFINITE_RECURSION = YES;
				CLANG_WARN_INT_CONVERSION = YES;
				CLANG_WARN_NON_LITERAL_NULL_CONVERSION = YES;
				CLANG_WARN_OBJC_IMPLICIT_RETAIN_SELF = YES;
				CLANG_WARN_OBJC_LITERAL_CONVERSION = YES;
				CLANG_WARN_OBJC_ROOT_CLASS = YES_ERROR;
				CLANG_WARN_RANGE_LOOP_ANALYSIS = YES;
				CLANG_WARN_STRICT_PROTOTYPES = YES;
				CLANG_WARN_SUSPICIOUS_MOVE = YES;
				CLANG_WARN_UNGUARDED_AVAILABILITY = YES_AGGRESSIVE;
				CLANG_WARN_UNREACHABLE_CODE = YES;
				CLANG_WARN__DUPLICATE_METHOD_MATCH = YES;
				COPY_PHASE_STRIP = NO;
				DEBUG_INFORMATION_FORMAT = dwarf;
				ENABLE_STRICT_OBJC_MSGSEND = YES;
				ENABLE_TESTABILITY = YES;
				GCC_C_LANGUAGE_STANDARD = gnu11;
				GCC_DYNAMIC_NO_PIC = NO;
				GCC_NO_COMMON_BLOCKS = YES;
				GCC_OPTIMIZATION_LEVEL = 0;
				GCC_PREPROCESSOR_DEFINITIONS = (
					"DEBUG=1",
					"$(inherited)",
				);
				GCC_WARN_64_TO_32_BIT_CONVERSION = YES;
				GCC_WARN_ABOUT_RETURN_TYPE = YES_ERROR;
				GCC_WARN_UNDECLARED_SELECTOR = YES;
				GCC_WARN_UNINITIALIZED_AUTOS = YES_AGGRESSIVE;
				GCC_WARN_UNUSED_FUNCTION = YES;
				GCC_WARN_UNUSED_VARIABLE = YES;
				IPHONEOS_DEPLOYMENT_TARGET = 13.6;
				MTL_ENABLE_DEBUG_INFO = INCLUDE_SOURCE;
				MTL_FAST_MATH = YES;
				ONLY_ACTIVE_ARCH = YES;
				SDKROOT = iphoneos;
				SWIFT_ACTIVE_COMPILATION_CONDITIONS = DEBUG;
				SWIFT_OPTIMIZATION_LEVEL = "-Onone";
			};
			name = Debug;
		};
		F76B212124DBC70C000AC984 /* Release */ = {
			isa = XCBuildConfiguration;
			buildSettings = {
				ALWAYS_SEARCH_USER_PATHS = NO;
				CLANG_ANALYZER_NONNULL = YES;
				CLANG_ANALYZER_NUMBER_OBJECT_CONVERSION = YES_AGGRESSIVE;
				CLANG_CXX_LANGUAGE_STANDARD = "gnu++14";
				CLANG_CXX_LIBRARY = "libc++";
				CLANG_ENABLE_MODULES = YES;
				CLANG_ENABLE_OBJC_ARC = YES;
				CLANG_ENABLE_OBJC_WEAK = YES;
				CLANG_WARN_BLOCK_CAPTURE_AUTORELEASING = YES;
				CLANG_WARN_BOOL_CONVERSION = YES;
				CLANG_WARN_COMMA = YES;
				CLANG_WARN_CONSTANT_CONVERSION = YES;
				CLANG_WARN_DEPRECATED_OBJC_IMPLEMENTATIONS = YES;
				CLANG_WARN_DIRECT_OBJC_ISA_USAGE = YES_ERROR;
				CLANG_WARN_DOCUMENTATION_COMMENTS = YES;
				CLANG_WARN_EMPTY_BODY = YES;
				CLANG_WARN_ENUM_CONVERSION = YES;
				CLANG_WARN_INFINITE_RECURSION = YES;
				CLANG_WARN_INT_CONVERSION = YES;
				CLANG_WARN_NON_LITERAL_NULL_CONVERSION = YES;
				CLANG_WARN_OBJC_IMPLICIT_RETAIN_SELF = YES;
				CLANG_WARN_OBJC_LITERAL_CONVERSION = YES;
				CLANG_WARN_OBJC_ROOT_CLASS = YES_ERROR;
				CLANG_WARN_RANGE_LOOP_ANALYSIS = YES;
				CLANG_WARN_STRICT_PROTOTYPES = YES;
				CLANG_WARN_SUSPICIOUS_MOVE = YES;
				CLANG_WARN_UNGUARDED_AVAILABILITY = YES_AGGRESSIVE;
				CLANG_WARN_UNREACHABLE_CODE = YES;
				CLANG_WARN__DUPLICATE_METHOD_MATCH = YES;
				COPY_PHASE_STRIP = NO;
				DEBUG_INFORMATION_FORMAT = "dwarf-with-dsym";
				ENABLE_NS_ASSERTIONS = NO;
				ENABLE_STRICT_OBJC_MSGSEND = YES;
				GCC_C_LANGUAGE_STANDARD = gnu11;
				GCC_NO_COMMON_BLOCKS = YES;
				GCC_WARN_64_TO_32_BIT_CONVERSION = YES;
				GCC_WARN_ABOUT_RETURN_TYPE = YES_ERROR;
				GCC_WARN_UNDECLARED_SELECTOR = YES;
				GCC_WARN_UNINITIALIZED_AUTOS = YES_AGGRESSIVE;
				GCC_WARN_UNUSED_FUNCTION = YES;
				GCC_WARN_UNUSED_VARIABLE = YES;
				IPHONEOS_DEPLOYMENT_TARGET = 13.6;
				MTL_ENABLE_DEBUG_INFO = NO;
				MTL_FAST_MATH = YES;
				SDKROOT = iphoneos;
				SWIFT_COMPILATION_MODE = wholemodule;
				SWIFT_OPTIMIZATION_LEVEL = "-O";
				VALIDATE_PRODUCT = YES;
			};
			name = Release;
		};
		F76B212324DBC70C000AC984 /* Debug */ = {
			isa = XCBuildConfiguration;
			buildSettings = {
				ASSETCATALOG_COMPILER_APPICON_NAME = AppIcon;
				CODE_SIGN_STYLE = Automatic;
				DEVELOPMENT_ASSET_PATHS = "\"CupcakeCorner/Preview Content\"";
				DEVELOPMENT_TEAM = 42L6GB6DU6;
				ENABLE_PREVIEWS = YES;
				INFOPLIST_FILE = CupcakeCorner/Info.plist;
				LD_RUNPATH_SEARCH_PATHS = (
					"$(inherited)",
					"@executable_path/Frameworks",
				);
				PRODUCT_BUNDLE_IDENTIFIER = com.rdan.CupcakeCorner;
				PRODUCT_NAME = "$(TARGET_NAME)";
				SWIFT_VERSION = 5.0;
				TARGETED_DEVICE_FAMILY = "1,2";
			};
			name = Debug;
		};
		F76B212424DBC70C000AC984 /* Release */ = {
			isa = XCBuildConfiguration;
			buildSettings = {
				ASSETCATALOG_COMPILER_APPICON_NAME = AppIcon;
				CODE_SIGN_STYLE = Automatic;
				DEVELOPMENT_ASSET_PATHS = "\"CupcakeCorner/Preview Content\"";
				DEVELOPMENT_TEAM = 42L6GB6DU6;
				ENABLE_PREVIEWS = YES;
				INFOPLIST_FILE = CupcakeCorner/Info.plist;
				LD_RUNPATH_SEARCH_PATHS = (
					"$(inherited)",
					"@executable_path/Frameworks",
				);
				PRODUCT_BUNDLE_IDENTIFIER = com.rdan.CupcakeCorner;
				PRODUCT_NAME = "$(TARGET_NAME)";
				SWIFT_VERSION = 5.0;
				TARGETED_DEVICE_FAMILY = "1,2";
			};
			name = Release;
		};
/* End XCBuildConfiguration section */

/* Begin XCConfigurationList section */
		F76B210924DBC70A000AC984 /* Build configuration list for PBXProject "CupcakeCorner" */ = {
			isa = XCConfigurationList;
			buildConfigurations = (
				F76B212024DBC70C000AC984 /* Debug */,
				F76B212124DBC70C000AC984 /* Release */,
			);
			defaultConfigurationIsVisible = 0;
			defaultConfigurationName = Release;
		};
		F76B212224DBC70C000AC984 /* Build configuration list for PBXNativeTarget "CupcakeCorner" */ = {
			isa = XCConfigurationList;
			buildConfigurations = (
				F76B212324DBC70C000AC984 /* Debug */,
				F76B212424DBC70C000AC984 /* Release */,
			);
			defaultConfigurationIsVisible = 0;
			defaultConfigurationName = Release;
		};
/* End XCConfigurationList section */
	};
	rootObject = F76B210624DBC70A000AC984 /* Project object */;
}
