// !$*UTF8*$!
{
	archiveVersion = 1;
	classes = {
	};
	objectVersion = 50;
	objects = {

/* Begin PBXBuildFile section */
		F73D662824EE310D005D1A00 /* AddBookView.swift in Sources */ = {isa = PBXBuildFile; fileRef = F73D662724EE310D005D1A00 /* AddBookView.swift */; };
		F73D662A24EE35E9005D1A00 /* RatingView.swift in Sources */ = {isa = PBXBuildFile; fileRef = F73D662924EE35E9005D1A00 /* RatingView.swift */; };
		F73D662C24EE376D005D1A00 /* EmojiRatingView.swift in Sources */ = {isa = PBXBuildFile; fileRef = F73D662B24EE376D005D1A00 /* EmojiRatingView.swift */; };
		F79DA66D24F37F37003B2834 /* DetailView.swift in Sources */ = {isa = PBXBuildFile; fileRef = F79DA66C24F37F37003B2834 /* DetailView.swift */; };
		F7F60D2D24E3B27500C694F0 /* AppDelegate.swift in Sources */ = {isa = PBXBuildFile; fileRef = F7F60D2C24E3B27500C694F0 /* AppDelegate.swift */; };
		F7F60D2F24E3B27500C694F0 /* SceneDelegate.swift in Sources */ = {isa = PBXBuildFile; fileRef = F7F60D2E24E3B27500C694F0 /* SceneDelegate.swift */; };
		F7F60D3224E3B27500C694F0 /* Bookworm.xcdatamodeld in Sources */ = {isa = PBXBuildFile; fileRef = F7F60D3024E3B27500C694F0 /* Bookworm.xcdatamodeld */; };
		F7F60D3424E3B27500C694F0 /* ContentView.swift in Sources */ = {isa = PBXBuildFile; fileRef = F7F60D3324E3B27500C694F0 /* ContentView.swift */; };
		F7F60D3624E3B27800C694F0 /* Assets.xcassets in Resources */ = {isa = PBXBuildFile; fileRef = F7F60D3524E3B27800C694F0 /* Assets.xcassets */; };
		F7F60D3924E3B27800C694F0 /* Preview Assets.xcassets in Resources */ = {isa = PBXBuildFile; fileRef = F7F60D3824E3B27800C694F0 /* Preview Assets.xcassets */; };
		F7F60D3C24E3B27800C694F0 /* LaunchScreen.storyboard in Resources */ = {isa = PBXBuildFile; fileRef = F7F60D3A24E3B27800C694F0 /* LaunchScreen.storyboard */; };
		F7F60D4424E3B48E00C694F0 /* PushButton.swift in Sources */ = {isa = PBXBuildFile; fileRef = F7F60D4324E3B48E00C694F0 /* PushButton.swift */; };
/* End PBXBuildFile section */

/* Begin PBXFileReference section */
		F73D662724EE310D005D1A00 /* AddBookView.swift */ = {isa = PBXFileReference; lastKnownFileType = sourcecode.swift; path = AddBookView.swift; sourceTree = "<group>"; };
		F73D662924EE35E9005D1A00 /* RatingView.swift */ = {isa = PBXFileReference; lastKnownFileType = sourcecode.swift; path = RatingView.swift; sourceTree = "<group>"; };
		F73D662B24EE376D005D1A00 /* EmojiRatingView.swift */ = {isa = PBXFileReference; lastKnownFileType = sourcecode.swift; path = EmojiRatingView.swift; sourceTree = "<group>"; };
		F79DA66C24F37F37003B2834 /* DetailView.swift */ = {isa = PBXFileReference; lastKnownFileType = sourcecode.swift; path = DetailView.swift; sourceTree = "<group>"; };
		F7F60D2924E3B27500C694F0 /* Bookworm.app */ = {isa = PBXFileReference; explicitFileType = wrapper.application; includeInIndex = 0; path = Bookworm.app; sourceTree = BUILT_PRODUCTS_DIR; };
		F7F60D2C24E3B27500C694F0 /* AppDelegate.swift */ = {isa = PBXFileReference; lastKnownFileType = sourcecode.swift; path = AppDelegate.swift; sourceTree = "<group>"; };
		F7F60D2E24E3B27500C694F0 /* SceneDelegate.swift */ = {isa = PBXFileReference; lastKnownFileType = sourcecode.swift; path = SceneDelegate.swift; sourceTree = "<group>"; };
		F7F60D3124E3B27500C694F0 /* Bookworm.xcdatamodel */ = {isa = PBXFileReference; lastKnownFileType = wrapper.xcdatamodel; path = Bookworm.xcdatamodel; sourceTree = "<group>"; };
		F7F60D3324E3B27500C694F0 /* ContentView.swift */ = {isa = PBXFileReference; lastKnownFileType = sourcecode.swift; path = ContentView.swift; sourceTree = "<group>"; };
		F7F60D3524E3B27800C694F0 /* Assets.xcassets */ = {isa = PBXFileReference; lastKnownFileType = folder.assetcatalog; path = Assets.xcassets; sourceTree = "<group>"; };
		F7F60D3824E3B27800C694F0 /* Preview Assets.xcassets */ = {isa = PBXFileReference; lastKnownFileType = folder.assetcatalog; path = "Preview Assets.xcassets"; sourceTree = "<group>"; };
		F7F60D3B24E3B27800C694F0 /* Base */ = {isa = PBXFileReference; lastKnownFileType = file.storyboard; name = Base; path = Base.lproj/LaunchScreen.storyboard; sourceTree = "<group>"; };
		F7F60D3D24E3B27800C694F0 /* Info.plist */ = {isa = PBXFileReference; lastKnownFileType = text.plist.xml; path = Info.plist; sourceTree = "<group>"; };
		F7F60D4324E3B48E00C694F0 /* PushButton.swift */ = {isa = PBXFileReference; lastKnownFileType = sourcecode.swift; path = PushButton.swift; sourceTree = "<group>"; };
/* End PBXFileReference section */

/* Begin PBXFrameworksBuildPhase section */
		F7F60D2624E3B27500C694F0 /* Frameworks */ = {
			isa = PBXFrameworksBuildPhase;
			buildActionMask = 2147483647;
			files = (
			);
			runOnlyForDeploymentPostprocessing = 0;
		};
/* End PBXFrameworksBuildPhase section */

/* Begin PBXGroup section */
		F7F60D2024E3B27500C694F0 = {
			isa = PBXGroup;
			children = (
				F7F60D2B24E3B27500C694F0 /* Bookworm */,
				F7F60D2A24E3B27500C694F0 /* Products */,
			);
			sourceTree = "<group>";
		};
		F7F60D2A24E3B27500C694F0 /* Products */ = {
			isa = PBXGroup;
			children = (
				F7F60D2924E3B27500C694F0 /* Bookworm.app */,
			);
			name = Products;
			sourceTree = "<group>";
		};
		F7F60D2B24E3B27500C694F0 /* Bookworm */ = {
			isa = PBXGroup;
			children = (
				F7F60D2C24E3B27500C694F0 /* AppDelegate.swift */,
				F7F60D2E24E3B27500C694F0 /* SceneDelegate.swift */,
				F7F60D3324E3B27500C694F0 /* ContentView.swift */,
				F79DA66C24F37F37003B2834 /* DetailView.swift */,
				F73D662924EE35E9005D1A00 /* RatingView.swift */,
				F73D662724EE310D005D1A00 /* AddBookView.swift */,
				F73D662B24EE376D005D1A00 /* EmojiRatingView.swift */,
				F7F60D4324E3B48E00C694F0 /* PushButton.swift */,
				F7F60D3524E3B27800C694F0 /* Assets.xcassets */,
				F7F60D3A24E3B27800C694F0 /* LaunchScreen.storyboard */,
				F7F60D3D24E3B27800C694F0 /* Info.plist */,
				F7F60D3024E3B27500C694F0 /* Bookworm.xcdatamodeld */,
				F7F60D3724E3B27800C694F0 /* Preview Content */,
			);
			path = Bookworm;
			sourceTree = "<group>";
		};
		F7F60D3724E3B27800C694F0 /* Preview Content */ = {
			isa = PBXGroup;
			children = (
				F7F60D3824E3B27800C694F0 /* Preview Assets.xcassets */,
			);
			path = "Preview Content";
			sourceTree = "<group>";
		};
/* End PBXGroup section */

/* Begin PBXNativeTarget section */
		F7F60D2824E3B27500C694F0 /* Bookworm */ = {
			isa = PBXNativeTarget;
			buildConfigurationList = F7F60D4024E3B27800C694F0 /* Build configuration list for PBXNativeTarget "Bookworm" */;
			buildPhases = (
				F7F60D2524E3B27500C694F0 /* Sources */,
				F7F60D2624E3B27500C694F0 /* Frameworks */,
				F7F60D2724E3B27500C694F0 /* Resources */,
			);
			buildRules = (
			);
			dependencies = (
			);
			name = Bookworm;
			productName = Bookworm;
			productReference = F7F60D2924E3B27500C694F0 /* Bookworm.app */;
			productType = "com.apple.product-type.application";
		};
/* End PBXNativeTarget section */

/* Begin PBXProject section */
		F7F60D2124E3B27500C694F0 /* Project object */ = {
			isa = PBXProject;
			attributes = {
				LastSwiftUpdateCheck = 1160;
				LastUpgradeCheck = 1160;
				ORGANIZATIONNAME = "Radu Dan";
				TargetAttributes = {
					F7F60D2824E3B27500C694F0 = {
						CreatedOnToolsVersion = 11.6;
					};
				};
			};
			buildConfigurationList = F7F60D2424E3B27500C694F0 /* Build configuration list for PBXProject "Bookworm" */;
			compatibilityVersion = "Xcode 9.3";
			developmentRegion = en;
			hasScannedForEncodings = 0;
			knownRegions = (
				en,
				Base,
			);
			mainGroup = F7F60D2024E3B27500C694F0;
			productRefGroup = F7F60D2A24E3B27500C694F0 /* Products */;
			projectDirPath = "";
			projectRoot = "";
			targets = (
				F7F60D2824E3B27500C694F0 /* Bookworm */,
			);
		};
/* End PBXProject section */

/* Begin PBXResourcesBuildPhase section */
		F7F60D2724E3B27500C694F0 /* Resources */ = {
			isa = PBXResourcesBuildPhase;
			buildActionMask = 2147483647;
			files = (
				F7F60D3C24E3B27800C694F0 /* LaunchScreen.storyboard in Resources */,
				F7F60D3924E3B27800C694F0 /* Preview Assets.xcassets in Resources */,
				F7F60D3624E3B27800C694F0 /* Assets.xcassets in Resources */,
			);
			runOnlyForDeploymentPostprocessing = 0;
		};
/* End PBXResourcesBuildPhase section */

/* Begin PBXSourcesBuildPhase section */
		F7F60D2524E3B27500C694F0 /* Sources */ = {
			isa = PBXSourcesBuildPhase;
			buildActionMask = 2147483647;
			files = (
				F73D662824EE310D005D1A00 /* AddBookView.swift in Sources */,
				F79DA66D24F37F37003B2834 /* DetailView.swift in Sources */,
				F7F60D2D24E3B27500C694F0 /* AppDelegate.swift in Sources */,
				F7F60D4424E3B48E00C694F0 /* PushButton.swift in Sources */,
				F7F60D3224E3B27500C694F0 /* Bookworm.xcdatamodeld in Sources */,
				F73D662C24EE376D005D1A00 /* EmojiRatingView.swift in Sources */,
				F7F60D3424E3B27500C694F0 /* ContentView.swift in Sources */,
				F7F60D2F24E3B27500C694F0 /* SceneDelegate.swift in Sources */,
				F73D662A24EE35E9005D1A00 /* RatingView.swift in Sources */,
			);
			runOnlyForDeploymentPostprocessing = 0;
		};
/* End PBXSourcesBuildPhase section */

/* Begin PBXVariantGroup section */
		F7F60D3A24E3B27800C694F0 /* LaunchScreen.storyboard */ = {
			isa = PBXVariantGroup;
			children = (
				F7F60D3B24E3B27800C694F0 /* Base */,
			);
			name = LaunchScreen.storyboard;
			sourceTree = "<group>";
		};
/* End PBXVariantGroup section */

/* Begin XCBuildConfiguration section */
		F7F60D3E24E3B27800C694F0 /* Debug */ = {
			isa = XCBuildConfiguration;
			buildSettings = {
				ALWAYS_SEARCH_USER_PATHS = NO;
				CLANG_ANALYZER_NONNULL = YES;
				CLANG_ANALYZER_NUMBER_OBJECT_CONVERSION = YES_AGGRESSIVE;
				CLANG_CXX_LANGUAGE_STANDARD = "gnu++14";
				CLANG_CXX_LIBRARY = "libc++";
				CLANG_ENABLE_MODULES = YES;
				CLANG_ENABLE_OBJC_ARC = YES;
				CLANG_ENABLE_OBJC_WEAK = YES;
				CLANG_WARN_BLOCK_CAPTURE_AUTORELEASING = YES;
				CLANG_WARN_BOOL_CONVERSION = YES;
				CLANG_WARN_COMMA = YES;
				CLANG_WARN_CONSTANT_CONVERSION = YES;
				CLANG_WARN_DEPRECATED_OBJC_IMPLEMENTATIONS = YES;
				CLANG_WARN_DIRECT_OBJC_ISA_USAGE = YES_ERROR;
				CLANG_WARN_DOCUMENTATION_COMMENTS = YES;
				CLANG_WARN_EMPTY_BODY = YES;
				CLANG_WARN_ENUM_CONVERSION = YES;
				CLANG_WARN_INFINITE_RECURSION = YES;
				CLANG_WARN_INT_CONVERSION = YES;
				CLANG_WARN_NON_LITERAL_NULL_CONVERSION = YES;
				CLANG_WARN_OBJC_IMPLICIT_RETAIN_SELF = YES;
				CLANG_WARN_OBJC_LITERAL_CONVERSION = YES;
				CLANG_WARN_OBJC_ROOT_CLASS = YES_ERROR;
				CLANG_WARN_RANGE_LOOP_ANALYSIS = YES;
				CLANG_WARN_STRICT_PROTOTYPES = YES;
				CLANG_WARN_SUSPICIOUS_MOVE = YES;
				CLANG_WARN_UNGUARDED_AVAILABILITY = YES_AGGRESSIVE;
				CLANG_WARN_UNREACHABLE_CODE = YES;
				CLANG_WARN__DUPLICATE_METHOD_MATCH = YES;
				COPY_PHASE_STRIP = NO;
				DEBUG_INFORMATION_FORMAT = dwarf;
				ENABLE_STRICT_OBJC_MSGSEND = YES;
				ENABLE_TESTABILITY = YES;
				GCC_C_LANGUAGE_STANDARD = gnu11;
				GCC_DYNAMIC_NO_PIC = NO;
				GCC_NO_COMMON_BLOCKS = YES;
				GCC_OPTIMIZATION_LEVEL = 0;
				GCC_PREPROCESSOR_DEFINITIONS = (
					"DEBUG=1",
					"$(inherited)",
				);
				GCC_WARN_64_TO_32_BIT_CONVERSION = YES;
				GCC_WARN_ABOUT_RETURN_TYPE = YES_ERROR;
				GCC_WARN_UNDECLARED_SELECTOR = YES;
				GCC_WARN_UNINITIALIZED_AUTOS = YES_AGGRESSIVE;
				GCC_WARN_UNUSED_FUNCTION = YES;
				GCC_WARN_UNUSED_VARIABLE = YES;
				IPHONEOS_DEPLOYMENT_TARGET = 14.0;
				MTL_ENABLE_DEBUG_INFO = INCLUDE_SOURCE;
				MTL_FAST_MATH = YES;
				ONLY_ACTIVE_ARCH = YES;
				SDKROOT = iphoneos;
				SWIFT_ACTIVE_COMPILATION_CONDITIONS = DEBUG;
				SWIFT_OPTIMIZATION_LEVEL = "-Onone";
			};
			name = Debug;
		};
		F7F60D3F24E3B27800C694F0 /* Release */ = {
			isa = XCBuildConfiguration;
			buildSettings = {
				ALWAYS_SEARCH_USER_PATHS = NO;
				CLANG_ANALYZER_NONNULL = YES;
				CLANG_ANALYZER_NUMBER_OBJECT_CONVERSION = YES_AGGRESSIVE;
				CLANG_CXX_LANGUAGE_STANDARD = "gnu++14";
				CLANG_CXX_LIBRARY = "libc++";
				CLANG_ENABLE_MODULES = YES;
				CLANG_ENABLE_OBJC_ARC = YES;
				CLANG_ENABLE_OBJC_WEAK = YES;
				CLANG_WARN_BLOCK_CAPTURE_AUTORELEASING = YES;
				CLANG_WARN_BOOL_CONVERSION = YES;
				CLANG_WARN_COMMA = YES;
				CLANG_WARN_CONSTANT_CONVERSION = YES;
				CLANG_WARN_DEPRECATED_OBJC_IMPLEMENTATIONS = YES;
				CLANG_WARN_DIRECT_OBJC_ISA_USAGE = YES_ERROR;
				CLANG_WARN_DOCUMENTATION_COMMENTS = YES;
				CLANG_WARN_EMPTY_BODY = YES;
				CLANG_WARN_ENUM_CONVERSION = YES;
				CLANG_WARN_INFINITE_RECURSION = YES;
				CLANG_WARN_INT_CONVERSION = YES;
				CLANG_WARN_NON_LITERAL_NULL_CONVERSION = YES;
				CLANG_WARN_OBJC_IMPLICIT_RETAIN_SELF = YES;
				CLANG_WARN_OBJC_LITERAL_CONVERSION = YES;
				CLANG_WARN_OBJC_ROOT_CLASS = YES_ERROR;
				CLANG_WARN_RANGE_LOOP_ANALYSIS = YES;
				CLANG_WARN_STRICT_PROTOTYPES = YES;
				CLANG_WARN_SUSPICIOUS_MOVE = YES;
				CLANG_WARN_UNGUARDED_AVAILABILITY = YES_AGGRESSIVE;
				CLANG_WARN_UNREACHABLE_CODE = YES;
				CLANG_WARN__DUPLICATE_METHOD_MATCH = YES;
				COPY_PHASE_STRIP = NO;
				DEBUG_INFORMATION_FORMAT = "dwarf-with-dsym";
				ENABLE_NS_ASSERTIONS = NO;
				ENABLE_STRICT_OBJC_MSGSEND = YES;
				GCC_C_LANGUAGE_STANDARD = gnu11;
				GCC_NO_COMMON_BLOCKS = YES;
				GCC_WARN_64_TO_32_BIT_CONVERSION = YES;
				GCC_WARN_ABOUT_RETURN_TYPE = YES_ERROR;
				GCC_WARN_UNDECLARED_SELECTOR = YES;
				GCC_WARN_UNINITIALIZED_AUTOS = YES_AGGRESSIVE;
				GCC_WARN_UNUSED_FUNCTION = YES;
				GCC_WARN_UNUSED_VARIABLE = YES;
				IPHONEOS_DEPLOYMENT_TARGET = 14.0;
				MTL_ENABLE_DEBUG_INFO = NO;
				MTL_FAST_MATH = YES;
				SDKROOT = iphoneos;
				SWIFT_COMPILATION_MODE = wholemodule;
				SWIFT_OPTIMIZATION_LEVEL = "-O";
				VALIDATE_PRODUCT = YES;
			};
			name = Release;
		};
		F7F60D4124E3B27800C694F0 /* Debug */ = {
			isa = XCBuildConfiguration;
			buildSettings = {
				ASSETCATALOG_COMPILER_APPICON_NAME = AppIcon;
				CODE_SIGN_STYLE = Automatic;
				DEVELOPMENT_ASSET_PATHS = "\"Bookworm/Preview Content\"";
				DEVELOPMENT_TEAM = 42L6GB6DU6;
				ENABLE_PREVIEWS = YES;
				INFOPLIST_FILE = Bookworm/Info.plist;
				LD_RUNPATH_SEARCH_PATHS = (
					"$(inherited)",
					"@executable_path/Frameworks",
				);
				PRODUCT_BUNDLE_IDENTIFIER = com.rdan.Bookworm;
				PRODUCT_NAME = "$(TARGET_NAME)";
				SWIFT_VERSION = 5.0;
				TARGETED_DEVICE_FAMILY = "1,2";
			};
			name = Debug;
		};
		F7F60D4224E3B27800C694F0 /* Release */ = {
			isa = XCBuildConfiguration;
			buildSettings = {
				ASSETCATALOG_COMPILER_APPICON_NAME = AppIcon;
				CODE_SIGN_STYLE = Automatic;
				DEVELOPMENT_ASSET_PATHS = "\"Bookworm/Preview Content\"";
				DEVELOPMENT_TEAM = 42L6GB6DU6;
				ENABLE_PREVIEWS = YES;
				INFOPLIST_FILE = Bookworm/Info.plist;
				LD_RUNPATH_SEARCH_PATHS = (
					"$(inherited)",
					"@executable_path/Frameworks",
				);
				PRODUCT_BUNDLE_IDENTIFIER = com.rdan.Bookworm;
				PRODUCT_NAME = "$(TARGET_NAME)";
				SWIFT_VERSION = 5.0;
				TARGETED_DEVICE_FAMILY = "1,2";
			};
			name = Release;
		};
/* End XCBuildConfiguration section */

/* Begin XCConfigurationList section */
		F7F60D2424E3B27500C694F0 /* Build configuration list for PBXProject "Bookworm" */ = {
			isa = XCConfigurationList;
			buildConfigurations = (
				F7F60D3E24E3B27800C694F0 /* Debug */,
				F7F60D3F24E3B27800C694F0 /* Release */,
			);
			defaultConfigurationIsVisible = 0;
			defaultConfigurationName = Release;
		};
		F7F60D4024E3B27800C694F0 /* Build configuration list for PBXNativeTarget "Bookworm" */ = {
			isa = XCConfigurationList;
			buildConfigurations = (
				F7F60D4124E3B27800C694F0 /* Debug */,
				F7F60D4224E3B27800C694F0 /* Release */,
			);
			defaultConfigurationIsVisible = 0;
			defaultConfigurationName = Release;
		};
/* End XCConfigurationList section */

/* Begin XCVersionGroup section */
		F7F60D3024E3B27500C694F0 /* Bookworm.xcdatamodeld */ = {
			isa = XCVersionGroup;
			children = (
				F7F60D3124E3B27500C694F0 /* Bookworm.xcdatamodel */,
			);
			currentVersion = F7F60D3124E3B27500C694F0 /* Bookworm.xcdatamodel */;
			path = Bookworm.xcdatamodeld;
			sourceTree = "<group>";
			versionGroupType = wrapper.xcdatamodel;
		};
/* End XCVersionGroup section */
	};
	rootObject = F7F60D2124E3B27500C694F0 /* Project object */;
}
