// !$*UTF8*$!
{
	archiveVersion = 1;
	classes = {
	};
	objectVersion = 50;
	objects = {

/* Begin PBXBuildFile section */
		F7EDEE7F247B9FE600266F1F /* AppDelegate.swift in Sources */ = {isa = PBXBuildFile; fileRef = F7EDEE7E247B9FE600266F1F /* AppDelegate.swift */; };
		F7EDEE81247B9FE600266F1F /* SceneDelegate.swift in Sources */ = {isa = PBXBuildFile; fileRef = F7EDEE80247B9FE600266F1F /* SceneDelegate.swift */; };
		F7EDEE83247B9FE600266F1F /* ContentView.swift in Sources */ = {isa = PBXBuildFile; fileRef = F7EDEE82247B9FE600266F1F /* ContentView.swift */; };
		F7EDEE85247B9FE700266F1F /* Assets.xcassets in Resources */ = {isa = PBXBuildFile; fileRef = F7EDEE84247B9FE700266F1F /* Assets.xcassets */; };
		F7EDEE88247B9FE700266F1F /* Preview Assets.xcassets in Resources */ = {isa = PBXBuildFile; fileRef = F7EDEE87247B9FE700266F1F /* Preview Assets.xcassets */; };
		F7EDEE8B247B9FE700266F1F /* LaunchScreen.storyboard in Resources */ = {isa = PBXBuildFile; fileRef = F7EDEE89247B9FE700266F1F /* LaunchScreen.storyboard */; };
/* End PBXBuildFile section */

/* Begin PBXFileReference section */
		F7EDEE7B247B9FE600266F1F /* SwiftUI26.app */ = {isa = PBXFileReference; explicitFileType = wrapper.application; includeInIndex = 0; path = SwiftUI26.app; sourceTree = BUILT_PRODUCTS_DIR; };
		F7EDEE7E247B9FE600266F1F /* AppDelegate.swift */ = {isa = PBXFileReference; lastKnownFileType = sourcecode.swift; path = AppDelegate.swift; sourceTree = "<group>"; };
		F7EDEE80247B9FE600266F1F /* SceneDelegate.swift */ = {isa = PBXFileReference; lastKnownFileType = sourcecode.swift; path = SceneDelegate.swift; sourceTree = "<group>"; };
		F7EDEE82247B9FE600266F1F /* ContentView.swift */ = {isa = PBXFileReference; lastKnownFileType = sourcecode.swift; path = ContentView.swift; sourceTree = "<group>"; };
		F7EDEE84247B9FE700266F1F /* Assets.xcassets */ = {isa = PBXFileReference; lastKnownFileType = folder.assetcatalog; path = Assets.xcassets; sourceTree = "<group>"; };
		F7EDEE87247B9FE700266F1F /* Preview Assets.xcassets */ = {isa = PBXFileReference; lastKnownFileType = folder.assetcatalog; path = "Preview Assets.xcassets"; sourceTree = "<group>"; };
		F7EDEE8A247B9FE700266F1F /* Base */ = {isa = PBXFileReference; lastKnownFileType = file.storyboard; name = Base; path = Base.lproj/LaunchScreen.storyboard; sourceTree = "<group>"; };
		F7EDEE8C247B9FE700266F1F /* Info.plist */ = {isa = PBXFileReference; lastKnownFileType = text.plist.xml; path = Info.plist; sourceTree = "<group>"; };
/* End PBXFileReference section */

/* Begin PBXFrameworksBuildPhase section */
		F7EDEE78247B9FE600266F1F /* Frameworks */ = {
			isa = PBXFrameworksBuildPhase;
			buildActionMask = 2147483647;
			files = (
			);
			runOnlyForDeploymentPostprocessing = 0;
		};
/* End PBXFrameworksBuildPhase section */

/* Begin PBXGroup section */
		F7EDEE72247B9FE600266F1F = {
			isa = PBXGroup;
			children = (
				F7EDEE7D247B9FE600266F1F /* SwiftUI26 */,
				F7EDEE7C247B9FE600266F1F /* Products */,
			);
			sourceTree = "<group>";
		};
		F7EDEE7C247B9FE600266F1F /* Products */ = {
			isa = PBXGroup;
			children = (
				F7EDEE7B247B9FE600266F1F /* SwiftUI26.app */,
			);
			name = Products;
			sourceTree = "<group>";
		};
		F7EDEE7D247B9FE600266F1F /* SwiftUI26 */ = {
			isa = PBXGroup;
			children = (
				F7EDEE7E247B9FE600266F1F /* AppDelegate.swift */,
				F7EDEE80247B9FE600266F1F /* SceneDelegate.swift */,
				F7EDEE82247B9FE600266F1F /* ContentView.swift */,
				F7EDEE84247B9FE700266F1F /* Assets.xcassets */,
				F7EDEE89247B9FE700266F1F /* LaunchScreen.storyboard */,
				F7EDEE8C247B9FE700266F1F /* Info.plist */,
				F7EDEE86247B9FE700266F1F /* Preview Content */,
			);
			path = SwiftUI26;
			sourceTree = "<group>";
		};
		F7EDEE86247B9FE700266F1F /* Preview Content */ = {
			isa = PBXGroup;
			children = (
				F7EDEE87247B9FE700266F1F /* Preview Assets.xcassets */,
			);
			path = "Preview Content";
			sourceTree = "<group>";
		};
/* End PBXGroup section */

/* Begin PBXNativeTarget section */
		F7EDEE7A247B9FE600266F1F /* SwiftUI26 */ = {
			isa = PBXNativeTarget;
			buildConfigurationList = F7EDEE8F247B9FE700266F1F /* Build configuration list for PBXNativeTarget "SwiftUI26" */;
			buildPhases = (
				F7EDEE77247B9FE600266F1F /* Sources */,
				F7EDEE78247B9FE600266F1F /* Frameworks */,
				F7EDEE79247B9FE600266F1F /* Resources */,
			);
			buildRules = (
			);
			dependencies = (
			);
			name = SwiftUI26;
			productName = SwiftUI26;
			productReference = F7EDEE7B247B9FE600266F1F /* SwiftUI26.app */;
			productType = "com.apple.product-type.application";
		};
/* End PBXNativeTarget section */

/* Begin PBXProject section */
		F7EDEE73247B9FE600266F1F /* Project object */ = {
			isa = PBXProject;
			attributes = {
				LastSwiftUpdateCheck = 1150;
				LastUpgradeCheck = 1150;
				ORGANIZATIONNAME = "Radu Dan";
				TargetAttributes = {
					F7EDEE7A247B9FE600266F1F = {
						CreatedOnToolsVersion = 11.5;
					};
				};
			};
			buildConfigurationList = F7EDEE76247B9FE600266F1F /* Build configuration list for PBXProject "SwiftUI26" */;
			compatibilityVersion = "Xcode 9.3";
			developmentRegion = en;
			hasScannedForEncodings = 0;
			knownRegions = (
				en,
				Base,
			);
			mainGroup = F7EDEE72247B9FE600266F1F;
			productRefGroup = F7EDEE7C247B9FE600266F1F /* Products */;
			projectDirPath = "";
			projectRoot = "";
			targets = (
				F7EDEE7A247B9FE600266F1F /* SwiftUI26 */,
			);
		};
/* End PBXProject section */

/* Begin PBXResourcesBuildPhase section */
		F7EDEE79247B9FE600266F1F /* Resources */ = {
			isa = PBXResourcesBuildPhase;
			buildActionMask = 2147483647;
			files = (
				F7EDEE8B247B9FE700266F1F /* LaunchScreen.storyboard in Resources */,
				F7EDEE88247B9FE700266F1F /* Preview Assets.xcassets in Resources */,
				F7EDEE85247B9FE700266F1F /* Assets.xcassets in Resources */,
			);
			runOnlyForDeploymentPostprocessing = 0;
		};
/* End PBXResourcesBuildPhase section */

/* Begin PBXSourcesBuildPhase section */
		F7EDEE77247B9FE600266F1F /* Sources */ = {
			isa = PBXSourcesBuildPhase;
			buildActionMask = 2147483647;
			files = (
				F7EDEE7F247B9FE600266F1F /* AppDelegate.swift in Sources */,
				F7EDEE81247B9FE600266F1F /* SceneDelegate.swift in Sources */,
				F7EDEE83247B9FE600266F1F /* ContentView.swift in Sources */,
			);
			runOnlyForDeploymentPostprocessing = 0;
		};
/* End PBXSourcesBuildPhase section */

/* Begin PBXVariantGroup section */
		F7EDEE89247B9FE700266F1F /* LaunchScreen.storyboard */ = {
			isa = PBXVariantGroup;
			children = (
				F7EDEE8A247B9FE700266F1F /* Base */,
			);
			name = LaunchScreen.storyboard;
			sourceTree = "<group>";
		};
/* End PBXVariantGroup section */

/* Begin XCBuildConfiguration section */
		F7EDEE8D247B9FE700266F1F /* Debug */ = {
			isa = XCBuildConfiguration;
			buildSettings = {
				ALWAYS_SEARCH_USER_PATHS = NO;
				CLANG_ANALYZER_NONNULL = YES;
				CLANG_ANALYZER_NUMBER_OBJECT_CONVERSION = YES_AGGRESSIVE;
				CLANG_CXX_LANGUAGE_STANDARD = "gnu++14";
				CLANG_CXX_LIBRARY = "libc++";
				CLANG_ENABLE_MODULES = YES;
				CLANG_ENABLE_OBJC_ARC = YES;
				CLANG_ENABLE_OBJC_WEAK = YES;
				CLANG_WARN_BLOCK_CAPTURE_AUTORELEASING = YES;
				CLANG_WARN_BOOL_CONVERSION = YES;
				CLANG_WARN_COMMA = YES;
				CLANG_WARN_CONSTANT_CONVERSION = YES;
				CLANG_WARN_DEPRECATED_OBJC_IMPLEMENTATIONS = YES;
				CLANG_WARN_DIRECT_OBJC_ISA_USAGE = YES_ERROR;
				CLANG_WARN_DOCUMENTATION_COMMENTS = YES;
				CLANG_WARN_EMPTY_BODY = YES;
				CLANG_WARN_ENUM_CONVERSION = YES;
				CLANG_WARN_INFINITE_RECURSION = YES;
				CLANG_WARN_INT_CONVERSION = YES;
				CLANG_WARN_NON_LITERAL_NULL_CONVERSION = YES;
				CLANG_WARN_OBJC_IMPLICIT_RETAIN_SELF = YES;
				CLANG_WARN_OBJC_LITERAL_CONVERSION = YES;
				CLANG_WARN_OBJC_ROOT_CLASS = YES_ERROR;
				CLANG_WARN_RANGE_LOOP_ANALYSIS = YES;
				CLANG_WARN_STRICT_PROTOTYPES = YES;
				CLANG_WARN_SUSPICIOUS_MOVE = YES;
				CLANG_WARN_UNGUARDED_AVAILABILITY = YES_AGGRESSIVE;
				CLANG_WARN_UNREACHABLE_CODE = YES;
				CLANG_WARN__DUPLICATE_METHOD_MATCH = YES;
				COPY_PHASE_STRIP = NO;
				DEBUG_INFORMATION_FORMAT = dwarf;
				ENABLE_STRICT_OBJC_MSGSEND = YES;
				ENABLE_TESTABILITY = YES;
				GCC_C_LANGUAGE_STANDARD = gnu11;
				GCC_DYNAMIC_NO_PIC = NO;
				GCC_NO_COMMON_BLOCKS = YES;
				GCC_OPTIMIZATION_LEVEL = 0;
				GCC_PREPROCESSOR_DEFINITIONS = (
					"DEBUG=1",
					"$(inherited)",
				);
				GCC_WARN_64_TO_32_BIT_CONVERSION = YES;
				GCC_WARN_ABOUT_RETURN_TYPE = YES_ERROR;
				GCC_WARN_UNDECLARED_SELECTOR = YES;
				GCC_WARN_UNINITIALIZED_AUTOS = YES_AGGRESSIVE;
				GCC_WARN_UNUSED_FUNCTION = YES;
				GCC_WARN_UNUSED_VARIABLE = YES;
				IPHONEOS_DEPLOYMENT_TARGET = 13.5;
				MTL_ENABLE_DEBUG_INFO = INCLUDE_SOURCE;
				MTL_FAST_MATH = YES;
				ONLY_ACTIVE_ARCH = YES;
				SDKROOT = iphoneos;
				SWIFT_ACTIVE_COMPILATION_CONDITIONS = DEBUG;
				SWIFT_OPTIMIZATION_LEVEL = "-Onone";
			};
			name = Debug;
		};
		F7EDEE8E247B9FE700266F1F /* Release */ = {
			isa = XCBuildConfiguration;
			buildSettings = {
				ALWAYS_SEARCH_USER_PATHS = NO;
				CLANG_ANALYZER_NONNULL = YES;
				CLANG_ANALYZER_NUMBER_OBJECT_CONVERSION = YES_AGGRESSIVE;
				CLANG_CXX_LANGUAGE_STANDARD = "gnu++14";
				CLANG_CXX_LIBRARY = "libc++";
				CLANG_ENABLE_MODULES = YES;
				CLANG_ENABLE_OBJC_ARC = YES;
				CLANG_ENABLE_OBJC_WEAK = YES;
				CLANG_WARN_BLOCK_CAPTURE_AUTORELEASING = YES;
				CLANG_WARN_BOOL_CONVERSION = YES;
				CLANG_WARN_COMMA = YES;
				CLANG_WARN_CONSTANT_CONVERSION = YES;
				CLANG_WARN_DEPRECATED_OBJC_IMPLEMENTATIONS = YES;
				CLANG_WARN_DIRECT_OBJC_ISA_USAGE = YES_ERROR;
				CLANG_WARN_DOCUMENTATION_COMMENTS = YES;
				CLANG_WARN_EMPTY_BODY = YES;
				CLANG_WARN_ENUM_CONVERSION = YES;
				CLANG_WARN_INFINITE_RECURSION = YES;
				CLANG_WARN_INT_CONVERSION = YES;
				CLANG_WARN_NON_LITERAL_NULL_CONVERSION = YES;
				CLANG_WARN_OBJC_IMPLICIT_RETAIN_SELF = YES;
				CLANG_WARN_OBJC_LITERAL_CONVERSION = YES;
				CLANG_WARN_OBJC_ROOT_CLASS = YES_ERROR;
				CLANG_WARN_RANGE_LOOP_ANALYSIS = YES;
				CLANG_WARN_STRICT_PROTOTYPES = YES;
				CLANG_WARN_SUSPICIOUS_MOVE = YES;
				CLANG_WARN_UNGUARDED_AVAILABILITY = YES_AGGRESSIVE;
				CLANG_WARN_UNREACHABLE_CODE = YES;
				CLANG_WARN__DUPLICATE_METHOD_MATCH = YES;
				COPY_PHASE_STRIP = NO;
				DEBUG_INFORMATION_FORMAT = "dwarf-with-dsym";
				ENABLE_NS_ASSERTIONS = NO;
				ENABLE_STRICT_OBJC_MSGSEND = YES;
				GCC_C_LANGUAGE_STANDARD = gnu11;
				GCC_NO_COMMON_BLOCKS = YES;
				GCC_WARN_64_TO_32_BIT_CONVERSION = YES;
				GCC_WARN_ABOUT_RETURN_TYPE = YES_ERROR;
				GCC_WARN_UNDECLARED_SELECTOR = YES;
				GCC_WARN_UNINITIALIZED_AUTOS = YES_AGGRESSIVE;
				GCC_WARN_UNUSED_FUNCTION = YES;
				GCC_WARN_UNUSED_VARIABLE = YES;
				IPHONEOS_DEPLOYMENT_TARGET = 13.5;
				MTL_ENABLE_DEBUG_INFO = NO;
				MTL_FAST_MATH = YES;
				SDKROOT = iphoneos;
				SWIFT_COMPILATION_MODE = wholemodule;
				SWIFT_OPTIMIZATION_LEVEL = "-O";
				VALIDATE_PRODUCT = YES;
			};
			name = Release;
		};
		F7EDEE90247B9FE700266F1F /* Debug */ = {
			isa = XCBuildConfiguration;
			buildSettings = {
				ASSETCATALOG_COMPILER_APPICON_NAME = AppIcon;
				CODE_SIGN_STYLE = Automatic;
				DEVELOPMENT_ASSET_PATHS = "\"SwiftUI26/Preview Content\"";
				ENABLE_PREVIEWS = YES;
				INFOPLIST_FILE = SwiftUI26/Info.plist;
				LD_RUNPATH_SEARCH_PATHS = (
					"$(inherited)",
					"@executable_path/Frameworks",
				);
				PRODUCT_BUNDLE_IDENTIFIER = com.rdan.SwiftUI26;
				PRODUCT_NAME = "$(TARGET_NAME)";
				SWIFT_VERSION = 5.0;
				TARGETED_DEVICE_FAMILY = "1,2";
			};
			name = Debug;
		};
		F7EDEE91247B9FE700266F1F /* Release */ = {
			isa = XCBuildConfiguration;
			buildSettings = {
				ASSETCATALOG_COMPILER_APPICON_NAME = AppIcon;
				CODE_SIGN_STYLE = Automatic;
				DEVELOPMENT_ASSET_PATHS = "\"SwiftUI26/Preview Content\"";
				ENABLE_PREVIEWS = YES;
				INFOPLIST_FILE = SwiftUI26/Info.plist;
				LD_RUNPATH_SEARCH_PATHS = (
					"$(inherited)",
					"@executable_path/Frameworks",
				);
				PRODUCT_BUNDLE_IDENTIFIER = com.rdan.SwiftUI26;
				PRODUCT_NAME = "$(TARGET_NAME)";
				SWIFT_VERSION = 5.0;
				TARGETED_DEVICE_FAMILY = "1,2";
			};
			name = Release;
		};
/* End XCBuildConfiguration section */

/* Begin XCConfigurationList section */
		F7EDEE76247B9FE600266F1F /* Build configuration list for PBXProject "SwiftUI26" */ = {
			isa = XCConfigurationList;
			buildConfigurations = (
				F7EDEE8D247B9FE700266F1F /* Debug */,
				F7EDEE8E247B9FE700266F1F /* Release */,
			);
			defaultConfigurationIsVisible = 0;
			defaultConfigurationName = Release;
		};
		F7EDEE8F247B9FE700266F1F /* Build configuration list for PBXNativeTarget "SwiftUI26" */ = {
			isa = XCConfigurationList;
			buildConfigurations = (
				F7EDEE90247B9FE700266F1F /* Debug */,
				F7EDEE91247B9FE700266F1F /* Release */,
			);
			defaultConfigurationIsVisible = 0;
			defaultConfigurationName = Release;
		};
/* End XCConfigurationList section */
	};
	rootObject = F7EDEE73247B9FE600266F1F /* Project object */;
}
